
Microsoft Visual Studio Solution File, Format Version 12.00
# Visual Studio 2013
VisualStudioVersion = 12.0.30723.0
MinimumVisualStudioVersion = 10.0.40219.1
Project("{FAE04EC0-301F-11D3-BF4B-00C04F79EFBC}") = "Testbed MonoGame", "Samples\Testbed MonoGame\Testbed MonoGame.csproj", "{360EB797-331E-4A3E-9168-4CE3B260F13E}"
EndProject
Project("{FAE04EC0-301F-11D3-BF4B-00C04F79EFBC}") = "DebugView MonoGame", "DebugViews\DebugView MonoGame\DebugView MonoGame.csproj", "{566F1803-90B5-4947-8730-57F092FBB002}"
EndProject
Project("{FAE04EC0-301F-11D3-BF4B-00C04F79EFBC}") = "Samples MonoGame", "Samples\Samples MonoGame\Samples MonoGame.csproj", "{2ACA1733-86AF-404D-B8DB-333990D68DCE}"
EndProject
Project("{FAE04EC0-301F-11D3-BF4B-00C04F79EFBC}") = "Farseer Physics MonoGame", "SourceFiles\Farseer Physics MonoGame.csproj", "{0AAD36E3-51A5-4A07-AB60-5C8A66BD38B7}"
EndProject
Project("{2150E333-8FDC-42A3-9474-1A3956D46DE8}") = "Silverlight", "Silverlight", "{B5823B77-2427-4244-86B2-85BEA6C50FDC}"
EndProject
Project("{2150E333-8FDC-42A3-9474-1A3956D46DE8}") = "MonoGame", "MonoGame", "{66E78A89-A907-4F4D-9C40-5217C3C81097}"
EndProject
Project("{FAE04EC0-301F-11D3-BF4B-00C04F79EFBC}") = "Farseer Physics", "SourceFiles\Farseer Physics.csproj", "{A4610E4C-DD34-428B-BABB-779CA0B5993A}"
EndProject
Project("{FAE04EC0-301F-11D3-BF4B-00C04F79EFBC}") = "Farseer Physics Silverlight", "SourceFiles\Farseer Physics Silverlight.csproj", "{786DC838-D746-4107-93FF-19A902A78CFC}"
EndProject
Project("{FAE04EC0-301F-11D3-BF4B-00C04F79EFBC}") = "Samples Silverlight", "Samples\Samples Silverlight\Samples Silverlight.csproj", "{77CA64E6-113F-4AB1-B8CF-B213343BD0DB}"
EndProject
Project("{FAE04EC0-301F-11D3-BF4B-00C04F79EFBC}") = "DebugView Silverlight", "DebugViews\DebugView Silverlight\DebugView Silverlight.csproj", "{98EF2E0C-FE42-4B61-8F9D-214437C05A5D}"
EndProject
Global
	GlobalSection(TeamFoundationVersionControl) = preSolution
		SccNumberOfProjects = 9
		SccEnterpriseProvider = {4CA58AB2-18FA-4F8D-95D4-32DDF27D184C}
		SccTeamFoundationServer = https://tfs.codeplex.com/tfs/tfs01
		SccLocalPath0 = .
		SccProjectUniqueName1 = SourceFiles\\Farseer\u0020Physics\u0020MonoGame.csproj
		SccProjectTopLevelParentUniqueName1 = Farseer\u0020Physics\u0020Engine.sln
		SccProjectName1 = SourceFiles
		SccLocalPath1 = SourceFiles
		SccProjectUniqueName2 = SourceFiles\\Farseer\u0020Physics.csproj
		SccProjectName2 = SourceFiles
		SccLocalPath2 = SourceFiles
		SccProjectUniqueName3 = SourceFiles\\Farseer\u0020Physics\u0020Silverlight.csproj
		SccProjectTopLevelParentUniqueName3 = Farseer\u0020Physics\u0020Engine.sln
		SccProjectName3 = SourceFiles
		SccLocalPath3 = SourceFiles
		SccProjectUniqueName4 = Samples\\Samples\u0020Silverlight\\Samples\u0020Silverlight.csproj
		SccProjectTopLevelParentUniqueName4 = Farseer\u0020Physics\u0020Engine.sln
		SccProjectName4 = Samples/Samples\u0020Silverlight
		SccLocalPath4 = Samples\\Samples\u0020Silverlight
		SccProjectUniqueName5 = DebugViews\\DebugView\u0020Silverlight\\DebugView\u0020Silverlight.csproj
		SccProjectTopLevelParentUniqueName5 = Farseer\u0020Physics\u0020Engine.sln
		SccProjectName5 = DebugViews/DebugView\u0020Silverlight
		SccLocalPath5 = DebugViews\\DebugView\u0020Silverlight
		SccProjectUniqueName6 = Samples\\Samples\u0020MonoGame\\Samples\u0020MonoGame.csproj
		SccProjectTopLevelParentUniqueName6 = Farseer\u0020Physics\u0020Engine.sln
		SccProjectName6 = Samples/Samples\u0020MonoGame
		SccLocalPath6 = Samples\\Samples\u0020MonoGame
		SccProjectUniqueName7 = Samples\\Testbed\u0020MonoGame\\Testbed\u0020MonoGame.csproj
		SccProjectTopLevelParentUniqueName7 = Farseer\u0020Physics\u0020Engine.sln
		SccProjectName7 = Samples/Testbed\u0020MonoGame
		SccLocalPath7 = Samples\\Testbed\u0020MonoGame
		SccProjectUniqueName8 = DebugViews\\DebugView\u0020MonoGame\\DebugView\u0020MonoGame.csproj
		SccProjectTopLevelParentUniqueName8 = Farseer\u0020Physics\u0020Engine.sln
		SccProjectName8 = DebugViews/DebugView\u0020MonoGame
		SccLocalPath8 = DebugViews\\DebugView\u0020MonoGame
	EndGlobalSection
	GlobalSection(SolutionConfigurationPlatforms) = preSolution
		Android|Any CPU = Android|Any CPU
		Android|Mixed Platforms = Android|Mixed Platforms
		Android|Windows Phone = Android|Windows Phone
		Android|x86 = Android|x86
		Android|Xbox 360 = Android|Xbox 360
		Debug|Any CPU = Debug|Any CPU
		Debug|Mixed Platforms = Debug|Mixed Platforms
		Debug|Windows Phone = Debug|Windows Phone
		Debug|x86 = Debug|x86
		Debug|Xbox 360 = Debug|Xbox 360
		iOS|Any CPU = iOS|Any CPU
		iOS|Mixed Platforms = iOS|Mixed Platforms
		iOS|Windows Phone = iOS|Windows Phone
		iOS|x86 = iOS|x86
		iOS|Xbox 360 = iOS|Xbox 360
		Linux|Any CPU = Linux|Any CPU
		Linux|Mixed Platforms = Linux|Mixed Platforms
		Linux|Windows Phone = Linux|Windows Phone
		Linux|x86 = Linux|x86
		Linux|Xbox 360 = Linux|Xbox 360
		OSX|Any CPU = OSX|Any CPU
		OSX|Mixed Platforms = OSX|Mixed Platforms
		OSX|Windows Phone = OSX|Windows Phone
		OSX|x86 = OSX|x86
		OSX|Xbox 360 = OSX|Xbox 360
		PSM|Any CPU = PSM|Any CPU
		PSM|Mixed Platforms = PSM|Mixed Platforms
		PSM|Windows Phone = PSM|Windows Phone
		PSM|x86 = PSM|x86
		PSM|Xbox 360 = PSM|Xbox 360
		Release|Any CPU = Release|Any CPU
		Release|Mixed Platforms = Release|Mixed Platforms
		Release|Windows Phone = Release|Windows Phone
		Release|x86 = Release|x86
		Release|Xbox 360 = Release|Xbox 360
		Windows|Any CPU = Windows|Any CPU
		Windows|Mixed Platforms = Windows|Mixed Platforms
		Windows|Windows Phone = Windows|Windows Phone
		Windows|x86 = Windows|x86
		Windows|Xbox 360 = Windows|Xbox 360
		Windows8|Any CPU = Windows8|Any CPU
		Windows8|Mixed Platforms = Windows8|Mixed Platforms
		Windows8|Windows Phone = Windows8|Windows Phone
		Windows8|x86 = Windows8|x86
		Windows8|Xbox 360 = Windows8|Xbox 360
	EndGlobalSection
	GlobalSection(ProjectConfigurationPlatforms) = postSolution
		{360EB797-331E-4A3E-9168-4CE3B260F13E}.Android|Any CPU.ActiveCfg = Release|x86
		{360EB797-331E-4A3E-9168-4CE3B260F13E}.Android|Mixed Platforms.ActiveCfg = Release|x86
		{360EB797-331E-4A3E-9168-4CE3B260F13E}.Android|Mixed Platforms.Build.0 = Release|x86
		{360EB797-331E-4A3E-9168-4CE3B260F13E}.Android|Windows Phone.ActiveCfg = Release|x86
		{360EB797-331E-4A3E-9168-4CE3B260F13E}.Android|x86.ActiveCfg = Release|x86
		{360EB797-331E-4A3E-9168-4CE3B260F13E}.Android|x86.Build.0 = Release|x86
		{360EB797-331E-4A3E-9168-4CE3B260F13E}.Android|Xbox 360.ActiveCfg = Release|x86
		{360EB797-331E-4A3E-9168-4CE3B260F13E}.Debug|Any CPU.ActiveCfg = Debug|x86
		{360EB797-331E-4A3E-9168-4CE3B260F13E}.Debug|Any CPU.Build.0 = Debug|x86
		{360EB797-331E-4A3E-9168-4CE3B260F13E}.Debug|Mixed Platforms.ActiveCfg = Debug|x86
		{360EB797-331E-4A3E-9168-4CE3B260F13E}.Debug|Mixed Platforms.Build.0 = Debug|x86
		{360EB797-331E-4A3E-9168-4CE3B260F13E}.Debug|Windows Phone.ActiveCfg = Debug|x86
		{360EB797-331E-4A3E-9168-4CE3B260F13E}.Debug|x86.ActiveCfg = Debug|x86
		{360EB797-331E-4A3E-9168-4CE3B260F13E}.Debug|x86.Build.0 = Debug|x86
		{360EB797-331E-4A3E-9168-4CE3B260F13E}.Debug|Xbox 360.ActiveCfg = Debug|x86
		{360EB797-331E-4A3E-9168-4CE3B260F13E}.iOS|Any CPU.ActiveCfg = Release|x86
		{360EB797-331E-4A3E-9168-4CE3B260F13E}.iOS|Mixed Platforms.ActiveCfg = Release|x86
		{360EB797-331E-4A3E-9168-4CE3B260F13E}.iOS|Mixed Platforms.Build.0 = Release|x86
		{360EB797-331E-4A3E-9168-4CE3B260F13E}.iOS|Windows Phone.ActiveCfg = Release|x86
		{360EB797-331E-4A3E-9168-4CE3B260F13E}.iOS|x86.ActiveCfg = Release|x86
		{360EB797-331E-4A3E-9168-4CE3B260F13E}.iOS|x86.Build.0 = Release|x86
		{360EB797-331E-4A3E-9168-4CE3B260F13E}.iOS|Xbox 360.ActiveCfg = Release|x86
		{360EB797-331E-4A3E-9168-4CE3B260F13E}.Linux|Any CPU.ActiveCfg = Release|x86
		{360EB797-331E-4A3E-9168-4CE3B260F13E}.Linux|Mixed Platforms.ActiveCfg = Release|x86
		{360EB797-331E-4A3E-9168-4CE3B260F13E}.Linux|Mixed Platforms.Build.0 = Release|x86
		{360EB797-331E-4A3E-9168-4CE3B260F13E}.Linux|Windows Phone.ActiveCfg = Release|x86
		{360EB797-331E-4A3E-9168-4CE3B260F13E}.Linux|x86.ActiveCfg = Release|x86
		{360EB797-331E-4A3E-9168-4CE3B260F13E}.Linux|x86.Build.0 = Release|x86
		{360EB797-331E-4A3E-9168-4CE3B260F13E}.Linux|Xbox 360.ActiveCfg = Release|x86
		{360EB797-331E-4A3E-9168-4CE3B260F13E}.OSX|Any CPU.ActiveCfg = Release|x86
		{360EB797-331E-4A3E-9168-4CE3B260F13E}.OSX|Mixed Platforms.ActiveCfg = Release|x86
		{360EB797-331E-4A3E-9168-4CE3B260F13E}.OSX|Mixed Platforms.Build.0 = Release|x86
		{360EB797-331E-4A3E-9168-4CE3B260F13E}.OSX|Windows Phone.ActiveCfg = Release|x86
		{360EB797-331E-4A3E-9168-4CE3B260F13E}.OSX|x86.ActiveCfg = Release|x86
		{360EB797-331E-4A3E-9168-4CE3B260F13E}.OSX|x86.Build.0 = Release|x86
		{360EB797-331E-4A3E-9168-4CE3B260F13E}.OSX|Xbox 360.ActiveCfg = Release|x86
		{360EB797-331E-4A3E-9168-4CE3B260F13E}.PSM|Any CPU.ActiveCfg = Release|x86
		{360EB797-331E-4A3E-9168-4CE3B260F13E}.PSM|Mixed Platforms.ActiveCfg = Release|x86
		{360EB797-331E-4A3E-9168-4CE3B260F13E}.PSM|Mixed Platforms.Build.0 = Release|x86
		{360EB797-331E-4A3E-9168-4CE3B260F13E}.PSM|Windows Phone.ActiveCfg = Release|x86
		{360EB797-331E-4A3E-9168-4CE3B260F13E}.PSM|x86.ActiveCfg = Release|x86
		{360EB797-331E-4A3E-9168-4CE3B260F13E}.PSM|x86.Build.0 = Release|x86
		{360EB797-331E-4A3E-9168-4CE3B260F13E}.PSM|Xbox 360.ActiveCfg = Release|x86
		{360EB797-331E-4A3E-9168-4CE3B260F13E}.Release|Any CPU.ActiveCfg = Release|x86
		{360EB797-331E-4A3E-9168-4CE3B260F13E}.Release|Mixed Platforms.ActiveCfg = Release|x86
		{360EB797-331E-4A3E-9168-4CE3B260F13E}.Release|Mixed Platforms.Build.0 = Release|x86
		{360EB797-331E-4A3E-9168-4CE3B260F13E}.Release|Windows Phone.ActiveCfg = Release|x86
		{360EB797-331E-4A3E-9168-4CE3B260F13E}.Release|x86.ActiveCfg = Release|x86
		{360EB797-331E-4A3E-9168-4CE3B260F13E}.Release|x86.Build.0 = Release|x86
		{360EB797-331E-4A3E-9168-4CE3B260F13E}.Release|Xbox 360.ActiveCfg = Release|x86
		{360EB797-331E-4A3E-9168-4CE3B260F13E}.Windows|Any CPU.ActiveCfg = Release|x86
		{360EB797-331E-4A3E-9168-4CE3B260F13E}.Windows|Mixed Platforms.ActiveCfg = Release|x86
		{360EB797-331E-4A3E-9168-4CE3B260F13E}.Windows|Mixed Platforms.Build.0 = Release|x86
		{360EB797-331E-4A3E-9168-4CE3B260F13E}.Windows|Windows Phone.ActiveCfg = Release|x86
		{360EB797-331E-4A3E-9168-4CE3B260F13E}.Windows|x86.ActiveCfg = Release|x86
		{360EB797-331E-4A3E-9168-4CE3B260F13E}.Windows|x86.Build.0 = Release|x86
		{360EB797-331E-4A3E-9168-4CE3B260F13E}.Windows|Xbox 360.ActiveCfg = Release|x86
		{360EB797-331E-4A3E-9168-4CE3B260F13E}.Windows8|Any CPU.ActiveCfg = Release|x86
		{360EB797-331E-4A3E-9168-4CE3B260F13E}.Windows8|Mixed Platforms.ActiveCfg = Release|x86
		{360EB797-331E-4A3E-9168-4CE3B260F13E}.Windows8|Mixed Platforms.Build.0 = Release|x86
		{360EB797-331E-4A3E-9168-4CE3B260F13E}.Windows8|Windows Phone.ActiveCfg = Release|x86
		{360EB797-331E-4A3E-9168-4CE3B260F13E}.Windows8|x86.ActiveCfg = Release|x86
		{360EB797-331E-4A3E-9168-4CE3B260F13E}.Windows8|x86.Build.0 = Release|x86
		{360EB797-331E-4A3E-9168-4CE3B260F13E}.Windows8|Xbox 360.ActiveCfg = Release|x86
		{566F1803-90B5-4947-8730-57F092FBB002}.Android|Any CPU.ActiveCfg = Release|x86
		{566F1803-90B5-4947-8730-57F092FBB002}.Android|Mixed Platforms.ActiveCfg = Release|x86
		{566F1803-90B5-4947-8730-57F092FBB002}.Android|Mixed Platforms.Build.0 = Release|x86
		{566F1803-90B5-4947-8730-57F092FBB002}.Android|Windows Phone.ActiveCfg = Release|x86
		{566F1803-90B5-4947-8730-57F092FBB002}.Android|x86.ActiveCfg = Release|x86
		{566F1803-90B5-4947-8730-57F092FBB002}.Android|x86.Build.0 = Release|x86
		{566F1803-90B5-4947-8730-57F092FBB002}.Android|Xbox 360.ActiveCfg = Release|x86
		{566F1803-90B5-4947-8730-57F092FBB002}.Debug|Any CPU.ActiveCfg = Debug|x86
		{566F1803-90B5-4947-8730-57F092FBB002}.Debug|Any CPU.Build.0 = Debug|x86
		{566F1803-90B5-4947-8730-57F092FBB002}.Debug|Mixed Platforms.ActiveCfg = Debug|x86
		{566F1803-90B5-4947-8730-57F092FBB002}.Debug|Mixed Platforms.Build.0 = Debug|x86
		{566F1803-90B5-4947-8730-57F092FBB002}.Debug|Windows Phone.ActiveCfg = Debug|x86
		{566F1803-90B5-4947-8730-57F092FBB002}.Debug|x86.ActiveCfg = Debug|x86
		{566F1803-90B5-4947-8730-57F092FBB002}.Debug|x86.Build.0 = Debug|x86
		{566F1803-90B5-4947-8730-57F092FBB002}.Debug|Xbox 360.ActiveCfg = Debug|x86
		{566F1803-90B5-4947-8730-57F092FBB002}.iOS|Any CPU.ActiveCfg = Release|x86
		{566F1803-90B5-4947-8730-57F092FBB002}.iOS|Mixed Platforms.ActiveCfg = Release|x86
		{566F1803-90B5-4947-8730-57F092FBB002}.iOS|Mixed Platforms.Build.0 = Release|x86
		{566F1803-90B5-4947-8730-57F092FBB002}.iOS|Windows Phone.ActiveCfg = Release|x86
		{566F1803-90B5-4947-8730-57F092FBB002}.iOS|x86.ActiveCfg = Release|x86
		{566F1803-90B5-4947-8730-57F092FBB002}.iOS|x86.Build.0 = Release|x86
		{566F1803-90B5-4947-8730-57F092FBB002}.iOS|Xbox 360.ActiveCfg = Release|x86
		{566F1803-90B5-4947-8730-57F092FBB002}.Linux|Any CPU.ActiveCfg = Release|x86
		{566F1803-90B5-4947-8730-57F092FBB002}.Linux|Mixed Platforms.ActiveCfg = Release|x86
		{566F1803-90B5-4947-8730-57F092FBB002}.Linux|Mixed Platforms.Build.0 = Release|x86
		{566F1803-90B5-4947-8730-57F092FBB002}.Linux|Windows Phone.ActiveCfg = Release|x86
		{566F1803-90B5-4947-8730-57F092FBB002}.Linux|x86.ActiveCfg = Release|x86
		{566F1803-90B5-4947-8730-57F092FBB002}.Linux|x86.Build.0 = Release|x86
		{566F1803-90B5-4947-8730-57F092FBB002}.Linux|Xbox 360.ActiveCfg = Release|x86
		{566F1803-90B5-4947-8730-57F092FBB002}.OSX|Any CPU.ActiveCfg = Release|x86
		{566F1803-90B5-4947-8730-57F092FBB002}.OSX|Mixed Platforms.ActiveCfg = Release|x86
		{566F1803-90B5-4947-8730-57F092FBB002}.OSX|Mixed Platforms.Build.0 = Release|x86
		{566F1803-90B5-4947-8730-57F092FBB002}.OSX|Windows Phone.ActiveCfg = Release|x86
		{566F1803-90B5-4947-8730-57F092FBB002}.OSX|x86.ActiveCfg = Release|x86
		{566F1803-90B5-4947-8730-57F092FBB002}.OSX|x86.Build.0 = Release|x86
		{566F1803-90B5-4947-8730-57F092FBB002}.OSX|Xbox 360.ActiveCfg = Release|x86
		{566F1803-90B5-4947-8730-57F092FBB002}.PSM|Any CPU.ActiveCfg = Release|x86
		{566F1803-90B5-4947-8730-57F092FBB002}.PSM|Mixed Platforms.ActiveCfg = Release|x86
		{566F1803-90B5-4947-8730-57F092FBB002}.PSM|Mixed Platforms.Build.0 = Release|x86
		{566F1803-90B5-4947-8730-57F092FBB002}.PSM|Windows Phone.ActiveCfg = Release|x86
		{566F1803-90B5-4947-8730-57F092FBB002}.PSM|x86.ActiveCfg = Release|x86
		{566F1803-90B5-4947-8730-57F092FBB002}.PSM|x86.Build.0 = Release|x86
		{566F1803-90B5-4947-8730-57F092FBB002}.PSM|Xbox 360.ActiveCfg = Release|x86
		{566F1803-90B5-4947-8730-57F092FBB002}.Release|Any CPU.ActiveCfg = Release|x86
		{566F1803-90B5-4947-8730-57F092FBB002}.Release|Mixed Platforms.ActiveCfg = Release|x86
		{566F1803-90B5-4947-8730-57F092FBB002}.Release|Mixed Platforms.Build.0 = Release|x86
		{566F1803-90B5-4947-8730-57F092FBB002}.Release|Windows Phone.ActiveCfg = Release|x86
		{566F1803-90B5-4947-8730-57F092FBB002}.Release|x86.ActiveCfg = Release|x86
		{566F1803-90B5-4947-8730-57F092FBB002}.Release|x86.Build.0 = Release|x86
		{566F1803-90B5-4947-8730-57F092FBB002}.Release|Xbox 360.ActiveCfg = Release|x86
		{566F1803-90B5-4947-8730-57F092FBB002}.Windows|Any CPU.ActiveCfg = Release|x86
		{566F1803-90B5-4947-8730-57F092FBB002}.Windows|Mixed Platforms.ActiveCfg = Release|x86
		{566F1803-90B5-4947-8730-57F092FBB002}.Windows|Mixed Platforms.Build.0 = Release|x86
		{566F1803-90B5-4947-8730-57F092FBB002}.Windows|Windows Phone.ActiveCfg = Release|x86
		{566F1803-90B5-4947-8730-57F092FBB002}.Windows|x86.ActiveCfg = Release|x86
		{566F1803-90B5-4947-8730-57F092FBB002}.Windows|x86.Build.0 = Release|x86
		{566F1803-90B5-4947-8730-57F092FBB002}.Windows|Xbox 360.ActiveCfg = Release|x86
		{566F1803-90B5-4947-8730-57F092FBB002}.Windows8|Any CPU.ActiveCfg = Release|x86
		{566F1803-90B5-4947-8730-57F092FBB002}.Windows8|Mixed Platforms.ActiveCfg = Release|x86
		{566F1803-90B5-4947-8730-57F092FBB002}.Windows8|Mixed Platforms.Build.0 = Release|x86
		{566F1803-90B5-4947-8730-57F092FBB002}.Windows8|Windows Phone.ActiveCfg = Release|x86
		{566F1803-90B5-4947-8730-57F092FBB002}.Windows8|x86.ActiveCfg = Release|x86
		{566F1803-90B5-4947-8730-57F092FBB002}.Windows8|x86.Build.0 = Release|x86
		{566F1803-90B5-4947-8730-57F092FBB002}.Windows8|Xbox 360.ActiveCfg = Release|x86
		{2ACA1733-86AF-404D-B8DB-333990D68DCE}.Android|Any CPU.ActiveCfg = Release|x86
		{2ACA1733-86AF-404D-B8DB-333990D68DCE}.Android|Mixed Platforms.ActiveCfg = Release|x86
		{2ACA1733-86AF-404D-B8DB-333990D68DCE}.Android|Mixed Platforms.Build.0 = Release|x86
		{2ACA1733-86AF-404D-B8DB-333990D68DCE}.Android|Windows Phone.ActiveCfg = Release|x86
		{2ACA1733-86AF-404D-B8DB-333990D68DCE}.Android|x86.ActiveCfg = Release|x86
		{2ACA1733-86AF-404D-B8DB-333990D68DCE}.Android|x86.Build.0 = Release|x86
		{2ACA1733-86AF-404D-B8DB-333990D68DCE}.Android|Xbox 360.ActiveCfg = Release|x86
		{2ACA1733-86AF-404D-B8DB-333990D68DCE}.Debug|Any CPU.ActiveCfg = Debug|x86
		{2ACA1733-86AF-404D-B8DB-333990D68DCE}.Debug|Any CPU.Build.0 = Debug|x86
		{2ACA1733-86AF-404D-B8DB-333990D68DCE}.Debug|Mixed Platforms.ActiveCfg = Debug|x86
		{2ACA1733-86AF-404D-B8DB-333990D68DCE}.Debug|Mixed Platforms.Build.0 = Debug|x86
		{2ACA1733-86AF-404D-B8DB-333990D68DCE}.Debug|Windows Phone.ActiveCfg = Debug|x86
		{2ACA1733-86AF-404D-B8DB-333990D68DCE}.Debug|x86.ActiveCfg = Debug|x86
		{2ACA1733-86AF-404D-B8DB-333990D68DCE}.Debug|x86.Build.0 = Debug|x86
		{2ACA1733-86AF-404D-B8DB-333990D68DCE}.Debug|Xbox 360.ActiveCfg = Debug|x86
		{2ACA1733-86AF-404D-B8DB-333990D68DCE}.iOS|Any CPU.ActiveCfg = Release|x86
		{2ACA1733-86AF-404D-B8DB-333990D68DCE}.iOS|Mixed Platforms.ActiveCfg = Release|x86
		{2ACA1733-86AF-404D-B8DB-333990D68DCE}.iOS|Mixed Platforms.Build.0 = Release|x86
		{2ACA1733-86AF-404D-B8DB-333990D68DCE}.iOS|Windows Phone.ActiveCfg = Release|x86
		{2ACA1733-86AF-404D-B8DB-333990D68DCE}.iOS|x86.ActiveCfg = Release|x86
		{2ACA1733-86AF-404D-B8DB-333990D68DCE}.iOS|x86.Build.0 = Release|x86
		{2ACA1733-86AF-404D-B8DB-333990D68DCE}.iOS|Xbox 360.ActiveCfg = Release|x86
		{2ACA1733-86AF-404D-B8DB-333990D68DCE}.Linux|Any CPU.ActiveCfg = Release|x86
		{2ACA1733-86AF-404D-B8DB-333990D68DCE}.Linux|Mixed Platforms.ActiveCfg = Release|x86
		{2ACA1733-86AF-404D-B8DB-333990D68DCE}.Linux|Mixed Platforms.Build.0 = Release|x86
		{2ACA1733-86AF-404D-B8DB-333990D68DCE}.Linux|Windows Phone.ActiveCfg = Release|x86
		{2ACA1733-86AF-404D-B8DB-333990D68DCE}.Linux|x86.ActiveCfg = Release|x86
		{2ACA1733-86AF-404D-B8DB-333990D68DCE}.Linux|x86.Build.0 = Release|x86
		{2ACA1733-86AF-404D-B8DB-333990D68DCE}.Linux|Xbox 360.ActiveCfg = Release|x86
		{2ACA1733-86AF-404D-B8DB-333990D68DCE}.OSX|Any CPU.ActiveCfg = Release|x86
		{2ACA1733-86AF-404D-B8DB-333990D68DCE}.OSX|Mixed Platforms.ActiveCfg = Release|x86
		{2ACA1733-86AF-404D-B8DB-333990D68DCE}.OSX|Mixed Platforms.Build.0 = Release|x86
		{2ACA1733-86AF-404D-B8DB-333990D68DCE}.OSX|Windows Phone.ActiveCfg = Release|x86
		{2ACA1733-86AF-404D-B8DB-333990D68DCE}.OSX|x86.ActiveCfg = Release|x86
		{2ACA1733-86AF-404D-B8DB-333990D68DCE}.OSX|x86.Build.0 = Release|x86
		{2ACA1733-86AF-404D-B8DB-333990D68DCE}.OSX|Xbox 360.ActiveCfg = Release|x86
		{2ACA1733-86AF-404D-B8DB-333990D68DCE}.PSM|Any CPU.ActiveCfg = Release|x86
		{2ACA1733-86AF-404D-B8DB-333990D68DCE}.PSM|Mixed Platforms.ActiveCfg = Release|x86
		{2ACA1733-86AF-404D-B8DB-333990D68DCE}.PSM|Mixed Platforms.Build.0 = Release|x86
		{2ACA1733-86AF-404D-B8DB-333990D68DCE}.PSM|Windows Phone.ActiveCfg = Release|x86
		{2ACA1733-86AF-404D-B8DB-333990D68DCE}.PSM|x86.ActiveCfg = Release|x86
		{2ACA1733-86AF-404D-B8DB-333990D68DCE}.PSM|x86.Build.0 = Release|x86
		{2ACA1733-86AF-404D-B8DB-333990D68DCE}.PSM|Xbox 360.ActiveCfg = Release|x86
		{2ACA1733-86AF-404D-B8DB-333990D68DCE}.Release|Any CPU.ActiveCfg = Release|x86
		{2ACA1733-86AF-404D-B8DB-333990D68DCE}.Release|Mixed Platforms.ActiveCfg = Release|x86
		{2ACA1733-86AF-404D-B8DB-333990D68DCE}.Release|Mixed Platforms.Build.0 = Release|x86
		{2ACA1733-86AF-404D-B8DB-333990D68DCE}.Release|Windows Phone.ActiveCfg = Release|x86
		{2ACA1733-86AF-404D-B8DB-333990D68DCE}.Release|x86.ActiveCfg = Release|x86
		{2ACA1733-86AF-404D-B8DB-333990D68DCE}.Release|x86.Build.0 = Release|x86
		{2ACA1733-86AF-404D-B8DB-333990D68DCE}.Release|Xbox 360.ActiveCfg = Release|x86
		{2ACA1733-86AF-404D-B8DB-333990D68DCE}.Windows|Any CPU.ActiveCfg = Release|x86
		{2ACA1733-86AF-404D-B8DB-333990D68DCE}.Windows|Mixed Platforms.ActiveCfg = Release|x86
		{2ACA1733-86AF-404D-B8DB-333990D68DCE}.Windows|Mixed Platforms.Build.0 = Release|x86
		{2ACA1733-86AF-404D-B8DB-333990D68DCE}.Windows|Windows Phone.ActiveCfg = Release|x86
		{2ACA1733-86AF-404D-B8DB-333990D68DCE}.Windows|x86.ActiveCfg = Release|x86
		{2ACA1733-86AF-404D-B8DB-333990D68DCE}.Windows|x86.Build.0 = Release|x86
		{2ACA1733-86AF-404D-B8DB-333990D68DCE}.Windows|Xbox 360.ActiveCfg = Release|x86
		{2ACA1733-86AF-404D-B8DB-333990D68DCE}.Windows8|Any CPU.ActiveCfg = Release|x86
		{2ACA1733-86AF-404D-B8DB-333990D68DCE}.Windows8|Mixed Platforms.ActiveCfg = Release|x86
		{2ACA1733-86AF-404D-B8DB-333990D68DCE}.Windows8|Mixed Platforms.Build.0 = Release|x86
		{2ACA1733-86AF-404D-B8DB-333990D68DCE}.Windows8|Windows Phone.ActiveCfg = Release|x86
		{2ACA1733-86AF-404D-B8DB-333990D68DCE}.Windows8|x86.ActiveCfg = Release|x86
		{2ACA1733-86AF-404D-B8DB-333990D68DCE}.Windows8|x86.Build.0 = Release|x86
		{2ACA1733-86AF-404D-B8DB-333990D68DCE}.Windows8|Xbox 360.ActiveCfg = Release|x86
		{0AAD36E3-51A5-4A07-AB60-5C8A66BD38B7}.Android|Any CPU.ActiveCfg = Release|x86
		{0AAD36E3-51A5-4A07-AB60-5C8A66BD38B7}.Android|Mixed Platforms.ActiveCfg = Release|x86
		{0AAD36E3-51A5-4A07-AB60-5C8A66BD38B7}.Android|Mixed Platforms.Build.0 = Release|x86
		{0AAD36E3-51A5-4A07-AB60-5C8A66BD38B7}.Android|Windows Phone.ActiveCfg = Release|x86
		{0AAD36E3-51A5-4A07-AB60-5C8A66BD38B7}.Android|x86.ActiveCfg = Release|x86
		{0AAD36E3-51A5-4A07-AB60-5C8A66BD38B7}.Android|x86.Build.0 = Release|x86
		{0AAD36E3-51A5-4A07-AB60-5C8A66BD38B7}.Android|Xbox 360.ActiveCfg = Release|x86
		{0AAD36E3-51A5-4A07-AB60-5C8A66BD38B7}.Debug|Any CPU.ActiveCfg = Debug|x86
		{0AAD36E3-51A5-4A07-AB60-5C8A66BD38B7}.Debug|Mixed Platforms.ActiveCfg = Debug|x86
		{0AAD36E3-51A5-4A07-AB60-5C8A66BD38B7}.Debug|Mixed Platforms.Build.0 = Debug|x86
		{0AAD36E3-51A5-4A07-AB60-5C8A66BD38B7}.Debug|Windows Phone.ActiveCfg = Debug|x86
		{0AAD36E3-51A5-4A07-AB60-5C8A66BD38B7}.Debug|x86.ActiveCfg = Debug|x86
		{0AAD36E3-51A5-4A07-AB60-5C8A66BD38B7}.Debug|x86.Build.0 = Debug|x86
		{0AAD36E3-51A5-4A07-AB60-5C8A66BD38B7}.Debug|Xbox 360.ActiveCfg = Debug|x86
		{0AAD36E3-51A5-4A07-AB60-5C8A66BD38B7}.iOS|Any CPU.ActiveCfg = Release|x86
		{0AAD36E3-51A5-4A07-AB60-5C8A66BD38B7}.iOS|Mixed Platforms.ActiveCfg = Release|x86
		{0AAD36E3-51A5-4A07-AB60-5C8A66BD38B7}.iOS|Mixed Platforms.Build.0 = Release|x86
		{0AAD36E3-51A5-4A07-AB60-5C8A66BD38B7}.iOS|Windows Phone.ActiveCfg = Release|x86
		{0AAD36E3-51A5-4A07-AB60-5C8A66BD38B7}.iOS|x86.ActiveCfg = Release|x86
		{0AAD36E3-51A5-4A07-AB60-5C8A66BD38B7}.iOS|x86.Build.0 = Release|x86
		{0AAD36E3-51A5-4A07-AB60-5C8A66BD38B7}.iOS|Xbox 360.ActiveCfg = Release|x86
		{0AAD36E3-51A5-4A07-AB60-5C8A66BD38B7}.Linux|Any CPU.ActiveCfg = Release|x86
		{0AAD36E3-51A5-4A07-AB60-5C8A66BD38B7}.Linux|Mixed Platforms.ActiveCfg = Release|x86
		{0AAD36E3-51A5-4A07-AB60-5C8A66BD38B7}.Linux|Mixed Platforms.Build.0 = Release|x86
		{0AAD36E3-51A5-4A07-AB60-5C8A66BD38B7}.Linux|Windows Phone.ActiveCfg = Release|x86
		{0AAD36E3-51A5-4A07-AB60-5C8A66BD38B7}.Linux|x86.ActiveCfg = Release|x86
		{0AAD36E3-51A5-4A07-AB60-5C8A66BD38B7}.Linux|x86.Build.0 = Release|x86
		{0AAD36E3-51A5-4A07-AB60-5C8A66BD38B7}.Linux|Xbox 360.ActiveCfg = Release|x86
		{0AAD36E3-51A5-4A07-AB60-5C8A66BD38B7}.OSX|Any CPU.ActiveCfg = Release|x86
		{0AAD36E3-51A5-4A07-AB60-5C8A66BD38B7}.OSX|Mixed Platforms.ActiveCfg = Release|x86
		{0AAD36E3-51A5-4A07-AB60-5C8A66BD38B7}.OSX|Mixed Platforms.Build.0 = Release|x86
		{0AAD36E3-51A5-4A07-AB60-5C8A66BD38B7}.OSX|Windows Phone.ActiveCfg = Release|x86
		{0AAD36E3-51A5-4A07-AB60-5C8A66BD38B7}.OSX|x86.ActiveCfg = Release|x86
		{0AAD36E3-51A5-4A07-AB60-5C8A66BD38B7}.OSX|x86.Build.0 = Release|x86
		{0AAD36E3-51A5-4A07-AB60-5C8A66BD38B7}.OSX|Xbox 360.ActiveCfg = Release|x86
		{0AAD36E3-51A5-4A07-AB60-5C8A66BD38B7}.PSM|Any CPU.ActiveCfg = Release|x86
		{0AAD36E3-51A5-4A07-AB60-5C8A66BD38B7}.PSM|Mixed Platforms.ActiveCfg = Release|x86
		{0AAD36E3-51A5-4A07-AB60-5C8A66BD38B7}.PSM|Mixed Platforms.Build.0 = Release|x86
		{0AAD36E3-51A5-4A07-AB60-5C8A66BD38B7}.PSM|Windows Phone.ActiveCfg = Release|x86
		{0AAD36E3-51A5-4A07-AB60-5C8A66BD38B7}.PSM|x86.ActiveCfg = Release|x86
		{0AAD36E3-51A5-4A07-AB60-5C8A66BD38B7}.PSM|x86.Build.0 = Release|x86
		{0AAD36E3-51A5-4A07-AB60-5C8A66BD38B7}.PSM|Xbox 360.ActiveCfg = Release|x86
		{0AAD36E3-51A5-4A07-AB60-5C8A66BD38B7}.Release|Any CPU.ActiveCfg = Release|x86
		{0AAD36E3-51A5-4A07-AB60-5C8A66BD38B7}.Release|Mixed Platforms.ActiveCfg = Release|x86
		{0AAD36E3-51A5-4A07-AB60-5C8A66BD38B7}.Release|Mixed Platforms.Build.0 = Release|x86
		{0AAD36E3-51A5-4A07-AB60-5C8A66BD38B7}.Release|Windows Phone.ActiveCfg = Release|x86
		{0AAD36E3-51A5-4A07-AB60-5C8A66BD38B7}.Release|x86.ActiveCfg = Release|x86
		{0AAD36E3-51A5-4A07-AB60-5C8A66BD38B7}.Release|x86.Build.0 = Release|x86
		{0AAD36E3-51A5-4A07-AB60-5C8A66BD38B7}.Release|Xbox 360.ActiveCfg = Release|x86
		{0AAD36E3-51A5-4A07-AB60-5C8A66BD38B7}.Windows|Any CPU.ActiveCfg = Release|x86
		{0AAD36E3-51A5-4A07-AB60-5C8A66BD38B7}.Windows|Mixed Platforms.ActiveCfg = Release|x86
		{0AAD36E3-51A5-4A07-AB60-5C8A66BD38B7}.Windows|Mixed Platforms.Build.0 = Release|x86
		{0AAD36E3-51A5-4A07-AB60-5C8A66BD38B7}.Windows|Windows Phone.ActiveCfg = Release|x86
		{0AAD36E3-51A5-4A07-AB60-5C8A66BD38B7}.Windows|x86.ActiveCfg = Release|x86
		{0AAD36E3-51A5-4A07-AB60-5C8A66BD38B7}.Windows|x86.Build.0 = Release|x86
		{0AAD36E3-51A5-4A07-AB60-5C8A66BD38B7}.Windows|Xbox 360.ActiveCfg = Release|x86
		{0AAD36E3-51A5-4A07-AB60-5C8A66BD38B7}.Windows8|Any CPU.ActiveCfg = Release|x86
		{0AAD36E3-51A5-4A07-AB60-5C8A66BD38B7}.Windows8|Mixed Platforms.ActiveCfg = Release|x86
		{0AAD36E3-51A5-4A07-AB60-5C8A66BD38B7}.Windows8|Mixed Platforms.Build.0 = Release|x86
		{0AAD36E3-51A5-4A07-AB60-5C8A66BD38B7}.Windows8|Windows Phone.ActiveCfg = Release|x86
		{0AAD36E3-51A5-4A07-AB60-5C8A66BD38B7}.Windows8|x86.ActiveCfg = Release|x86
		{0AAD36E3-51A5-4A07-AB60-5C8A66BD38B7}.Windows8|x86.Build.0 = Release|x86
		{0AAD36E3-51A5-4A07-AB60-5C8A66BD38B7}.Windows8|Xbox 360.ActiveCfg = Release|x86
		{A4610E4C-DD34-428B-BABB-779CA0B5993A}.Android|Any CPU.ActiveCfg = Release|Any CPU
		{A4610E4C-DD34-428B-BABB-779CA0B5993A}.Android|Any CPU.Build.0 = Release|Any CPU
		{A4610E4C-DD34-428B-BABB-779CA0B5993A}.Android|Mixed Platforms.ActiveCfg = Release|Any CPU
		{A4610E4C-DD34-428B-BABB-779CA0B5993A}.Android|Mixed Platforms.Build.0 = Release|Any CPU
		{A4610E4C-DD34-428B-BABB-779CA0B5993A}.Android|Windows Phone.ActiveCfg = Release|Any CPU
		{A4610E4C-DD34-428B-BABB-779CA0B5993A}.Android|x86.ActiveCfg = Release|Any CPU
		{A4610E4C-DD34-428B-BABB-779CA0B5993A}.Android|Xbox 360.ActiveCfg = Release|Any CPU
		{A4610E4C-DD34-428B-BABB-779CA0B5993A}.Debug|Any CPU.ActiveCfg = Debug|Any CPU
		{A4610E4C-DD34-428B-BABB-779CA0B5993A}.Debug|Any CPU.Build.0 = Debug|Any CPU
		{A4610E4C-DD34-428B-BABB-779CA0B5993A}.Debug|Mixed Platforms.ActiveCfg = Debug|Any CPU
		{A4610E4C-DD34-428B-BABB-779CA0B5993A}.Debug|Mixed Platforms.Build.0 = Debug|Any CPU
		{A4610E4C-DD34-428B-BABB-779CA0B5993A}.Debug|Windows Phone.ActiveCfg = Debug|Any CPU
		{A4610E4C-DD34-428B-BABB-779CA0B5993A}.Debug|x86.ActiveCfg = Debug|Any CPU
		{A4610E4C-DD34-428B-BABB-779CA0B5993A}.Debug|Xbox 360.ActiveCfg = Debug|Any CPU
		{A4610E4C-DD34-428B-BABB-779CA0B5993A}.iOS|Any CPU.ActiveCfg = Release|Any CPU
		{A4610E4C-DD34-428B-BABB-779CA0B5993A}.iOS|Any CPU.Build.0 = Release|Any CPU
		{A4610E4C-DD34-428B-BABB-779CA0B5993A}.iOS|Mixed Platforms.ActiveCfg = Release|Any CPU
		{A4610E4C-DD34-428B-BABB-779CA0B5993A}.iOS|Mixed Platforms.Build.0 = Release|Any CPU
		{A4610E4C-DD34-428B-BABB-779CA0B5993A}.iOS|Windows Phone.ActiveCfg = Release|Any CPU
		{A4610E4C-DD34-428B-BABB-779CA0B5993A}.iOS|x86.ActiveCfg = Release|Any CPU
		{A4610E4C-DD34-428B-BABB-779CA0B5993A}.iOS|Xbox 360.ActiveCfg = Release|Any CPU
		{A4610E4C-DD34-428B-BABB-779CA0B5993A}.Linux|Any CPU.ActiveCfg = Release|Any CPU
		{A4610E4C-DD34-428B-BABB-779CA0B5993A}.Linux|Any CPU.Build.0 = Release|Any CPU
		{A4610E4C-DD34-428B-BABB-779CA0B5993A}.Linux|Mixed Platforms.ActiveCfg = Release|Any CPU
		{A4610E4C-DD34-428B-BABB-779CA0B5993A}.Linux|Mixed Platforms.Build.0 = Release|Any CPU
		{A4610E4C-DD34-428B-BABB-779CA0B5993A}.Linux|Windows Phone.ActiveCfg = Release|Any CPU
		{A4610E4C-DD34-428B-BABB-779CA0B5993A}.Linux|x86.ActiveCfg = Release|Any CPU
		{A4610E4C-DD34-428B-BABB-779CA0B5993A}.Linux|Xbox 360.ActiveCfg = Release|Any CPU
		{A4610E4C-DD34-428B-BABB-779CA0B5993A}.OSX|Any CPU.ActiveCfg = Release|Any CPU
		{A4610E4C-DD34-428B-BABB-779CA0B5993A}.OSX|Any CPU.Build.0 = Release|Any CPU
		{A4610E4C-DD34-428B-BABB-779CA0B5993A}.OSX|Mixed Platforms.ActiveCfg = Release|Any CPU
		{A4610E4C-DD34-428B-BABB-779CA0B5993A}.OSX|Mixed Platforms.Build.0 = Release|Any CPU
		{A4610E4C-DD34-428B-BABB-779CA0B5993A}.OSX|Windows Phone.ActiveCfg = Release|Any CPU
		{A4610E4C-DD34-428B-BABB-779CA0B5993A}.OSX|x86.ActiveCfg = Release|Any CPU
		{A4610E4C-DD34-428B-BABB-779CA0B5993A}.OSX|Xbox 360.ActiveCfg = Release|Any CPU
		{A4610E4C-DD34-428B-BABB-779CA0B5993A}.PSM|Any CPU.ActiveCfg = Release|Any CPU
		{A4610E4C-DD34-428B-BABB-779CA0B5993A}.PSM|Any CPU.Build.0 = Release|Any CPU
		{A4610E4C-DD34-428B-BABB-779CA0B5993A}.PSM|Mixed Platforms.ActiveCfg = Release|Any CPU
		{A4610E4C-DD34-428B-BABB-779CA0B5993A}.PSM|Mixed Platforms.Build.0 = Release|Any CPU
		{A4610E4C-DD34-428B-BABB-779CA0B5993A}.PSM|Windows Phone.ActiveCfg = Release|Any CPU
		{A4610E4C-DD34-428B-BABB-779CA0B5993A}.PSM|x86.ActiveCfg = Release|Any CPU
		{A4610E4C-DD34-428B-BABB-779CA0B5993A}.PSM|Xbox 360.ActiveCfg = Release|Any CPU
		{A4610E4C-DD34-428B-BABB-779CA0B5993A}.Release|Any CPU.ActiveCfg = Release|Any CPU
		{A4610E4C-DD34-428B-BABB-779CA0B5993A}.Release|Any CPU.Build.0 = Release|Any CPU
		{A4610E4C-DD34-428B-BABB-779CA0B5993A}.Release|Mixed Platforms.ActiveCfg = Release|Any CPU
		{A4610E4C-DD34-428B-BABB-779CA0B5993A}.Release|Mixed Platforms.Build.0 = Release|Any CPU
		{A4610E4C-DD34-428B-BABB-779CA0B5993A}.Release|Windows Phone.ActiveCfg = Release|Any CPU
		{A4610E4C-DD34-428B-BABB-779CA0B5993A}.Release|x86.ActiveCfg = Release|Any CPU
		{A4610E4C-DD34-428B-BABB-779CA0B5993A}.Release|Xbox 360.ActiveCfg = Release|Any CPU
		{A4610E4C-DD34-428B-BABB-779CA0B5993A}.Windows|Any CPU.ActiveCfg = Release|Any CPU
		{A4610E4C-DD34-428B-BABB-779CA0B5993A}.Windows|Any CPU.Build.0 = Release|Any CPU
		{A4610E4C-DD34-428B-BABB-779CA0B5993A}.Windows|Mixed Platforms.ActiveCfg = Release|Any CPU
		{A4610E4C-DD34-428B-BABB-779CA0B5993A}.Windows|Mixed Platforms.Build.0 = Release|Any CPU
		{A4610E4C-DD34-428B-BABB-779CA0B5993A}.Windows|Windows Phone.ActiveCfg = Release|Any CPU
		{A4610E4C-DD34-428B-BABB-779CA0B5993A}.Windows|x86.ActiveCfg = Release|Any CPU
		{A4610E4C-DD34-428B-BABB-779CA0B5993A}.Windows|Xbox 360.ActiveCfg = Release|Any CPU
		{A4610E4C-DD34-428B-BABB-779CA0B5993A}.Windows8|Any CPU.ActiveCfg = Release|Any CPU
		{A4610E4C-DD34-428B-BABB-779CA0B5993A}.Windows8|Any CPU.Build.0 = Release|Any CPU
		{A4610E4C-DD34-428B-BABB-779CA0B5993A}.Windows8|Mixed Platforms.ActiveCfg = Release|Any CPU
		{A4610E4C-DD34-428B-BABB-779CA0B5993A}.Windows8|Mixed Platforms.Build.0 = Release|Any CPU
		{A4610E4C-DD34-428B-BABB-779CA0B5993A}.Windows8|Windows Phone.ActiveCfg = Release|Any CPU
		{A4610E4C-DD34-428B-BABB-779CA0B5993A}.Windows8|x86.ActiveCfg = Release|Any CPU
		{A4610E4C-DD34-428B-BABB-779CA0B5993A}.Windows8|Xbox 360.ActiveCfg = Release|Any CPU
		{786DC838-D746-4107-93FF-19A902A78CFC}.Android|Any CPU.ActiveCfg = Release|Any CPU
		{786DC838-D746-4107-93FF-19A902A78CFC}.Android|Any CPU.Build.0 = Release|Any CPU
		{786DC838-D746-4107-93FF-19A902A78CFC}.Android|Mixed Platforms.ActiveCfg = Release|Any CPU
		{786DC838-D746-4107-93FF-19A902A78CFC}.Android|Mixed Platforms.Build.0 = Release|Any CPU
		{786DC838-D746-4107-93FF-19A902A78CFC}.Android|Windows Phone.ActiveCfg = Release|Any CPU
		{786DC838-D746-4107-93FF-19A902A78CFC}.Android|x86.ActiveCfg = Release|Any CPU
		{786DC838-D746-4107-93FF-19A902A78CFC}.Android|Xbox 360.ActiveCfg = Release|Any CPU
		{786DC838-D746-4107-93FF-19A902A78CFC}.Debug|Any CPU.ActiveCfg = Debug|Any CPU
		{786DC838-D746-4107-93FF-19A902A78CFC}.Debug|Any CPU.Build.0 = Debug|Any CPU
		{786DC838-D746-4107-93FF-19A902A78CFC}.Debug|Mixed Platforms.ActiveCfg = Debug|Any CPU
		{786DC838-D746-4107-93FF-19A902A78CFC}.Debug|Mixed Platforms.Build.0 = Debug|Any CPU
		{786DC838-D746-4107-93FF-19A902A78CFC}.Debug|Windows Phone.ActiveCfg = Debug|Any CPU
		{786DC838-D746-4107-93FF-19A902A78CFC}.Debug|x86.ActiveCfg = Debug|Any CPU
		{786DC838-D746-4107-93FF-19A902A78CFC}.Debug|Xbox 360.ActiveCfg = Debug|Any CPU
		{786DC838-D746-4107-93FF-19A902A78CFC}.iOS|Any CPU.ActiveCfg = Release|Any CPU
		{786DC838-D746-4107-93FF-19A902A78CFC}.iOS|Any CPU.Build.0 = Release|Any CPU
		{786DC838-D746-4107-93FF-19A902A78CFC}.iOS|Mixed Platforms.ActiveCfg = Release|Any CPU
		{786DC838-D746-4107-93FF-19A902A78CFC}.iOS|Mixed Platforms.Build.0 = Release|Any CPU
		{786DC838-D746-4107-93FF-19A902A78CFC}.iOS|Windows Phone.ActiveCfg = Release|Any CPU
		{786DC838-D746-4107-93FF-19A902A78CFC}.iOS|x86.ActiveCfg = Release|Any CPU
		{786DC838-D746-4107-93FF-19A902A78CFC}.iOS|Xbox 360.ActiveCfg = Release|Any CPU
		{786DC838-D746-4107-93FF-19A902A78CFC}.Linux|Any CPU.ActiveCfg = Release|Any CPU
		{786DC838-D746-4107-93FF-19A902A78CFC}.Linux|Any CPU.Build.0 = Release|Any CPU
		{786DC838-D746-4107-93FF-19A902A78CFC}.Linux|Mixed Platforms.ActiveCfg = Release|Any CPU
		{786DC838-D746-4107-93FF-19A902A78CFC}.Linux|Mixed Platforms.Build.0 = Release|Any CPU
		{786DC838-D746-4107-93FF-19A902A78CFC}.Linux|Windows Phone.ActiveCfg = Release|Any CPU
		{786DC838-D746-4107-93FF-19A902A78CFC}.Linux|x86.ActiveCfg = Release|Any CPU
		{786DC838-D746-4107-93FF-19A902A78CFC}.Linux|Xbox 360.ActiveCfg = Release|Any CPU
		{786DC838-D746-4107-93FF-19A902A78CFC}.OSX|Any CPU.ActiveCfg = Release|Any CPU
		{786DC838-D746-4107-93FF-19A902A78CFC}.OSX|Any CPU.Build.0 = Release|Any CPU
		{786DC838-D746-4107-93FF-19A902A78CFC}.OSX|Mixed Platforms.ActiveCfg = Release|Any CPU
		{786DC838-D746-4107-93FF-19A902A78CFC}.OSX|Mixed Platforms.Build.0 = Release|Any CPU
		{786DC838-D746-4107-93FF-19A902A78CFC}.OSX|Windows Phone.ActiveCfg = Release|Any CPU
		{786DC838-D746-4107-93FF-19A902A78CFC}.OSX|x86.ActiveCfg = Release|Any CPU
		{786DC838-D746-4107-93FF-19A902A78CFC}.OSX|Xbox 360.ActiveCfg = Release|Any CPU
		{786DC838-D746-4107-93FF-19A902A78CFC}.PSM|Any CPU.ActiveCfg = Release|Any CPU
		{786DC838-D746-4107-93FF-19A902A78CFC}.PSM|Any CPU.Build.0 = Release|Any CPU
		{786DC838-D746-4107-93FF-19A902A78CFC}.PSM|Mixed Platforms.ActiveCfg = Release|Any CPU
		{786DC838-D746-4107-93FF-19A902A78CFC}.PSM|Mixed Platforms.Build.0 = Release|Any CPU
		{786DC838-D746-4107-93FF-19A902A78CFC}.PSM|Windows Phone.ActiveCfg = Release|Any CPU
		{786DC838-D746-4107-93FF-19A902A78CFC}.PSM|x86.ActiveCfg = Release|Any CPU
		{786DC838-D746-4107-93FF-19A902A78CFC}.PSM|Xbox 360.ActiveCfg = Release|Any CPU
		{786DC838-D746-4107-93FF-19A902A78CFC}.Release|Any CPU.ActiveCfg = Release|Any CPU
		{786DC838-D746-4107-93FF-19A902A78CFC}.Release|Any CPU.Build.0 = Release|Any CPU
		{786DC838-D746-4107-93FF-19A902A78CFC}.Release|Mixed Platforms.ActiveCfg = Release|Any CPU
		{786DC838-D746-4107-93FF-19A902A78CFC}.Release|Mixed Platforms.Build.0 = Release|Any CPU
		{786DC838-D746-4107-93FF-19A902A78CFC}.Release|Windows Phone.ActiveCfg = Release|Any CPU
		{786DC838-D746-4107-93FF-19A902A78CFC}.Release|x86.ActiveCfg = Release|Any CPU
		{786DC838-D746-4107-93FF-19A902A78CFC}.Release|Xbox 360.ActiveCfg = Release|Any CPU
		{786DC838-D746-4107-93FF-19A902A78CFC}.Windows|Any CPU.ActiveCfg = Release|Any CPU
		{786DC838-D746-4107-93FF-19A902A78CFC}.Windows|Any CPU.Build.0 = Release|Any CPU
		{786DC838-D746-4107-93FF-19A902A78CFC}.Windows|Mixed Platforms.ActiveCfg = Release|Any CPU
		{786DC838-D746-4107-93FF-19A902A78CFC}.Windows|Mixed Platforms.Build.0 = Release|Any CPU
		{786DC838-D746-4107-93FF-19A902A78CFC}.Windows|Windows Phone.ActiveCfg = Release|Any CPU
		{786DC838-D746-4107-93FF-19A902A78CFC}.Windows|x86.ActiveCfg = Release|Any CPU
		{786DC838-D746-4107-93FF-19A902A78CFC}.Windows|Xbox 360.ActiveCfg = Release|Any CPU
		{786DC838-D746-4107-93FF-19A902A78CFC}.Windows8|Any CPU.ActiveCfg = Release|Any CPU
		{786DC838-D746-4107-93FF-19A902A78CFC}.Windows8|Any CPU.Build.0 = Release|Any CPU
		{786DC838-D746-4107-93FF-19A902A78CFC}.Windows8|Mixed Platforms.ActiveCfg = Release|Any CPU
		{786DC838-D746-4107-93FF-19A902A78CFC}.Windows8|Mixed Platforms.Build.0 = Release|Any CPU
		{786DC838-D746-4107-93FF-19A902A78CFC}.Windows8|Windows Phone.ActiveCfg = Release|Any CPU
		{786DC838-D746-4107-93FF-19A902A78CFC}.Windows8|x86.ActiveCfg = Release|Any CPU
		{786DC838-D746-4107-93FF-19A902A78CFC}.Windows8|Xbox 360.ActiveCfg = Release|Any CPU
		{77CA64E6-113F-4AB1-B8CF-B213343BD0DB}.Android|Any CPU.ActiveCfg = Release|Any CPU
		{77CA64E6-113F-4AB1-B8CF-B213343BD0DB}.Android|Any CPU.Build.0 = Release|Any CPU
		{77CA64E6-113F-4AB1-B8CF-B213343BD0DB}.Android|Mixed Platforms.ActiveCfg = Release|Any CPU
		{77CA64E6-113F-4AB1-B8CF-B213343BD0DB}.Android|Mixed Platforms.Build.0 = Release|Any CPU
		{77CA64E6-113F-4AB1-B8CF-B213343BD0DB}.Android|Windows Phone.ActiveCfg = Release|Any CPU
		{77CA64E6-113F-4AB1-B8CF-B213343BD0DB}.Android|x86.ActiveCfg = Release|Any CPU
		{77CA64E6-113F-4AB1-B8CF-B213343BD0DB}.Android|Xbox 360.ActiveCfg = Release|Any CPU
		{77CA64E6-113F-4AB1-B8CF-B213343BD0DB}.Debug|Any CPU.ActiveCfg = Debug|Any CPU
		{77CA64E6-113F-4AB1-B8CF-B213343BD0DB}.Debug|Any CPU.Build.0 = Debug|Any CPU
		{77CA64E6-113F-4AB1-B8CF-B213343BD0DB}.Debug|Mixed Platforms.ActiveCfg = Debug|Any CPU
		{77CA64E6-113F-4AB1-B8CF-B213343BD0DB}.Debug|Mixed Platforms.Build.0 = Debug|Any CPU
		{77CA64E6-113F-4AB1-B8CF-B213343BD0DB}.Debug|Windows Phone.ActiveCfg = Debug|Any CPU
		{77CA64E6-113F-4AB1-B8CF-B213343BD0DB}.Debug|x86.ActiveCfg = Debug|Any CPU
		{77CA64E6-113F-4AB1-B8CF-B213343BD0DB}.Debug|Xbox 360.ActiveCfg = Debug|Any CPU
		{77CA64E6-113F-4AB1-B8CF-B213343BD0DB}.iOS|Any CPU.ActiveCfg = Release|Any CPU
		{77CA64E6-113F-4AB1-B8CF-B213343BD0DB}.iOS|Any CPU.Build.0 = Release|Any CPU
		{77CA64E6-113F-4AB1-B8CF-B213343BD0DB}.iOS|Mixed Platforms.ActiveCfg = Release|Any CPU
		{77CA64E6-113F-4AB1-B8CF-B213343BD0DB}.iOS|Mixed Platforms.Build.0 = Release|Any CPU
		{77CA64E6-113F-4AB1-B8CF-B213343BD0DB}.iOS|Windows Phone.ActiveCfg = Release|Any CPU
		{77CA64E6-113F-4AB1-B8CF-B213343BD0DB}.iOS|x86.ActiveCfg = Release|Any CPU
		{77CA64E6-113F-4AB1-B8CF-B213343BD0DB}.iOS|Xbox 360.ActiveCfg = Release|Any CPU
		{77CA64E6-113F-4AB1-B8CF-B213343BD0DB}.Linux|Any CPU.ActiveCfg = Release|Any CPU
		{77CA64E6-113F-4AB1-B8CF-B213343BD0DB}.Linux|Any CPU.Build.0 = Release|Any CPU
		{77CA64E6-113F-4AB1-B8CF-B213343BD0DB}.Linux|Mixed Platforms.ActiveCfg = Release|Any CPU
		{77CA64E6-113F-4AB1-B8CF-B213343BD0DB}.Linux|Mixed Platforms.Build.0 = Release|Any CPU
		{77CA64E6-113F-4AB1-B8CF-B213343BD0DB}.Linux|Windows Phone.ActiveCfg = Release|Any CPU
		{77CA64E6-113F-4AB1-B8CF-B213343BD0DB}.Linux|x86.ActiveCfg = Release|Any CPU
		{77CA64E6-113F-4AB1-B8CF-B213343BD0DB}.Linux|Xbox 360.ActiveCfg = Release|Any CPU
		{77CA64E6-113F-4AB1-B8CF-B213343BD0DB}.OSX|Any CPU.ActiveCfg = Release|Any CPU
		{77CA64E6-113F-4AB1-B8CF-B213343BD0DB}.OSX|Any CPU.Build.0 = Release|Any CPU
		{77CA64E6-113F-4AB1-B8CF-B213343BD0DB}.OSX|Mixed Platforms.ActiveCfg = Release|Any CPU
		{77CA64E6-113F-4AB1-B8CF-B213343BD0DB}.OSX|Mixed Platforms.Build.0 = Release|Any CPU
		{77CA64E6-113F-4AB1-B8CF-B213343BD0DB}.OSX|Windows Phone.ActiveCfg = Release|Any CPU
		{77CA64E6-113F-4AB1-B8CF-B213343BD0DB}.OSX|x86.ActiveCfg = Release|Any CPU
		{77CA64E6-113F-4AB1-B8CF-B213343BD0DB}.OSX|Xbox 360.ActiveCfg = Release|Any CPU
		{77CA64E6-113F-4AB1-B8CF-B213343BD0DB}.PSM|Any CPU.ActiveCfg = Release|Any CPU
		{77CA64E6-113F-4AB1-B8CF-B213343BD0DB}.PSM|Any CPU.Build.0 = Release|Any CPU
		{77CA64E6-113F-4AB1-B8CF-B213343BD0DB}.PSM|Mixed Platforms.ActiveCfg = Release|Any CPU
		{77CA64E6-113F-4AB1-B8CF-B213343BD0DB}.PSM|Mixed Platforms.Build.0 = Release|Any CPU
		{77CA64E6-113F-4AB1-B8CF-B213343BD0DB}.PSM|Windows Phone.ActiveCfg = Release|Any CPU
		{77CA64E6-113F-4AB1-B8CF-B213343BD0DB}.PSM|x86.ActiveCfg = Release|Any CPU
		{77CA64E6-113F-4AB1-B8CF-B213343BD0DB}.PSM|Xbox 360.ActiveCfg = Release|Any CPU
		{77CA64E6-113F-4AB1-B8CF-B213343BD0DB}.Release|Any CPU.ActiveCfg = Release|Any CPU
		{77CA64E6-113F-4AB1-B8CF-B213343BD0DB}.Release|Any CPU.Build.0 = Release|Any CPU
		{77CA64E6-113F-4AB1-B8CF-B213343BD0DB}.Release|Mixed Platforms.ActiveCfg = Release|Any CPU
		{77CA64E6-113F-4AB1-B8CF-B213343BD0DB}.Release|Mixed Platforms.Build.0 = Release|Any CPU
		{77CA64E6-113F-4AB1-B8CF-B213343BD0DB}.Release|Windows Phone.ActiveCfg = Release|Any CPU
		{77CA64E6-113F-4AB1-B8CF-B213343BD0DB}.Release|x86.ActiveCfg = Release|Any CPU
		{77CA64E6-113F-4AB1-B8CF-B213343BD0DB}.Release|Xbox 360.ActiveCfg = Release|Any CPU
		{77CA64E6-113F-4AB1-B8CF-B213343BD0DB}.Windows|Any CPU.ActiveCfg = Release|Any CPU
		{77CA64E6-113F-4AB1-B8CF-B213343BD0DB}.Windows|Any CPU.Build.0 = Release|Any CPU
		{77CA64E6-113F-4AB1-B8CF-B213343BD0DB}.Windows|Mixed Platforms.ActiveCfg = Release|Any CPU
		{77CA64E6-113F-4AB1-B8CF-B213343BD0DB}.Windows|Mixed Platforms.Build.0 = Release|Any CPU
		{77CA64E6-113F-4AB1-B8CF-B213343BD0DB}.Windows|Windows Phone.ActiveCfg = Release|Any CPU
		{77CA64E6-113F-4AB1-B8CF-B213343BD0DB}.Windows|x86.ActiveCfg = Release|Any CPU
		{77CA64E6-113F-4AB1-B8CF-B213343BD0DB}.Windows|Xbox 360.ActiveCfg = Release|Any CPU
		{77CA64E6-113F-4AB1-B8CF-B213343BD0DB}.Windows8|Any CPU.ActiveCfg = Release|Any CPU
		{77CA64E6-113F-4AB1-B8CF-B213343BD0DB}.Windows8|Any CPU.Build.0 = Release|Any CPU
		{77CA64E6-113F-4AB1-B8CF-B213343BD0DB}.Windows8|Mixed Platforms.ActiveCfg = Release|Any CPU
		{77CA64E6-113F-4AB1-B8CF-B213343BD0DB}.Windows8|Mixed Platforms.Build.0 = Release|Any CPU
		{77CA64E6-113F-4AB1-B8CF-B213343BD0DB}.Windows8|Windows Phone.ActiveCfg = Release|Any CPU
		{77CA64E6-113F-4AB1-B8CF-B213343BD0DB}.Windows8|x86.ActiveCfg = Release|Any CPU
		{77CA64E6-113F-4AB1-B8CF-B213343BD0DB}.Windows8|Xbox 360.ActiveCfg = Release|Any CPU
		{98EF2E0C-FE42-4B61-8F9D-214437C05A5D}.Android|Any CPU.ActiveCfg = Release|Any CPU
		{98EF2E0C-FE42-4B61-8F9D-214437C05A5D}.Android|Any CPU.Build.0 = Release|Any CPU
		{98EF2E0C-FE42-4B61-8F9D-214437C05A5D}.Android|Mixed Platforms.ActiveCfg = Release|Any CPU
		{98EF2E0C-FE42-4B61-8F9D-214437C05A5D}.Android|Mixed Platforms.Build.0 = Release|Any CPU
		{98EF2E0C-FE42-4B61-8F9D-214437C05A5D}.Android|Windows Phone.ActiveCfg = Release|Any CPU
		{98EF2E0C-FE42-4B61-8F9D-214437C05A5D}.Android|x86.ActiveCfg = Release|Any CPU
		{98EF2E0C-FE42-4B61-8F9D-214437C05A5D}.Android|Xbox 360.ActiveCfg = Release|Any CPU
		{98EF2E0C-FE42-4B61-8F9D-214437C05A5D}.Debug|Any CPU.ActiveCfg = Debug|Any CPU
		{98EF2E0C-FE42-4B61-8F9D-214437C05A5D}.Debug|Any CPU.Build.0 = Debug|Any CPU
		{98EF2E0C-FE42-4B61-8F9D-214437C05A5D}.Debug|Mixed Platforms.ActiveCfg = Debug|Any CPU
		{98EF2E0C-FE42-4B61-8F9D-214437C05A5D}.Debug|Mixed Platforms.Build.0 = Debug|Any CPU
		{98EF2E0C-FE42-4B61-8F9D-214437C05A5D}.Debug|Windows Phone.ActiveCfg = Debug|Any CPU
		{98EF2E0C-FE42-4B61-8F9D-214437C05A5D}.Debug|x86.ActiveCfg = Debug|Any CPU
		{98EF2E0C-FE42-4B61-8F9D-214437C05A5D}.Debug|Xbox 360.ActiveCfg = Debug|Any CPU
		{98EF2E0C-FE42-4B61-8F9D-214437C05A5D}.iOS|Any CPU.ActiveCfg = Release|Any CPU
		{98EF2E0C-FE42-4B61-8F9D-214437C05A5D}.iOS|Any CPU.Build.0 = Release|Any CPU
		{98EF2E0C-FE42-4B61-8F9D-214437C05A5D}.iOS|Mixed Platforms.ActiveCfg = Release|Any CPU
		{98EF2E0C-FE42-4B61-8F9D-214437C05A5D}.iOS|Mixed Platforms.Build.0 = Release|Any CPU
		{98EF2E0C-FE42-4B61-8F9D-214437C05A5D}.iOS|Windows Phone.ActiveCfg = Release|Any CPU
		{98EF2E0C-FE42-4B61-8F9D-214437C05A5D}.iOS|x86.ActiveCfg = Release|Any CPU
		{98EF2E0C-FE42-4B61-8F9D-214437C05A5D}.iOS|Xbox 360.ActiveCfg = Release|Any CPU
		{98EF2E0C-FE42-4B61-8F9D-214437C05A5D}.Linux|Any CPU.ActiveCfg = Release|Any CPU
		{98EF2E0C-FE42-4B61-8F9D-214437C05A5D}.Linux|Any CPU.Build.0 = Release|Any CPU
		{98EF2E0C-FE42-4B61-8F9D-214437C05A5D}.Linux|Mixed Platforms.ActiveCfg = Release|Any CPU
		{98EF2E0C-FE42-4B61-8F9D-214437C05A5D}.Linux|Mixed Platforms.Build.0 = Release|Any CPU
		{98EF2E0C-FE42-4B61-8F9D-214437C05A5D}.Linux|Windows Phone.ActiveCfg = Release|Any CPU
		{98EF2E0C-FE42-4B61-8F9D-214437C05A5D}.Linux|x86.ActiveCfg = Release|Any CPU
		{98EF2E0C-FE42-4B61-8F9D-214437C05A5D}.Linux|Xbox 360.ActiveCfg = Release|Any CPU
		{98EF2E0C-FE42-4B61-8F9D-214437C05A5D}.OSX|Any CPU.ActiveCfg = Release|Any CPU
		{98EF2E0C-FE42-4B61-8F9D-214437C05A5D}.OSX|Any CPU.Build.0 = Release|Any CPU
		{98EF2E0C-FE42-4B61-8F9D-214437C05A5D}.OSX|Mixed Platforms.ActiveCfg = Release|Any CPU
		{98EF2E0C-FE42-4B61-8F9D-214437C05A5D}.OSX|Mixed Platforms.Build.0 = Release|Any CPU
		{98EF2E0C-FE42-4B61-8F9D-214437C05A5D}.OSX|Windows Phone.ActiveCfg = Release|Any CPU
		{98EF2E0C-FE42-4B61-8F9D-214437C05A5D}.OSX|x86.ActiveCfg = Release|Any CPU
		{98EF2E0C-FE42-4B61-8F9D-214437C05A5D}.OSX|Xbox 360.ActiveCfg = Release|Any CPU
		{98EF2E0C-FE42-4B61-8F9D-214437C05A5D}.PSM|Any CPU.ActiveCfg = Release|Any CPU
		{98EF2E0C-FE42-4B61-8F9D-214437C05A5D}.PSM|Any CPU.Build.0 = Release|Any CPU
		{98EF2E0C-FE42-4B61-8F9D-214437C05A5D}.PSM|Mixed Platforms.ActiveCfg = Release|Any CPU
		{98EF2E0C-FE42-4B61-8F9D-214437C05A5D}.PSM|Mixed Platforms.Build.0 = Release|Any CPU
		{98EF2E0C-FE42-4B61-8F9D-214437C05A5D}.PSM|Windows Phone.ActiveCfg = Release|Any CPU
		{98EF2E0C-FE42-4B61-8F9D-214437C05A5D}.PSM|x86.ActiveCfg = Release|Any CPU
		{98EF2E0C-FE42-4B61-8F9D-214437C05A5D}.PSM|Xbox 360.ActiveCfg = Release|Any CPU
		{98EF2E0C-FE42-4B61-8F9D-214437C05A5D}.Release|Any CPU.ActiveCfg = Release|Any CPU
		{98EF2E0C-FE42-4B61-8F9D-214437C05A5D}.Release|Any CPU.Build.0 = Release|Any CPU
		{98EF2E0C-FE42-4B61-8F9D-214437C05A5D}.Release|Mixed Platforms.ActiveCfg = Release|Any CPU
		{98EF2E0C-FE42-4B61-8F9D-214437C05A5D}.Release|Mixed Platforms.Build.0 = Release|Any CPU
		{98EF2E0C-FE42-4B61-8F9D-214437C05A5D}.Release|Windows Phone.ActiveCfg = Release|Any CPU
		{98EF2E0C-FE42-4B61-8F9D-214437C05A5D}.Release|x86.ActiveCfg = Release|Any CPU
		{98EF2E0C-FE42-4B61-8F9D-214437C05A5D}.Release|Xbox 360.ActiveCfg = Release|Any CPU
		{98EF2E0C-FE42-4B61-8F9D-214437C05A5D}.Windows|Any CPU.ActiveCfg = Release|Any CPU
		{98EF2E0C-FE42-4B61-8F9D-214437C05A5D}.Windows|Any CPU.Build.0 = Release|Any CPU
		{98EF2E0C-FE42-4B61-8F9D-214437C05A5D}.Windows|Mixed Platforms.ActiveCfg = Release|Any CPU
		{98EF2E0C-FE42-4B61-8F9D-214437C05A5D}.Windows|Mixed Platforms.Build.0 = Release|Any CPU
		{98EF2E0C-FE42-4B61-8F9D-214437C05A5D}.Windows|Windows Phone.ActiveCfg = Release|Any CPU
		{98EF2E0C-FE42-4B61-8F9D-214437C05A5D}.Windows|x86.ActiveCfg = Release|Any CPU
		{98EF2E0C-FE42-4B61-8F9D-214437C05A5D}.Windows|Xbox 360.ActiveCfg = Release|Any CPU
		{98EF2E0C-FE42-4B61-8F9D-214437C05A5D}.Windows8|Any CPU.ActiveCfg = Release|Any CPU
		{98EF2E0C-FE42-4B61-8F9D-214437C05A5D}.Windows8|Any CPU.Build.0 = Release|Any CPU
		{98EF2E0C-FE42-4B61-8F9D-214437C05A5D}.Windows8|Mixed Platforms.ActiveCfg = Release|Any CPU
		{98EF2E0C-FE42-4B61-8F9D-214437C05A5D}.Windows8|Mixed Platforms.Build.0 = Release|Any CPU
		{98EF2E0C-FE42-4B61-8F9D-214437C05A5D}.Windows8|Windows Phone.ActiveCfg = Release|Any CPU
		{98EF2E0C-FE42-4B61-8F9D-214437C05A5D}.Windows8|x86.ActiveCfg = Release|Any CPU
		{98EF2E0C-FE42-4B61-8F9D-214437C05A5D}.Windows8|Xbox 360.ActiveCfg = Release|Any CPU
	EndGlobalSection
	GlobalSection(SolutionProperties) = preSolution
		HideSolutionNode = FALSE
	EndGlobalSection
	GlobalSection(NestedProjects) = preSolution
		{360EB797-331E-4A3E-9168-4CE3B260F13E} = {66E78A89-A907-4F4D-9C40-5217C3C81097}
		{566F1803-90B5-4947-8730-57F092FBB002} = {66E78A89-A907-4F4D-9C40-5217C3C81097}
		{2ACA1733-86AF-404D-B8DB-333990D68DCE} = {66E78A89-A907-4F4D-9C40-5217C3C81097}
		{0AAD36E3-51A5-4A07-AB60-5C8A66BD38B7} = {66E78A89-A907-4F4D-9C40-5217C3C81097}
		{786DC838-D746-4107-93FF-19A902A78CFC} = {B5823B77-2427-4244-86B2-85BEA6C50FDC}
		{77CA64E6-113F-4AB1-B8CF-B213343BD0DB} = {B5823B77-2427-4244-86B2-85BEA6C50FDC}
		{98EF2E0C-FE42-4B61-8F9D-214437C05A5D} = {B5823B77-2427-4244-86B2-85BEA6C50FDC}
	EndGlobalSection
EndGlobal
