
Microsoft Visual Studio Solution File, Format Version 12.00
# Visual Studio 2012
Project("{FAE04EC0-301F-11D3-BF4B-00C04F79EFBC}") = "Farseer Physics", "SourceFiles\Farseer Physics.csproj", "{A4610E4C-DD34-428B-BABB-779CA0B5993A}"
EndProject
Project("{FAE04EC0-301F-11D3-BF4B-00C04F79EFBC}") = "Farseer Physics XNA", "SourceFiles\Farseer Physics XNA.csproj", "{0A850700-1ABB-4288-A391-6726B90EBEB9}"
EndProject
Project("{FAE04EC0-301F-11D3-BF4B-00C04F79EFBC}") = "Farseer Physics Silverlight", "SourceFiles\Farseer Physics Silverlight.csproj", "{786DC838-D746-4107-93FF-19A902A78CFC}"
EndProject
Project("{FAE04EC0-301F-11D3-BF4B-00C04F79EFBC}") = "TestBed XNA", "Samples\TestbedXNA\TestBed XNA.csproj", "{299B2C66-6731-4FC6-8E2D-F08BBE2F999C}"
EndProject
Project("{FAE04EC0-301F-11D3-BF4B-00C04F79EFBC}") = "SimpleSamples Silverlight", "Samples\SimpleSamplesSilverlight\SimpleSamples Silverlight.csproj", "{77CA64E6-113F-4AB1-B8CF-B213343BD0DB}"
EndProject
Project("{FAE04EC0-301F-11D3-BF4B-00C04F79EFBC}") = "Samples XNA", "Samples\Samples XNA\Samples XNA\Samples XNA.csproj", "{1681ADA2-B2F3-4157-A603-82C742379856}"
EndProject
Project("{FAE04EC0-301F-11D3-BF4B-00C04F79EFBC}") = "HelloWorld XNA", "Samples\HelloWorldXNA\HelloWorld XNA.csproj", "{6AC89BBA-31DB-462D-ACD0-3E828594939E}"
EndProject
Project("{FAE04EC0-301F-11D3-BF4B-00C04F79EFBC}") = "DemoBase Silverlight", "Samples\DemoBaseSilverlight\DemoBase Silverlight.csproj", "{322609A9-0094-4B4E-B083-D8A30CF33107}"
EndProject
Project("{FAE04EC0-301F-11D3-BF4B-00C04F79EFBC}") = "TestBed WP7", "Samples\TestbedXNA\TestBed WP7.csproj", "{9C81D9B2-2691-440F-8A7C-AD2A4206D5F2}"
EndProject
Project("{FAE04EC0-301F-11D3-BF4B-00C04F79EFBC}") = "TestBed XNA Xbox360", "Samples\TestbedXNA\TestBed XNA Xbox360.csproj", "{09E76189-4AAE-4EDD-8605-B7C1982978FA}"
EndProject
Project("{FAE04EC0-301F-11D3-BF4B-00C04F79EFBC}") = "Farseer Physics Xbox360", "SourceFiles\Farseer Physics Xbox360.csproj", "{448C63FB-8177-4CC6-B2AD-1D44031B3C2E}"
EndProject
Project("{FAE04EC0-301F-11D3-BF4B-00C04F79EFBC}") = "Farseer Physics WP7", "SourceFiles\Farseer Physics WP7.csproj", "{4DA8DC0C-EC1E-4C31-8B00-9C0DB87C5D0A}"
EndProject
Project("{FAE04EC0-301F-11D3-BF4B-00C04F79EFBC}") = "DebugView XNA", "DebugViews\DebugViewXNA\DebugView XNA.csproj", "{FC7845FA-13FE-4FF8-822A-A577F3F59B00}"
EndProject
Project("{FAE04EC0-301F-11D3-BF4B-00C04F79EFBC}") = "DebugView WP7", "DebugViews\DebugViewXNA\DebugView WP7.csproj", "{F658A60D-5941-4CBE-8EC1-8AE20E93F60E}"
EndProject
Project("{FAE04EC0-301F-11D3-BF4B-00C04F79EFBC}") = "DebugView Xbox360", "DebugViews\DebugViewXNA\DebugView Xbox360.csproj", "{4897A388-8A29-4D6E-A737-50B82A46B543}"
EndProject
Project("{FAE04EC0-301F-11D3-BF4B-00C04F79EFBC}") = "DebugView Silverlight", "DebugViews\DebugViewSilverlight\DebugView Silverlight.csproj", "{98EF2E0C-FE42-4B61-8F9D-214437C05A5D}"
EndProject
Project("{2150E333-8FDC-42A3-9474-1A3956D46DE8}") = "WP7", "WP7", "{4688ACC4-88F5-41A8-B243-19332B69FDC9}"
EndProject
Project("{2150E333-8FDC-42A3-9474-1A3956D46DE8}") = "Silverlight", "Silverlight", "{35ED807D-3AE9-49F3-896A-B349D21700C6}"
EndProject
Project("{2150E333-8FDC-42A3-9474-1A3956D46DE8}") = "Xbox360", "Xbox360", "{7330C8AF-2535-4F23-9A0A-87050B245C68}"
EndProject
Project("{2150E333-8FDC-42A3-9474-1A3956D46DE8}") = "XNA", "XNA", "{E662B67C-5BEC-409D-9564-A82CBC1A0120}"
EndProject
Project("{2150E333-8FDC-42A3-9474-1A3956D46DE8}") = "Android", "Android", "{2E890ABB-C646-42F9-9845-DD951944EDD7}"
EndProject
Project("{FAE04EC0-301F-11D3-BF4B-00C04F79EFBC}") = "Farseer Physics Android", "SourceFiles\Farseer Physics Android.csproj", "{8428E429-4098-4EA4-B2BC-C54BA06B8516}"
EndProject
Project("{FAE04EC0-301F-11D3-BF4B-00C04F79EFBC}") = "Farseer Physics MacOS", "SourceFiles\Farseer Physics MacOS.csproj", "{27FAD6F7-5FCF-4410-A8DA-D02C4C1E1F8C}"
EndProject
Project("{2150E333-8FDC-42A3-9474-1A3956D46DE8}") = "MacOS", "MacOS", "{85C26571-BC27-4578-8C1C-F04C8F5EF911}"
EndProject
Global
	GlobalSection(TeamFoundationVersionControl) = preSolution
		SccNumberOfProjects = 19
		SccEnterpriseProvider = {4CA58AB2-18FA-4F8D-95D4-32DDF27D184C}
		SccTeamFoundationServer = https://tfs.codeplex.com/tfs/tfs01
		SccLocalPath0 = .
		SccProjectUniqueName1 = SourceFiles\\Farseer\u0020Physics\u0020XNA.csproj
		SccProjectTopLevelParentUniqueName1 = Farseer\u0020Physics\u0020Engine.sln
		SccProjectName1 = SourceFiles
		SccLocalPath1 = SourceFiles
		SccProjectUniqueName2 = Samples\\TestbedXNA\\TestBed\u0020XNA.csproj
		SccProjectTopLevelParentUniqueName2 = Farseer\u0020Physics\u0020Engine.sln
		SccProjectName2 = Samples/TestbedXNA
		SccLocalPath2 = Samples\\TestbedXNA
		SccProjectUniqueName3 = Samples\\SimpleSamplesSilverlight\\SimpleSamples\u0020Silverlight.csproj
		SccProjectTopLevelParentUniqueName3 = Farseer\u0020Physics\u0020Engine.sln
		SccProjectName3 = Samples/SimpleSamplesSilverlight
		SccLocalPath3 = Samples\\SimpleSamplesSilverlight
		SccProjectUniqueName4 = Samples\\Samples\u0020XNA\\Samples\u0020XNA\\Samples\u0020XNA.csproj
		SccProjectTopLevelParentUniqueName4 = Farseer\u0020Physics\u0020Engine.sln
		SccProjectName4 = Samples/Samples\u0020XNA/Samples\u0020XNA
		SccLocalPath4 = Samples\\Samples\u0020XNA\\Samples\u0020XNA
		SccProjectUniqueName5 = Samples\\HelloWorldXNA\\HelloWorld\u0020XNA.csproj
		SccProjectTopLevelParentUniqueName5 = Farseer\u0020Physics\u0020Engine.sln
		SccProjectName5 = Samples/HelloWorldXNA
		SccLocalPath5 = Samples\\HelloWorldXNA
		SccProjectUniqueName6 = Samples\\DemoBaseSilverlight\\DemoBase\u0020Silverlight.csproj
		SccProjectTopLevelParentUniqueName6 = Farseer\u0020Physics\u0020Engine.sln
		SccProjectName6 = Samples/DemoBaseSilverlight
		SccLocalPath6 = Samples\\DemoBaseSilverlight
		SccProjectUniqueName7 = Samples\\TestbedXNA\\TestBed\u0020XNA\u0020Xbox360.csproj
		SccProjectTopLevelParentUniqueName7 = Farseer\u0020Physics\u0020Engine.sln
		SccProjectName7 = Samples/TestbedXNA
		SccLocalPath7 = Samples\\TestbedXNA
		SccProjectUniqueName8 = SourceFiles\\Farseer\u0020Physics\u0020Xbox360.csproj
		SccProjectTopLevelParentUniqueName8 = Farseer\u0020Physics\u0020Engine.sln
		SccProjectName8 = SourceFiles
		SccLocalPath8 = SourceFiles
		SccProjectUniqueName9 = SourceFiles\\Farseer\u0020Physics\u0020WP7.csproj
		SccProjectTopLevelParentUniqueName9 = Farseer\u0020Physics\u0020Engine.sln
		SccProjectName9 = SourceFiles
		SccLocalPath9 = SourceFiles
		SccProjectUniqueName10 = DebugViews\\DebugViewSilverlight\\DebugView\u0020Silverlight.csproj
		SccProjectTopLevelParentUniqueName10 = Farseer\u0020Physics\u0020Engine.sln
		SccProjectName10 = DebugViews/DebugViewSilverlight
		SccLocalPath10 = DebugViews\\DebugViewSilverlight
		SccProjectUniqueName11 = DebugViews\\DebugViewXNA\\DebugView\u0020WP7.csproj
		SccProjectTopLevelParentUniqueName11 = Farseer\u0020Physics\u0020Engine.sln
		SccProjectName11 = DebugViews/DebugViewXNA
		SccLocalPath11 = DebugViews\\DebugViewXNA
		SccProjectUniqueName12 = DebugViews\\DebugViewXNA\\DebugView\u0020Xbox360.csproj
		SccProjectTopLevelParentUniqueName12 = Farseer\u0020Physics\u0020Engine.sln
		SccProjectName12 = DebugViews/DebugViewXNA
		SccLocalPath12 = DebugViews\\DebugViewXNA
		SccProjectUniqueName13 = DebugViews\\DebugViewXNA\\DebugView\u0020XNA.csproj
		SccProjectTopLevelParentUniqueName13 = Farseer\u0020Physics\u0020Engine.sln
		SccProjectName13 = DebugViews/DebugViewXNA
		SccLocalPath13 = DebugViews\\DebugViewXNA
		SccProjectUniqueName14 = Samples\\TestbedXNA\\TestBed\u0020WP7.csproj
		SccProjectTopLevelParentUniqueName14 = Farseer\u0020Physics\u0020Engine.sln
		SccProjectName14 = Samples/TestbedXNA
		SccLocalPath14 = Samples\\TestbedXNA
		SccProjectUniqueName15 = SourceFiles\\Farseer\u0020Physics\u0020Silverlight.csproj
		SccProjectTopLevelParentUniqueName15 = Farseer\u0020Physics\u0020Engine.sln
		SccProjectName15 = SourceFiles
		SccLocalPath15 = SourceFiles
		SccProjectUniqueName16 = SourceFiles\\Farseer\u0020Physics.csproj
		SccProjectName16 = SourceFiles
		SccLocalPath16 = SourceFiles
		SccProjectUniqueName17 = SourceFiles\\Farseer\u0020Physics\u0020Android.csproj
		SccProjectTopLevelParentUniqueName17 = Farseer\u0020Physics\u0020Engine.sln
		SccProjectName17 = SourceFiles
		SccLocalPath17 = SourceFiles
		SccProjectUniqueName18 = SourceFiles\\Farseer\u0020Physics\u0020MacOS.csproj
		SccProjectTopLevelParentUniqueName18 = Farseer\u0020Physics\u0020Engine.sln
		SccProjectName18 = SourceFiles
		SccLocalPath18 = SourceFiles
	EndGlobalSection
	GlobalSection(SolutionConfigurationPlatforms) = preSolution
		Debug|Any CPU = Debug|Any CPU
		Debug|Mixed Platforms = Debug|Mixed Platforms
		Debug|Windows Phone = Debug|Windows Phone
		Debug|x86 = Debug|x86
		Debug|Xbox 360 = Debug|Xbox 360
		Release|Any CPU = Release|Any CPU
		Release|Mixed Platforms = Release|Mixed Platforms
		Release|Windows Phone = Release|Windows Phone
		Release|x86 = Release|x86
		Release|Xbox 360 = Release|Xbox 360
	EndGlobalSection
	GlobalSection(ProjectConfigurationPlatforms) = postSolution
		{A4610E4C-DD34-428B-BABB-779CA0B5993A}.Debug|Any CPU.ActiveCfg = Debug|Any CPU
		{A4610E4C-DD34-428B-BABB-779CA0B5993A}.Debug|Any CPU.Build.0 = Debug|Any CPU
		{A4610E4C-DD34-428B-BABB-779CA0B5993A}.Debug|Mixed Platforms.ActiveCfg = Debug|Any CPU
		{A4610E4C-DD34-428B-BABB-779CA0B5993A}.Debug|Mixed Platforms.Build.0 = Debug|Any CPU
		{A4610E4C-DD34-428B-BABB-779CA0B5993A}.Debug|Windows Phone.ActiveCfg = Debug|Any CPU
		{A4610E4C-DD34-428B-BABB-779CA0B5993A}.Debug|x86.ActiveCfg = Debug|Any CPU
		{A4610E4C-DD34-428B-BABB-779CA0B5993A}.Debug|Xbox 360.ActiveCfg = Debug|Any CPU
		{A4610E4C-DD34-428B-BABB-779CA0B5993A}.Release|Any CPU.ActiveCfg = Release|Any CPU
		{A4610E4C-DD34-428B-BABB-779CA0B5993A}.Release|Any CPU.Build.0 = Release|Any CPU
		{A4610E4C-DD34-428B-BABB-779CA0B5993A}.Release|Mixed Platforms.ActiveCfg = Release|Any CPU
		{A4610E4C-DD34-428B-BABB-779CA0B5993A}.Release|Mixed Platforms.Build.0 = Release|Any CPU
		{A4610E4C-DD34-428B-BABB-779CA0B5993A}.Release|Windows Phone.ActiveCfg = Release|Any CPU
		{A4610E4C-DD34-428B-BABB-779CA0B5993A}.Release|x86.ActiveCfg = Release|Any CPU
		{A4610E4C-DD34-428B-BABB-779CA0B5993A}.Release|Xbox 360.ActiveCfg = Release|Any CPU
		{0A850700-1ABB-4288-A391-6726B90EBEB9}.Debug|Any CPU.ActiveCfg = Debug|x86
		{0A850700-1ABB-4288-A391-6726B90EBEB9}.Debug|Mixed Platforms.ActiveCfg = Debug|x86
		{0A850700-1ABB-4288-A391-6726B90EBEB9}.Debug|Mixed Platforms.Build.0 = Debug|x86
		{0A850700-1ABB-4288-A391-6726B90EBEB9}.Debug|Windows Phone.ActiveCfg = Debug|x86
		{0A850700-1ABB-4288-A391-6726B90EBEB9}.Debug|Windows Phone.Build.0 = Debug|x86
		{0A850700-1ABB-4288-A391-6726B90EBEB9}.Debug|x86.ActiveCfg = Debug|x86
		{0A850700-1ABB-4288-A391-6726B90EBEB9}.Debug|x86.Build.0 = Debug|x86
		{0A850700-1ABB-4288-A391-6726B90EBEB9}.Debug|Xbox 360.ActiveCfg = Debug|x86
		{0A850700-1ABB-4288-A391-6726B90EBEB9}.Debug|Xbox 360.Build.0 = Debug|x86
		{0A850700-1ABB-4288-A391-6726B90EBEB9}.Release|Any CPU.ActiveCfg = Release|x86
		{0A850700-1ABB-4288-A391-6726B90EBEB9}.Release|Mixed Platforms.ActiveCfg = Release|x86
		{0A850700-1ABB-4288-A391-6726B90EBEB9}.Release|Mixed Platforms.Build.0 = Release|x86
		{0A850700-1ABB-4288-A391-6726B90EBEB9}.Release|Windows Phone.ActiveCfg = Release|x86
		{0A850700-1ABB-4288-A391-6726B90EBEB9}.Release|Windows Phone.Build.0 = Release|x86
		{0A850700-1ABB-4288-A391-6726B90EBEB9}.Release|x86.ActiveCfg = Release|x86
		{0A850700-1ABB-4288-A391-6726B90EBEB9}.Release|x86.Build.0 = Release|x86
		{0A850700-1ABB-4288-A391-6726B90EBEB9}.Release|Xbox 360.ActiveCfg = Release|x86
		{0A850700-1ABB-4288-A391-6726B90EBEB9}.Release|Xbox 360.Build.0 = Release|x86
		{786DC838-D746-4107-93FF-19A902A78CFC}.Debug|Any CPU.ActiveCfg = Debug|Any CPU
		{786DC838-D746-4107-93FF-19A902A78CFC}.Debug|Any CPU.Build.0 = Debug|Any CPU
		{786DC838-D746-4107-93FF-19A902A78CFC}.Debug|Mixed Platforms.ActiveCfg = Debug|Any CPU
		{786DC838-D746-4107-93FF-19A902A78CFC}.Debug|Mixed Platforms.Build.0 = Debug|Any CPU
		{786DC838-D746-4107-93FF-19A902A78CFC}.Debug|Windows Phone.ActiveCfg = Debug|Any CPU
		{786DC838-D746-4107-93FF-19A902A78CFC}.Debug|x86.ActiveCfg = Debug|Any CPU
		{786DC838-D746-4107-93FF-19A902A78CFC}.Debug|Xbox 360.ActiveCfg = Debug|Any CPU
		{786DC838-D746-4107-93FF-19A902A78CFC}.Release|Any CPU.ActiveCfg = Release|Any CPU
		{786DC838-D746-4107-93FF-19A902A78CFC}.Release|Any CPU.Build.0 = Release|Any CPU
		{786DC838-D746-4107-93FF-19A902A78CFC}.Release|Mixed Platforms.ActiveCfg = Release|Any CPU
		{786DC838-D746-4107-93FF-19A902A78CFC}.Release|Mixed Platforms.Build.0 = Release|Any CPU
		{786DC838-D746-4107-93FF-19A902A78CFC}.Release|Windows Phone.ActiveCfg = Release|Any CPU
		{786DC838-D746-4107-93FF-19A902A78CFC}.Release|x86.ActiveCfg = Release|Any CPU
		{786DC838-D746-4107-93FF-19A902A78CFC}.Release|Xbox 360.ActiveCfg = Release|Any CPU
		{299B2C66-6731-4FC6-8E2D-F08BBE2F999C}.Debug|Any CPU.ActiveCfg = Debug|x86
		{299B2C66-6731-4FC6-8E2D-F08BBE2F999C}.Debug|Mixed Platforms.ActiveCfg = Debug|x86
		{299B2C66-6731-4FC6-8E2D-F08BBE2F999C}.Debug|Mixed Platforms.Build.0 = Debug|x86
		{299B2C66-6731-4FC6-8E2D-F08BBE2F999C}.Debug|Windows Phone.ActiveCfg = Debug|x86
		{299B2C66-6731-4FC6-8E2D-F08BBE2F999C}.Debug|Windows Phone.Build.0 = Debug|x86
		{299B2C66-6731-4FC6-8E2D-F08BBE2F999C}.Debug|x86.ActiveCfg = Debug|x86
		{299B2C66-6731-4FC6-8E2D-F08BBE2F999C}.Debug|x86.Build.0 = Debug|x86
		{299B2C66-6731-4FC6-8E2D-F08BBE2F999C}.Debug|Xbox 360.ActiveCfg = Debug|x86
		{299B2C66-6731-4FC6-8E2D-F08BBE2F999C}.Debug|Xbox 360.Build.0 = Debug|x86
		{299B2C66-6731-4FC6-8E2D-F08BBE2F999C}.Release|Any CPU.ActiveCfg = Release|x86
		{299B2C66-6731-4FC6-8E2D-F08BBE2F999C}.Release|Mixed Platforms.ActiveCfg = Release|x86
		{299B2C66-6731-4FC6-8E2D-F08BBE2F999C}.Release|Mixed Platforms.Build.0 = Release|x86
		{299B2C66-6731-4FC6-8E2D-F08BBE2F999C}.Release|Windows Phone.ActiveCfg = Release|x86
		{299B2C66-6731-4FC6-8E2D-F08BBE2F999C}.Release|Windows Phone.Build.0 = Release|x86
		{299B2C66-6731-4FC6-8E2D-F08BBE2F999C}.Release|x86.ActiveCfg = Release|x86
		{299B2C66-6731-4FC6-8E2D-F08BBE2F999C}.Release|x86.Build.0 = Release|x86
		{299B2C66-6731-4FC6-8E2D-F08BBE2F999C}.Release|Xbox 360.ActiveCfg = Release|x86
		{299B2C66-6731-4FC6-8E2D-F08BBE2F999C}.Release|Xbox 360.Build.0 = Release|x86
		{77CA64E6-113F-4AB1-B8CF-B213343BD0DB}.Debug|Any CPU.ActiveCfg = Debug|Any CPU
		{77CA64E6-113F-4AB1-B8CF-B213343BD0DB}.Debug|Any CPU.Build.0 = Debug|Any CPU
		{77CA64E6-113F-4AB1-B8CF-B213343BD0DB}.Debug|Mixed Platforms.ActiveCfg = Debug|Any CPU
		{77CA64E6-113F-4AB1-B8CF-B213343BD0DB}.Debug|Mixed Platforms.Build.0 = Debug|Any CPU
		{77CA64E6-113F-4AB1-B8CF-B213343BD0DB}.Debug|Windows Phone.ActiveCfg = Debug|Any CPU
		{77CA64E6-113F-4AB1-B8CF-B213343BD0DB}.Debug|x86.ActiveCfg = Debug|Any CPU
		{77CA64E6-113F-4AB1-B8CF-B213343BD0DB}.Debug|Xbox 360.ActiveCfg = Debug|Any CPU
		{77CA64E6-113F-4AB1-B8CF-B213343BD0DB}.Release|Any CPU.ActiveCfg = Release|Any CPU
		{77CA64E6-113F-4AB1-B8CF-B213343BD0DB}.Release|Any CPU.Build.0 = Release|Any CPU
		{77CA64E6-113F-4AB1-B8CF-B213343BD0DB}.Release|Mixed Platforms.ActiveCfg = Release|Any CPU
		{77CA64E6-113F-4AB1-B8CF-B213343BD0DB}.Release|Mixed Platforms.Build.0 = Release|Any CPU
		{77CA64E6-113F-4AB1-B8CF-B213343BD0DB}.Release|Windows Phone.ActiveCfg = Release|Any CPU
		{77CA64E6-113F-4AB1-B8CF-B213343BD0DB}.Release|x86.ActiveCfg = Release|Any CPU
		{77CA64E6-113F-4AB1-B8CF-B213343BD0DB}.Release|Xbox 360.ActiveCfg = Release|Any CPU
		{1681ADA2-B2F3-4157-A603-82C742379856}.Debug|Any CPU.ActiveCfg = Debug|x86
		{1681ADA2-B2F3-4157-A603-82C742379856}.Debug|Mixed Platforms.ActiveCfg = Debug|x86
		{1681ADA2-B2F3-4157-A603-82C742379856}.Debug|Mixed Platforms.Build.0 = Debug|x86
		{1681ADA2-B2F3-4157-A603-82C742379856}.Debug|Windows Phone.ActiveCfg = Debug|x86
		{1681ADA2-B2F3-4157-A603-82C742379856}.Debug|Windows Phone.Build.0 = Debug|x86
		{1681ADA2-B2F3-4157-A603-82C742379856}.Debug|x86.ActiveCfg = Debug|x86
		{1681ADA2-B2F3-4157-A603-82C742379856}.Debug|x86.Build.0 = Debug|x86
		{1681ADA2-B2F3-4157-A603-82C742379856}.Debug|Xbox 360.ActiveCfg = Debug|x86
		{1681ADA2-B2F3-4157-A603-82C742379856}.Debug|Xbox 360.Build.0 = Debug|x86
		{1681ADA2-B2F3-4157-A603-82C742379856}.Release|Any CPU.ActiveCfg = Release|x86
		{1681ADA2-B2F3-4157-A603-82C742379856}.Release|Mixed Platforms.ActiveCfg = Release|x86
		{1681ADA2-B2F3-4157-A603-82C742379856}.Release|Mixed Platforms.Build.0 = Release|x86
		{1681ADA2-B2F3-4157-A603-82C742379856}.Release|Windows Phone.ActiveCfg = Release|x86
		{1681ADA2-B2F3-4157-A603-82C742379856}.Release|Windows Phone.Build.0 = Release|x86
		{1681ADA2-B2F3-4157-A603-82C742379856}.Release|x86.ActiveCfg = Release|x86
		{1681ADA2-B2F3-4157-A603-82C742379856}.Release|x86.Build.0 = Release|x86
		{1681ADA2-B2F3-4157-A603-82C742379856}.Release|Xbox 360.ActiveCfg = Release|x86
		{1681ADA2-B2F3-4157-A603-82C742379856}.Release|Xbox 360.Build.0 = Release|x86
		{6AC89BBA-31DB-462D-ACD0-3E828594939E}.Debug|Any CPU.ActiveCfg = Debug|x86
		{6AC89BBA-31DB-462D-ACD0-3E828594939E}.Debug|Mixed Platforms.ActiveCfg = Debug|x86
		{6AC89BBA-31DB-462D-ACD0-3E828594939E}.Debug|Mixed Platforms.Build.0 = Debug|x86
		{6AC89BBA-31DB-462D-ACD0-3E828594939E}.Debug|Windows Phone.ActiveCfg = Debug|x86
		{6AC89BBA-31DB-462D-ACD0-3E828594939E}.Debug|Windows Phone.Build.0 = Debug|x86
		{6AC89BBA-31DB-462D-ACD0-3E828594939E}.Debug|x86.ActiveCfg = Debug|x86
		{6AC89BBA-31DB-462D-ACD0-3E828594939E}.Debug|x86.Build.0 = Debug|x86
		{6AC89BBA-31DB-462D-ACD0-3E828594939E}.Debug|Xbox 360.ActiveCfg = Debug|x86
		{6AC89BBA-31DB-462D-ACD0-3E828594939E}.Debug|Xbox 360.Build.0 = Debug|x86
		{6AC89BBA-31DB-462D-ACD0-3E828594939E}.Release|Any CPU.ActiveCfg = Release|x86
		{6AC89BBA-31DB-462D-ACD0-3E828594939E}.Release|Mixed Platforms.ActiveCfg = Release|x86
		{6AC89BBA-31DB-462D-ACD0-3E828594939E}.Release|Mixed Platforms.Build.0 = Release|x86
		{6AC89BBA-31DB-462D-ACD0-3E828594939E}.Release|Windows Phone.ActiveCfg = Release|x86
		{6AC89BBA-31DB-462D-ACD0-3E828594939E}.Release|Windows Phone.Build.0 = Release|x86
		{6AC89BBA-31DB-462D-ACD0-3E828594939E}.Release|x86.ActiveCfg = Release|x86
		{6AC89BBA-31DB-462D-ACD0-3E828594939E}.Release|x86.Build.0 = Release|x86
		{6AC89BBA-31DB-462D-ACD0-3E828594939E}.Release|Xbox 360.ActiveCfg = Release|x86
		{6AC89BBA-31DB-462D-ACD0-3E828594939E}.Release|Xbox 360.Build.0 = Release|x86
		{322609A9-0094-4B4E-B083-D8A30CF33107}.Debug|Any CPU.ActiveCfg = Debug|Any CPU
		{322609A9-0094-4B4E-B083-D8A30CF33107}.Debug|Any CPU.Build.0 = Debug|Any CPU
		{322609A9-0094-4B4E-B083-D8A30CF33107}.Debug|Mixed Platforms.ActiveCfg = Debug|Any CPU
		{322609A9-0094-4B4E-B083-D8A30CF33107}.Debug|Mixed Platforms.Build.0 = Debug|Any CPU
		{322609A9-0094-4B4E-B083-D8A30CF33107}.Debug|Windows Phone.ActiveCfg = Debug|Any CPU
		{322609A9-0094-4B4E-B083-D8A30CF33107}.Debug|x86.ActiveCfg = Debug|Any CPU
		{322609A9-0094-4B4E-B083-D8A30CF33107}.Debug|Xbox 360.ActiveCfg = Debug|Any CPU
		{322609A9-0094-4B4E-B083-D8A30CF33107}.Release|Any CPU.ActiveCfg = Release|Any CPU
		{322609A9-0094-4B4E-B083-D8A30CF33107}.Release|Any CPU.Build.0 = Release|Any CPU
		{322609A9-0094-4B4E-B083-D8A30CF33107}.Release|Mixed Platforms.ActiveCfg = Release|Any CPU
		{322609A9-0094-4B4E-B083-D8A30CF33107}.Release|Mixed Platforms.Build.0 = Release|Any CPU
		{322609A9-0094-4B4E-B083-D8A30CF33107}.Release|Windows Phone.ActiveCfg = Release|Any CPU
		{322609A9-0094-4B4E-B083-D8A30CF33107}.Release|x86.ActiveCfg = Release|Any CPU
		{322609A9-0094-4B4E-B083-D8A30CF33107}.Release|Xbox 360.ActiveCfg = Release|Any CPU
		{9C81D9B2-2691-440F-8A7C-AD2A4206D5F2}.Debug|Any CPU.ActiveCfg = Debug|Windows Phone
		{9C81D9B2-2691-440F-8A7C-AD2A4206D5F2}.Debug|Mixed Platforms.ActiveCfg = Debug|Windows Phone
		{9C81D9B2-2691-440F-8A7C-AD2A4206D5F2}.Debug|Mixed Platforms.Build.0 = Debug|Windows Phone
		{9C81D9B2-2691-440F-8A7C-AD2A4206D5F2}.Debug|Mixed Platforms.Deploy.0 = Debug|Windows Phone
		{9C81D9B2-2691-440F-8A7C-AD2A4206D5F2}.Debug|Windows Phone.ActiveCfg = Debug|Windows Phone
		{9C81D9B2-2691-440F-8A7C-AD2A4206D5F2}.Debug|Windows Phone.Build.0 = Debug|Windows Phone
		{9C81D9B2-2691-440F-8A7C-AD2A4206D5F2}.Debug|Windows Phone.Deploy.0 = Debug|Windows Phone
		{9C81D9B2-2691-440F-8A7C-AD2A4206D5F2}.Debug|x86.ActiveCfg = Debug|Windows Phone
		{9C81D9B2-2691-440F-8A7C-AD2A4206D5F2}.Debug|Xbox 360.ActiveCfg = Debug|Windows Phone
		{9C81D9B2-2691-440F-8A7C-AD2A4206D5F2}.Debug|Xbox 360.Build.0 = Debug|Windows Phone
		{9C81D9B2-2691-440F-8A7C-AD2A4206D5F2}.Release|Any CPU.ActiveCfg = Release|Windows Phone
		{9C81D9B2-2691-440F-8A7C-AD2A4206D5F2}.Release|Mixed Platforms.ActiveCfg = Release|Windows Phone
		{9C81D9B2-2691-440F-8A7C-AD2A4206D5F2}.Release|Mixed Platforms.Build.0 = Release|Windows Phone
		{9C81D9B2-2691-440F-8A7C-AD2A4206D5F2}.Release|Mixed Platforms.Deploy.0 = Release|Windows Phone
		{9C81D9B2-2691-440F-8A7C-AD2A4206D5F2}.Release|Windows Phone.ActiveCfg = Release|Windows Phone
		{9C81D9B2-2691-440F-8A7C-AD2A4206D5F2}.Release|Windows Phone.Build.0 = Release|Windows Phone
		{9C81D9B2-2691-440F-8A7C-AD2A4206D5F2}.Release|Windows Phone.Deploy.0 = Release|Windows Phone
		{9C81D9B2-2691-440F-8A7C-AD2A4206D5F2}.Release|x86.ActiveCfg = Release|Windows Phone
		{9C81D9B2-2691-440F-8A7C-AD2A4206D5F2}.Release|Xbox 360.ActiveCfg = Release|Windows Phone
		{9C81D9B2-2691-440F-8A7C-AD2A4206D5F2}.Release|Xbox 360.Build.0 = Release|Windows Phone
		{09E76189-4AAE-4EDD-8605-B7C1982978FA}.Debug|Any CPU.ActiveCfg = Debug|Xbox 360
		{09E76189-4AAE-4EDD-8605-B7C1982978FA}.Debug|Mixed Platforms.ActiveCfg = Debug|Xbox 360
		{09E76189-4AAE-4EDD-8605-B7C1982978FA}.Debug|Mixed Platforms.Build.0 = Debug|Xbox 360
		{09E76189-4AAE-4EDD-8605-B7C1982978FA}.Debug|Mixed Platforms.Deploy.0 = Debug|Xbox 360
		{09E76189-4AAE-4EDD-8605-B7C1982978FA}.Debug|Windows Phone.ActiveCfg = Debug|Xbox 360
		{09E76189-4AAE-4EDD-8605-B7C1982978FA}.Debug|x86.ActiveCfg = Debug|Xbox 360
		{09E76189-4AAE-4EDD-8605-B7C1982978FA}.Debug|Xbox 360.ActiveCfg = Debug|Xbox 360
		{09E76189-4AAE-4EDD-8605-B7C1982978FA}.Debug|Xbox 360.Build.0 = Debug|Xbox 360
		{09E76189-4AAE-4EDD-8605-B7C1982978FA}.Debug|Xbox 360.Deploy.0 = Debug|Xbox 360
		{09E76189-4AAE-4EDD-8605-B7C1982978FA}.Release|Any CPU.ActiveCfg = Release|Xbox 360
		{09E76189-4AAE-4EDD-8605-B7C1982978FA}.Release|Mixed Platforms.ActiveCfg = Release|Xbox 360
		{09E76189-4AAE-4EDD-8605-B7C1982978FA}.Release|Mixed Platforms.Build.0 = Release|Xbox 360
		{09E76189-4AAE-4EDD-8605-B7C1982978FA}.Release|Mixed Platforms.Deploy.0 = Release|Xbox 360
		{09E76189-4AAE-4EDD-8605-B7C1982978FA}.Release|Windows Phone.ActiveCfg = Release|Xbox 360
		{09E76189-4AAE-4EDD-8605-B7C1982978FA}.Release|x86.ActiveCfg = Release|Xbox 360
		{09E76189-4AAE-4EDD-8605-B7C1982978FA}.Release|Xbox 360.ActiveCfg = Release|Xbox 360
		{09E76189-4AAE-4EDD-8605-B7C1982978FA}.Release|Xbox 360.Build.0 = Release|Xbox 360
		{09E76189-4AAE-4EDD-8605-B7C1982978FA}.Release|Xbox 360.Deploy.0 = Release|Xbox 360
		{448C63FB-8177-4CC6-B2AD-1D44031B3C2E}.Debug|Any CPU.ActiveCfg = Debug|Xbox 360
		{448C63FB-8177-4CC6-B2AD-1D44031B3C2E}.Debug|Mixed Platforms.ActiveCfg = Debug|Xbox 360
		{448C63FB-8177-4CC6-B2AD-1D44031B3C2E}.Debug|Mixed Platforms.Build.0 = Debug|Xbox 360
		{448C63FB-8177-4CC6-B2AD-1D44031B3C2E}.Debug|Windows Phone.ActiveCfg = Debug|Xbox 360
		{448C63FB-8177-4CC6-B2AD-1D44031B3C2E}.Debug|x86.ActiveCfg = Debug|Xbox 360
		{448C63FB-8177-4CC6-B2AD-1D44031B3C2E}.Debug|Xbox 360.ActiveCfg = Debug|Xbox 360
		{448C63FB-8177-4CC6-B2AD-1D44031B3C2E}.Debug|Xbox 360.Build.0 = Debug|Xbox 360
		{448C63FB-8177-4CC6-B2AD-1D44031B3C2E}.Release|Any CPU.ActiveCfg = Release|Xbox 360
		{448C63FB-8177-4CC6-B2AD-1D44031B3C2E}.Release|Mixed Platforms.ActiveCfg = Release|Xbox 360
		{448C63FB-8177-4CC6-B2AD-1D44031B3C2E}.Release|Mixed Platforms.Build.0 = Release|Xbox 360
		{448C63FB-8177-4CC6-B2AD-1D44031B3C2E}.Release|Windows Phone.ActiveCfg = Release|Xbox 360
		{448C63FB-8177-4CC6-B2AD-1D44031B3C2E}.Release|x86.ActiveCfg = Release|Xbox 360
		{448C63FB-8177-4CC6-B2AD-1D44031B3C2E}.Release|Xbox 360.ActiveCfg = Release|Xbox 360
		{448C63FB-8177-4CC6-B2AD-1D44031B3C2E}.Release|Xbox 360.Build.0 = Release|Xbox 360
		{4DA8DC0C-EC1E-4C31-8B00-9C0DB87C5D0A}.Debug|Any CPU.ActiveCfg = Debug|Windows Phone
		{4DA8DC0C-EC1E-4C31-8B00-9C0DB87C5D0A}.Debug|Mixed Platforms.ActiveCfg = Debug|Windows Phone
		{4DA8DC0C-EC1E-4C31-8B00-9C0DB87C5D0A}.Debug|Mixed Platforms.Build.0 = Debug|Windows Phone
		{4DA8DC0C-EC1E-4C31-8B00-9C0DB87C5D0A}.Debug|Windows Phone.ActiveCfg = Debug|Windows Phone
		{4DA8DC0C-EC1E-4C31-8B00-9C0DB87C5D0A}.Debug|Windows Phone.Build.0 = Debug|Windows Phone
		{4DA8DC0C-EC1E-4C31-8B00-9C0DB87C5D0A}.Debug|x86.ActiveCfg = Debug|Windows Phone
		{4DA8DC0C-EC1E-4C31-8B00-9C0DB87C5D0A}.Debug|Xbox 360.ActiveCfg = Debug|Windows Phone
		{4DA8DC0C-EC1E-4C31-8B00-9C0DB87C5D0A}.Debug|Xbox 360.Build.0 = Debug|Windows Phone
		{4DA8DC0C-EC1E-4C31-8B00-9C0DB87C5D0A}.Release|Any CPU.ActiveCfg = Release|Windows Phone
		{4DA8DC0C-EC1E-4C31-8B00-9C0DB87C5D0A}.Release|Mixed Platforms.ActiveCfg = Release|Windows Phone
		{4DA8DC0C-EC1E-4C31-8B00-9C0DB87C5D0A}.Release|Mixed Platforms.Build.0 = Release|Windows Phone
		{4DA8DC0C-EC1E-4C31-8B00-9C0DB87C5D0A}.Release|Windows Phone.ActiveCfg = Release|Windows Phone
		{4DA8DC0C-EC1E-4C31-8B00-9C0DB87C5D0A}.Release|Windows Phone.Build.0 = Release|Windows Phone
		{4DA8DC0C-EC1E-4C31-8B00-9C0DB87C5D0A}.Release|x86.ActiveCfg = Release|Windows Phone
		{4DA8DC0C-EC1E-4C31-8B00-9C0DB87C5D0A}.Release|Xbox 360.ActiveCfg = Release|Windows Phone
		{4DA8DC0C-EC1E-4C31-8B00-9C0DB87C5D0A}.Release|Xbox 360.Build.0 = Release|Windows Phone
		{FC7845FA-13FE-4FF8-822A-A577F3F59B00}.Debug|Any CPU.ActiveCfg = Debug|x86
		{FC7845FA-13FE-4FF8-822A-A577F3F59B00}.Debug|Mixed Platforms.ActiveCfg = Debug|x86
		{FC7845FA-13FE-4FF8-822A-A577F3F59B00}.Debug|Mixed Platforms.Build.0 = Debug|x86
		{FC7845FA-13FE-4FF8-822A-A577F3F59B00}.Debug|Windows Phone.ActiveCfg = Debug|x86
		{FC7845FA-13FE-4FF8-822A-A577F3F59B00}.Debug|Windows Phone.Build.0 = Debug|x86
		{FC7845FA-13FE-4FF8-822A-A577F3F59B00}.Debug|x86.ActiveCfg = Debug|x86
		{FC7845FA-13FE-4FF8-822A-A577F3F59B00}.Debug|x86.Build.0 = Debug|x86
		{FC7845FA-13FE-4FF8-822A-A577F3F59B00}.Debug|Xbox 360.ActiveCfg = Debug|x86
		{FC7845FA-13FE-4FF8-822A-A577F3F59B00}.Debug|Xbox 360.Build.0 = Debug|x86
		{FC7845FA-13FE-4FF8-822A-A577F3F59B00}.Release|Any CPU.ActiveCfg = Release|x86
		{FC7845FA-13FE-4FF8-822A-A577F3F59B00}.Release|Mixed Platforms.ActiveCfg = Release|x86
		{FC7845FA-13FE-4FF8-822A-A577F3F59B00}.Release|Mixed Platforms.Build.0 = Release|x86
		{FC7845FA-13FE-4FF8-822A-A577F3F59B00}.Release|Windows Phone.ActiveCfg = Release|x86
		{FC7845FA-13FE-4FF8-822A-A577F3F59B00}.Release|Windows Phone.Build.0 = Release|x86
		{FC7845FA-13FE-4FF8-822A-A577F3F59B00}.Release|x86.ActiveCfg = Release|x86
		{FC7845FA-13FE-4FF8-822A-A577F3F59B00}.Release|x86.Build.0 = Release|x86
		{FC7845FA-13FE-4FF8-822A-A577F3F59B00}.Release|Xbox 360.ActiveCfg = Release|x86
		{FC7845FA-13FE-4FF8-822A-A577F3F59B00}.Release|Xbox 360.Build.0 = Release|x86
		{F658A60D-5941-4CBE-8EC1-8AE20E93F60E}.Debug|Any CPU.ActiveCfg = Debug|Windows Phone
		{F658A60D-5941-4CBE-8EC1-8AE20E93F60E}.Debug|Mixed Platforms.ActiveCfg = Debug|Windows Phone
		{F658A60D-5941-4CBE-8EC1-8AE20E93F60E}.Debug|Mixed Platforms.Build.0 = Debug|Windows Phone
		{F658A60D-5941-4CBE-8EC1-8AE20E93F60E}.Debug|Windows Phone.ActiveCfg = Debug|Windows Phone
		{F658A60D-5941-4CBE-8EC1-8AE20E93F60E}.Debug|Windows Phone.Build.0 = Debug|Windows Phone
		{F658A60D-5941-4CBE-8EC1-8AE20E93F60E}.Debug|x86.ActiveCfg = Debug|Windows Phone
		{F658A60D-5941-4CBE-8EC1-8AE20E93F60E}.Debug|Xbox 360.ActiveCfg = Debug|Windows Phone
		{F658A60D-5941-4CBE-8EC1-8AE20E93F60E}.Debug|Xbox 360.Build.0 = Debug|Windows Phone
		{F658A60D-5941-4CBE-8EC1-8AE20E93F60E}.Release|Any CPU.ActiveCfg = Release|Windows Phone
		{F658A60D-5941-4CBE-8EC1-8AE20E93F60E}.Release|Mixed Platforms.ActiveCfg = Release|Windows Phone
		{F658A60D-5941-4CBE-8EC1-8AE20E93F60E}.Release|Mixed Platforms.Build.0 = Release|Windows Phone
		{F658A60D-5941-4CBE-8EC1-8AE20E93F60E}.Release|Windows Phone.ActiveCfg = Release|Windows Phone
		{F658A60D-5941-4CBE-8EC1-8AE20E93F60E}.Release|Windows Phone.Build.0 = Release|Windows Phone
		{F658A60D-5941-4CBE-8EC1-8AE20E93F60E}.Release|x86.ActiveCfg = Release|Windows Phone
		{F658A60D-5941-4CBE-8EC1-8AE20E93F60E}.Release|Xbox 360.ActiveCfg = Release|Windows Phone
		{F658A60D-5941-4CBE-8EC1-8AE20E93F60E}.Release|Xbox 360.Build.0 = Release|Windows Phone
		{4897A388-8A29-4D6E-A737-50B82A46B543}.Debug|Any CPU.ActiveCfg = Debug|Xbox 360
		{4897A388-8A29-4D6E-A737-50B82A46B543}.Debug|Mixed Platforms.ActiveCfg = Debug|Xbox 360
		{4897A388-8A29-4D6E-A737-50B82A46B543}.Debug|Mixed Platforms.Build.0 = Debug|Xbox 360
		{4897A388-8A29-4D6E-A737-50B82A46B543}.Debug|Windows Phone.ActiveCfg = Debug|Xbox 360
		{4897A388-8A29-4D6E-A737-50B82A46B543}.Debug|x86.ActiveCfg = Debug|Xbox 360
		{4897A388-8A29-4D6E-A737-50B82A46B543}.Debug|Xbox 360.ActiveCfg = Debug|Xbox 360
		{4897A388-8A29-4D6E-A737-50B82A46B543}.Debug|Xbox 360.Build.0 = Debug|Xbox 360
		{4897A388-8A29-4D6E-A737-50B82A46B543}.Release|Any CPU.ActiveCfg = Release|Xbox 360
		{4897A388-8A29-4D6E-A737-50B82A46B543}.Release|Mixed Platforms.ActiveCfg = Release|Xbox 360
		{4897A388-8A29-4D6E-A737-50B82A46B543}.Release|Mixed Platforms.Build.0 = Release|Xbox 360
		{4897A388-8A29-4D6E-A737-50B82A46B543}.Release|Windows Phone.ActiveCfg = Release|Xbox 360
		{4897A388-8A29-4D6E-A737-50B82A46B543}.Release|x86.ActiveCfg = Release|Xbox 360
		{4897A388-8A29-4D6E-A737-50B82A46B543}.Release|Xbox 360.ActiveCfg = Release|Xbox 360
		{4897A388-8A29-4D6E-A737-50B82A46B543}.Release|Xbox 360.Build.0 = Release|Xbox 360
		{98EF2E0C-FE42-4B61-8F9D-214437C05A5D}.Debug|Any CPU.ActiveCfg = Debug|Any CPU
		{98EF2E0C-FE42-4B61-8F9D-214437C05A5D}.Debug|Any CPU.Build.0 = Debug|Any CPU
		{98EF2E0C-FE42-4B61-8F9D-214437C05A5D}.Debug|Mixed Platforms.ActiveCfg = Debug|Any CPU
		{98EF2E0C-FE42-4B61-8F9D-214437C05A5D}.Debug|Mixed Platforms.Build.0 = Debug|Any CPU
		{98EF2E0C-FE42-4B61-8F9D-214437C05A5D}.Debug|Windows Phone.ActiveCfg = Debug|Any CPU
		{98EF2E0C-FE42-4B61-8F9D-214437C05A5D}.Debug|x86.ActiveCfg = Debug|Any CPU
		{98EF2E0C-FE42-4B61-8F9D-214437C05A5D}.Debug|Xbox 360.ActiveCfg = Debug|Any CPU
		{98EF2E0C-FE42-4B61-8F9D-214437C05A5D}.Release|Any CPU.ActiveCfg = Release|Any CPU
		{98EF2E0C-FE42-4B61-8F9D-214437C05A5D}.Release|Any CPU.Build.0 = Release|Any CPU
		{98EF2E0C-FE42-4B61-8F9D-214437C05A5D}.Release|Mixed Platforms.ActiveCfg = Release|Any CPU
		{98EF2E0C-FE42-4B61-8F9D-214437C05A5D}.Release|Mixed Platforms.Build.0 = Release|Any CPU
		{98EF2E0C-FE42-4B61-8F9D-214437C05A5D}.Release|Windows Phone.ActiveCfg = Release|Any CPU
		{98EF2E0C-FE42-4B61-8F9D-214437C05A5D}.Release|x86.ActiveCfg = Release|Any CPU
		{98EF2E0C-FE42-4B61-8F9D-214437C05A5D}.Release|Xbox 360.ActiveCfg = Release|Any CPU
		{8428E429-4098-4EA4-B2BC-C54BA06B8516}.Debug|Any CPU.ActiveCfg = Debug|Any CPU
		{8428E429-4098-4EA4-B2BC-C54BA06B8516}.Debug|Any CPU.Build.0 = Debug|Any CPU
		{8428E429-4098-4EA4-B2BC-C54BA06B8516}.Debug|Mixed Platforms.ActiveCfg = Debug|Any CPU
		{8428E429-4098-4EA4-B2BC-C54BA06B8516}.Debug|Mixed Platforms.Build.0 = Debug|Any CPU
		{8428E429-4098-4EA4-B2BC-C54BA06B8516}.Debug|Windows Phone.ActiveCfg = Debug|Any CPU
		{8428E429-4098-4EA4-B2BC-C54BA06B8516}.Debug|x86.ActiveCfg = Debug|Any CPU
		{8428E429-4098-4EA4-B2BC-C54BA06B8516}.Debug|Xbox 360.ActiveCfg = Debug|Any CPU
		{8428E429-4098-4EA4-B2BC-C54BA06B8516}.Release|Any CPU.ActiveCfg = Release|Any CPU
		{8428E429-4098-4EA4-B2BC-C54BA06B8516}.Release|Any CPU.Build.0 = Release|Any CPU
		{8428E429-4098-4EA4-B2BC-C54BA06B8516}.Release|Mixed Platforms.ActiveCfg = Release|Any CPU
		{8428E429-4098-4EA4-B2BC-C54BA06B8516}.Release|Mixed Platforms.Build.0 = Release|Any CPU
		{8428E429-4098-4EA4-B2BC-C54BA06B8516}.Release|Windows Phone.ActiveCfg = Release|Any CPU
		{8428E429-4098-4EA4-B2BC-C54BA06B8516}.Release|x86.ActiveCfg = Release|Any CPU
		{8428E429-4098-4EA4-B2BC-C54BA06B8516}.Release|Xbox 360.ActiveCfg = Release|Any CPU
		{27FAD6F7-5FCF-4410-A8DA-D02C4C1E1F8C}.Debug|Any CPU.ActiveCfg = Debug|Any CPU
		{27FAD6F7-5FCF-4410-A8DA-D02C4C1E1F8C}.Debug|Any CPU.Build.0 = Debug|Any CPU
		{27FAD6F7-5FCF-4410-A8DA-D02C4C1E1F8C}.Debug|Mixed Platforms.ActiveCfg = Debug|Any CPU
		{27FAD6F7-5FCF-4410-A8DA-D02C4C1E1F8C}.Debug|Mixed Platforms.Build.0 = Debug|Any CPU
		{27FAD6F7-5FCF-4410-A8DA-D02C4C1E1F8C}.Debug|Windows Phone.ActiveCfg = Debug|Any CPU
		{27FAD6F7-5FCF-4410-A8DA-D02C4C1E1F8C}.Debug|x86.ActiveCfg = Debug|Any CPU
		{27FAD6F7-5FCF-4410-A8DA-D02C4C1E1F8C}.Debug|Xbox 360.ActiveCfg = Debug|Any CPU
		{27FAD6F7-5FCF-4410-A8DA-D02C4C1E1F8C}.Release|Any CPU.ActiveCfg = Release|Any CPU
		{27FAD6F7-5FCF-4410-A8DA-D02C4C1E1F8C}.Release|Any CPU.Build.0 = Release|Any CPU
		{27FAD6F7-5FCF-4410-A8DA-D02C4C1E1F8C}.Release|Mixed Platforms.ActiveCfg = Release|Any CPU
		{27FAD6F7-5FCF-4410-A8DA-D02C4C1E1F8C}.Release|Mixed Platforms.Build.0 = Release|Any CPU
		{27FAD6F7-5FCF-4410-A8DA-D02C4C1E1F8C}.Release|Windows Phone.ActiveCfg = Release|Any CPU
		{27FAD6F7-5FCF-4410-A8DA-D02C4C1E1F8C}.Release|x86.ActiveCfg = Release|Any CPU
		{27FAD6F7-5FCF-4410-A8DA-D02C4C1E1F8C}.Release|Xbox 360.ActiveCfg = Release|Any CPU
	EndGlobalSection
	GlobalSection(SolutionProperties) = preSolution
		HideSolutionNode = FALSE
	EndGlobalSection
	GlobalSection(NestedProjects) = preSolution
		{299B2C66-6731-4FC6-8E2D-F08BBE2F999C} = {E662B67C-5BEC-409D-9564-A82CBC1A0120}
		{1681ADA2-B2F3-4157-A603-82C742379856} = {E662B67C-5BEC-409D-9564-A82CBC1A0120}
		{6AC89BBA-31DB-462D-ACD0-3E828594939E} = {E662B67C-5BEC-409D-9564-A82CBC1A0120}
		{FC7845FA-13FE-4FF8-822A-A577F3F59B00} = {E662B67C-5BEC-409D-9564-A82CBC1A0120}
		{0A850700-1ABB-4288-A391-6726B90EBEB9} = {E662B67C-5BEC-409D-9564-A82CBC1A0120}
		{77CA64E6-113F-4AB1-B8CF-B213343BD0DB} = {35ED807D-3AE9-49F3-896A-B349D21700C6}
		{322609A9-0094-4B4E-B083-D8A30CF33107} = {35ED807D-3AE9-49F3-896A-B349D21700C6}
		{98EF2E0C-FE42-4B61-8F9D-214437C05A5D} = {35ED807D-3AE9-49F3-896A-B349D21700C6}
		{786DC838-D746-4107-93FF-19A902A78CFC} = {35ED807D-3AE9-49F3-896A-B349D21700C6}
		{4DA8DC0C-EC1E-4C31-8B00-9C0DB87C5D0A} = {4688ACC4-88F5-41A8-B243-19332B69FDC9}
		{F658A60D-5941-4CBE-8EC1-8AE20E93F60E} = {4688ACC4-88F5-41A8-B243-19332B69FDC9}
		{9C81D9B2-2691-440F-8A7C-AD2A4206D5F2} = {4688ACC4-88F5-41A8-B243-19332B69FDC9}
		{448C63FB-8177-4CC6-B2AD-1D44031B3C2E} = {7330C8AF-2535-4F23-9A0A-87050B245C68}
		{4897A388-8A29-4D6E-A737-50B82A46B543} = {7330C8AF-2535-4F23-9A0A-87050B245C68}
		{09E76189-4AAE-4EDD-8605-B7C1982978FA} = {7330C8AF-2535-4F23-9A0A-87050B245C68}
		{8428E429-4098-4EA4-B2BC-C54BA06B8516} = {2E890ABB-C646-42F9-9845-DD951944EDD7}
		{27FAD6F7-5FCF-4410-A8DA-D02C4C1E1F8C} = {85C26571-BC27-4578-8C1C-F04C8F5EF911}
	EndGlobalSection
EndGlobal
