
Microsoft Visual Studio Solution File, Format Version 12.00
# Visual Studio 2012
Project("{FAE04EC0-301F-11D3-BF4B-00C04F79EFBC}") = "Farseer Physics", "SourceFiles\Farseer Physics.csproj", "{A4610E4C-DD34-428B-BABB-779CA0B5993A}"
EndProject
Project("{FAE04EC0-301F-11D3-BF4B-00C04F79EFBC}") = "Farseer Physics XNA", "SourceFiles\Farseer Physics XNA.csproj", "{0A850700-1ABB-4288-A391-6726B90EBEB9}"
EndProject
Project("{FAE04EC0-301F-11D3-BF4B-00C04F79EFBC}") = "Farseer Physics Silverlight", "SourceFiles\Farseer Physics Silverlight.csproj", "{786DC838-D746-4107-93FF-19A902A78CFC}"
EndProject
Project("{FAE04EC0-301F-11D3-BF4B-00C04F79EFBC}") = "Farseer Physics Xbox360", "SourceFiles\Farseer Physics Xbox360.csproj", "{448C63FB-8177-4CC6-B2AD-1D44031B3C2E}"
EndProject
Project("{FAE04EC0-301F-11D3-BF4B-00C04F79EFBC}") = "Farseer Physics WP7", "SourceFiles\Farseer Physics WP7.csproj", "{4DA8DC0C-EC1E-4C31-8B00-9C0DB87C5D0A}"
EndProject
Project("{2150E333-8FDC-42A3-9474-1A3956D46DE8}") = "WP7", "WP7", "{4688ACC4-88F5-41A8-B243-19332B69FDC9}"
EndProject
Project("{2150E333-8FDC-42A3-9474-1A3956D46DE8}") = "Silverlight", "Silverlight", "{35ED807D-3AE9-49F3-896A-B349D21700C6}"
EndProject
Project("{2150E333-8FDC-42A3-9474-1A3956D46DE8}") = "Xbox360", "Xbox360", "{7330C8AF-2535-4F23-9A0A-87050B245C68}"
EndProject
Project("{2150E333-8FDC-42A3-9474-1A3956D46DE8}") = "XNA", "XNA", "{E662B67C-5BEC-409D-9564-A82CBC1A0120}"
EndProject
Project("{2150E333-8FDC-42A3-9474-1A3956D46DE8}") = "Android", "Android", "{2E890ABB-C646-42F9-9845-DD951944EDD7}"
EndProject
Project("{FAE04EC0-301F-11D3-BF4B-00C04F79EFBC}") = "Farseer Physics Android", "SourceFiles\Farseer Physics Android.csproj", "{8428E429-4098-4EA4-B2BC-C54BA06B8516}"
EndProject
Project("{FAE04EC0-301F-11D3-BF4B-00C04F79EFBC}") = "Samples Silverlight", "Samples\Samples Silverlight\Samples Silverlight.csproj", "{77CA64E6-113F-4AB1-B8CF-B213343BD0DB}"
EndProject
Project("{FAE04EC0-301F-11D3-BF4B-00C04F79EFBC}") = "TestBed WP7", "Samples\Testbed XNA\TestBed WP7.csproj", "{9C81D9B2-2691-440F-8A7C-AD2A4206D5F2}"
EndProject
Project("{FAE04EC0-301F-11D3-BF4B-00C04F79EFBC}") = "DebugView WP7", "DebugViews\DebugView XNA\DebugView WP7.csproj", "{F658A60D-5941-4CBE-8EC1-8AE20E93F60E}"
EndProject
Project("{FAE04EC0-301F-11D3-BF4B-00C04F79EFBC}") = "DebugView Xbox360", "DebugViews\DebugView XNA\DebugView Xbox360.csproj", "{4897A388-8A29-4D6E-A737-50B82A46B543}"
EndProject
Project("{FAE04EC0-301F-11D3-BF4B-00C04F79EFBC}") = "TestBed Xbox360", "Samples\Testbed XNA\TestBed Xbox360.csproj", "{09E76189-4AAE-4EDD-8605-B7C1982978FA}"
EndProject
Project("{FAE04EC0-301F-11D3-BF4B-00C04F79EFBC}") = "Samples Xbox360", "Samples\Samples XNA\Samples Xbox360.csproj", "{A4072A54-0737-484C-B8EB-471985F2E8AB}"
EndProject
Project("{FAE04EC0-301F-11D3-BF4B-00C04F79EFBC}") = "Samples WP7", "Samples\Samples XNA\Samples WP7.csproj", "{DF267FF7-7A01-4EAA-A5D1-CC81D8CEEFD2}"
EndProject
Project("{FAE04EC0-301F-11D3-BF4B-00C04F79EFBC}") = "TestBed XNA", "Samples\Testbed XNA\TestBed XNA.csproj", "{299B2C66-6731-4FC6-8E2D-F08BBE2F999C}"
EndProject
Project("{FAE04EC0-301F-11D3-BF4B-00C04F79EFBC}") = "Samples XNA", "Samples\Samples XNA\Samples XNA.csproj", "{1681ADA2-B2F3-4157-A603-82C742379856}"
EndProject
Project("{FAE04EC0-301F-11D3-BF4B-00C04F79EFBC}") = "DebugView XNA", "DebugViews\DebugView XNA\DebugView XNA.csproj", "{FC7845FA-13FE-4FF8-822A-A577F3F59B00}"
EndProject
Project("{FAE04EC0-301F-11D3-BF4B-00C04F79EFBC}") = "HelloWorld XNA", "Samples\HelloWorld XNA\HelloWorld XNA.csproj", "{6AC89BBA-31DB-462D-ACD0-3E828594939E}"
EndProject
Project("{FAE04EC0-301F-11D3-BF4B-00C04F79EFBC}") = "HelloWorld Xbox360", "Samples\HelloWorld XNA\HelloWorld Xbox360.csproj", "{6C766835-4E89-49D9-AE7F-273DF4226CFE}"
EndProject
Project("{FAE04EC0-301F-11D3-BF4B-00C04F79EFBC}") = "HelloWorld WP7", "Samples\HelloWorld XNA\HelloWorld WP7.csproj", "{49A684AB-E568-4B9A-8D84-E18BCB3BE3D3}"
EndProject
Project("{FAE04EC0-301F-11D3-BF4B-00C04F79EFBC}") = "DebugView Silverlight", "DebugViews\DebugView Silverlight\DebugView Silverlight.csproj", "{98EF2E0C-FE42-4B61-8F9D-214437C05A5D}"
EndProject
Project("{FAE04EC0-301F-11D3-BF4B-00C04F79EFBC}") = "Testbed Android", "Samples\Testbed XNA\Testbed Android.csproj", "{1436B1E1-FEBB-49BB-9C87-DEB27B0DB803}"
	ProjectSection(ProjectDependencies) = postProject
		{167313B1-2745-4A12-91D3-FE070DBD9222} = {167313B1-2745-4A12-91D3-FE070DBD9222}
	EndProjectSection
EndProject
Project("{FAE04EC0-301F-11D3-BF4B-00C04F79EFBC}") = "DebugView Android", "DebugViews\DebugView XNA\DebugView Android.csproj", "{A26BDB32-09A7-4CF1-9C0B-E79EB2DEC59A}"
	ProjectSection(ProjectDependencies) = postProject
		{350C233C-BA1A-48E9-80B1-745F4662D77C} = {350C233C-BA1A-48E9-80B1-745F4662D77C}
	EndProjectSection
EndProject
Project("{FAE04EC0-301F-11D3-BF4B-00C04F79EFBC}") = "HelloWorld Android", "Samples\HelloWorld XNA\HelloWorld Android.csproj", "{98651B97-0611-45ED-9FD1-B856C865129C}"
	ProjectSection(ProjectDependencies) = postProject
		{D638C1E4-96EC-4EAF-93EA-74366B7429E1} = {D638C1E4-96EC-4EAF-93EA-74366B7429E1}
	EndProjectSection
EndProject
Project("{FAE04EC0-301F-11D3-BF4B-00C04F79EFBC}") = "Testbed Contentbuilder Android", "ContentBuilderDummies\Testbed Contentbuilder Android\Testbed Contentbuilder Android.csproj", "{167313B1-2745-4A12-91D3-FE070DBD9222}"
EndProject
Project("{FAE04EC0-301F-11D3-BF4B-00C04F79EFBC}") = "HelloWorld Contentbuilder Android", "ContentBuilderDummies\HelloWorld Contentbuilder Android\HelloWorld Contentbuilder Android.csproj", "{D638C1E4-96EC-4EAF-93EA-74366B7429E1}"
EndProject
Project("{2150E333-8FDC-42A3-9474-1A3956D46DE8}") = "Content", "Content", "{B6FEA09E-379E-46CF-8A2C-C5CC900BF8FE}"
EndProject
Project("{FAE04EC0-301F-11D3-BF4B-00C04F79EFBC}") = "DebugView XNA Content", "Content Projects\DebugView XNA Content\DebugView XNA Content.contentproj", "{AC26EDE1-2A42-4A57-BEEE-9603FCAC9317}"
EndProject
Project("{FAE04EC0-301F-11D3-BF4B-00C04F79EFBC}") = "HelloWorld XNA Content", "Content Projects\HelloWorld XNA Content\HelloWorld XNA Content.contentproj", "{1999498C-698A-41C7-8C90-DD4D3B353D5B}"
EndProject
Project("{FAE04EC0-301F-11D3-BF4B-00C04F79EFBC}") = "Samples XNA Content", "Content Projects\Samples XNA Content\Samples XNA Content.contentproj", "{C8D1B1FB-E7FA-4BCF-BC8A-4D5D93429F67}"
EndProject
Project("{FAE04EC0-301F-11D3-BF4B-00C04F79EFBC}") = "TestBed XNA Content", "Content Projects\Testbed XNA Content\TestBed XNA Content.contentproj", "{301F9A16-7581-4461-A369-D59064FB740E}"
EndProject
Project("{FAE04EC0-301F-11D3-BF4B-00C04F79EFBC}") = "DebugView Android Content", "Content Projects\DebugView Android Content\DebugView Android Content.contentproj", "{CB9A9743-3010-4950-8BDF-42496ABA17D8}"
EndProject
Project("{FAE04EC0-301F-11D3-BF4B-00C04F79EFBC}") = "HelloWorld Android Content", "Content Projects\HelloWorld Android Content\HelloWorld Android Content.contentproj", "{7E5CAE15-8D78-41C2-83C0-A135F3D2FF79}"
EndProject
Project("{FAE04EC0-301F-11D3-BF4B-00C04F79EFBC}") = "Samples Android Content", "Content Projects\Samples Android Content\Samples Android Content.contentproj", "{28464806-3BFC-4FE2-99F0-4D6868F939A9}"
EndProject
Project("{FAE04EC0-301F-11D3-BF4B-00C04F79EFBC}") = "TestBed Android Content", "Content Projects\Testbed Android Content\TestBed Android Content.contentproj", "{94DF2EC1-BCC5-4F8C-A8BA-95A1C29C9FC8}"
EndProject
Project("{FAE04EC0-301F-11D3-BF4B-00C04F79EFBC}") = "DebugView Contentbuilder Android", "ContentBuilderDummies\DebugView Contentbuilder Android\DebugView Contentbuilder Android.csproj", "{350C233C-BA1A-48E9-80B1-745F4662D77C}"
EndProject
Global
	GlobalSection(TeamFoundationVersionControl) = preSolution
		SccNumberOfProjects = 35
		SccEnterpriseProvider = {4CA58AB2-18FA-4F8D-95D4-32DDF27D184C}
		SccTeamFoundationServer = https://tfs.codeplex.com/tfs/tfs01
		SccLocalPath0 = .
		SccProjectUniqueName1 = SourceFiles\\Farseer\u0020Physics\u0020XNA.csproj
		SccProjectTopLevelParentUniqueName1 = Farseer\u0020Physics\u0020Engine.sln
		SccProjectName1 = SourceFiles
		SccLocalPath1 = SourceFiles
		SccProjectUniqueName2 = SourceFiles\\Farseer\u0020Physics\u0020Xbox360.csproj
		SccProjectTopLevelParentUniqueName2 = Farseer\u0020Physics\u0020Engine.sln
		SccProjectName2 = SourceFiles
		SccLocalPath2 = SourceFiles
		SccProjectUniqueName3 = SourceFiles\\Farseer\u0020Physics\u0020WP7.csproj
		SccProjectTopLevelParentUniqueName3 = Farseer\u0020Physics\u0020Engine.sln
		SccProjectName3 = SourceFiles
		SccLocalPath3 = SourceFiles
		SccProjectUniqueName4 = SourceFiles\\Farseer\u0020Physics\u0020Silverlight.csproj
		SccProjectTopLevelParentUniqueName4 = Farseer\u0020Physics\u0020Engine.sln
		SccProjectName4 = SourceFiles
		SccLocalPath4 = SourceFiles
		SccProjectUniqueName5 = SourceFiles\\Farseer\u0020Physics.csproj
		SccProjectName5 = SourceFiles
		SccLocalPath5 = SourceFiles
		SccProjectUniqueName6 = SourceFiles\\Farseer\u0020Physics\u0020Android.csproj
		SccProjectTopLevelParentUniqueName6 = Farseer\u0020Physics\u0020Engine.sln
		SccProjectName6 = SourceFiles
		SccLocalPath6 = SourceFiles
		SccProjectUniqueName7 = Samples\\Samples\u0020Silverlight\\Samples\u0020Silverlight.csproj
		SccProjectTopLevelParentUniqueName7 = Farseer\u0020Physics\u0020Engine.sln
		SccProjectName7 = Samples/Samples\u0020Silverlight
		SccLocalPath7 = Samples\\Samples\u0020Silverlight
		SccProjectUniqueName8 = Samples\\Testbed\u0020XNA\\TestBed\u0020WP7.csproj
		SccProjectTopLevelParentUniqueName8 = Farseer\u0020Physics\u0020Engine.sln
		SccProjectName8 = Samples/Testbed\u0020XNA
		SccLocalPath8 = Samples\\Testbed\u0020XNA
		SccProjectUniqueName9 = DebugViews\\DebugView\u0020XNA\\DebugView\u0020WP7.csproj
		SccProjectTopLevelParentUniqueName9 = Farseer\u0020Physics\u0020Engine.sln
		SccProjectName9 = DebugViews/DebugView\u0020XNA
		SccLocalPath9 = DebugViews\\DebugView\u0020XNA
		SccProjectUniqueName10 = DebugViews\\DebugView\u0020XNA\\DebugView\u0020Xbox360.csproj
		SccProjectTopLevelParentUniqueName10 = Farseer\u0020Physics\u0020Engine.sln
		SccProjectName10 = DebugViews/DebugView\u0020XNA
		SccLocalPath10 = DebugViews\\DebugView\u0020XNA
		SccProjectUniqueName11 = Samples\\Testbed\u0020XNA\\TestBed\u0020Xbox360.csproj
		SccProjectTopLevelParentUniqueName11 = Farseer\u0020Physics\u0020Engine.sln
		SccProjectName11 = Samples/Testbed\u0020XNA
		SccLocalPath11 = Samples\\Testbed\u0020XNA
		SccProjectUniqueName12 = Samples\\Testbed\u0020XNA\\TestBed\u0020XNA.csproj
		SccProjectTopLevelParentUniqueName12 = Farseer\u0020Physics\u0020Engine.sln
		SccProjectName12 = Samples/Testbed\u0020XNA
		SccLocalPath12 = Samples\\Testbed\u0020XNA
		SccProjectUniqueName13 = Samples\\Samples\u0020XNA\\Samples\u0020XNA.csproj
		SccProjectTopLevelParentUniqueName13 = Farseer\u0020Physics\u0020Engine.sln
		SccProjectName13 = Samples/Samples\u0020XNA
		SccLocalPath13 = Samples\\Samples\u0020XNA
		SccProjectUniqueName14 = DebugViews\\DebugView\u0020XNA\\DebugView\u0020XNA.csproj
		SccProjectTopLevelParentUniqueName14 = Farseer\u0020Physics\u0020Engine.sln
		SccProjectName14 = DebugViews/DebugView\u0020XNA
		SccLocalPath14 = DebugViews\\DebugView\u0020XNA
		SccProjectUniqueName15 = DebugViews\\DebugView\u0020Silverlight\\DebugView\u0020Silverlight.csproj
		SccProjectTopLevelParentUniqueName15 = Farseer\u0020Physics\u0020Engine.sln
		SccProjectName15 = DebugViews/DebugView\u0020Silverlight
		SccLocalPath15 = DebugViews\\DebugView\u0020Silverlight
		SccProjectUniqueName16 = Samples\\Samples\u0020XNA\\Samples\u0020Xbox360.csproj
		SccProjectTopLevelParentUniqueName16 = Farseer\u0020Physics\u0020Engine.sln
		SccProjectName16 = Samples/Samples\u0020XNA
		SccLocalPath16 = Samples\\Samples\u0020XNA
		SccProjectUniqueName17 = Samples\\Samples\u0020XNA\\Samples\u0020WP7.csproj
		SccProjectTopLevelParentUniqueName17 = Farseer\u0020Physics\u0020Engine.sln
		SccProjectName17 = Samples/Samples\u0020XNA
		SccLocalPath17 = Samples\\Samples\u0020XNA
		SccProjectUniqueName18 = Samples\\Testbed\u0020XNA\\Testbed\u0020Android.csproj
		SccProjectTopLevelParentUniqueName18 = Farseer\u0020Physics\u0020Engine.sln
		SccProjectName18 = Samples/Testbed\u0020XNA
		SccLocalPath18 = Samples\\Testbed\u0020XNA
		SccProjectUniqueName19 = Content\u0020Projects\\Testbed\u0020XNA\u0020Content\\TestBed\u0020XNA\u0020Content.contentproj
		SccProjectTopLevelParentUniqueName19 = Farseer\u0020Physics\u0020Engine.sln
		SccProjectName19 = Content\u0020Projects/Testbed\u0020XNA\u0020Content
		SccLocalPath19 = Content\u0020Projects\\Testbed\u0020XNA\u0020Content
		SccProjectUniqueName20 = Content\u0020Projects\\DebugView\u0020XNA\u0020Content\\DebugView\u0020XNA\u0020Content.contentproj
		SccProjectTopLevelParentUniqueName20 = Farseer\u0020Physics\u0020Engine.sln
		SccProjectName20 = Content\u0020Projects/DebugView\u0020XNA\u0020Content
		SccLocalPath20 = Content\u0020Projects\\DebugView\u0020XNA\u0020Content
		SccProjectUniqueName21 = Content\u0020Projects\\Samples\u0020XNA\u0020Content\\Samples\u0020XNA\u0020Content.contentproj
		SccProjectTopLevelParentUniqueName21 = Farseer\u0020Physics\u0020Engine.sln
		SccProjectName21 = Content\u0020Projects/Samples\u0020XNA\u0020Content
		SccLocalPath21 = Content\u0020Projects\\Samples\u0020XNA\u0020Content
		SccProjectUniqueName22 = Content\u0020Projects\\HelloWorld\u0020XNA\u0020Content\\HelloWorld\u0020XNA\u0020Content.contentproj
		SccProjectTopLevelParentUniqueName22 = Farseer\u0020Physics\u0020Engine.sln
		SccProjectName22 = Content\u0020Projects/HelloWorld\u0020XNA\u0020Content
		SccLocalPath22 = Content\u0020Projects\\HelloWorld\u0020XNA\u0020Content
		SccProjectUniqueName23 = Samples\\HelloWorld\u0020XNA\\HelloWorld\u0020XNA.csproj
		SccProjectTopLevelParentUniqueName23 = Farseer\u0020Physics\u0020Engine.sln
		SccProjectName23 = Samples/HelloWorld\u0020XNA
		SccLocalPath23 = Samples\\HelloWorld\u0020XNA
		SccProjectUniqueName24 = Samples\\HelloWorld\u0020XNA\\HelloWorld\u0020Xbox360.csproj
		SccProjectTopLevelParentUniqueName24 = Farseer\u0020Physics\u0020Engine.sln
		SccProjectName24 = Samples/HelloWorld\u0020XNA
		SccLocalPath24 = Samples\\HelloWorld\u0020XNA
		SccProjectUniqueName25 = Samples\\HelloWorld\u0020XNA\\HelloWorld\u0020WP7.csproj
		SccProjectTopLevelParentUniqueName25 = Farseer\u0020Physics\u0020Engine.sln
		SccProjectName25 = Samples/HelloWorld\u0020XNA
		SccLocalPath25 = Samples\\HelloWorld\u0020XNA
		SccProjectUniqueName26 = Samples\\HelloWorld\u0020XNA\\HelloWorld\u0020Android.csproj
		SccProjectTopLevelParentUniqueName26 = Farseer\u0020Physics\u0020Engine.sln
		SccProjectName26 = Samples/HelloWorld\u0020XNA
		SccLocalPath26 = Samples\\HelloWorld\u0020XNA
		SccProjectUniqueName27 = Content\u0020Projects\\HelloWorld\u0020Android\u0020Content\\HelloWorld\u0020Android\u0020Content.contentproj
		SccProjectTopLevelParentUniqueName27 = Farseer\u0020Physics\u0020Engine.sln
		SccProjectName27 = Content\u0020Projects/HelloWorld\u0020Android\u0020Content
		SccLocalPath27 = Content\u0020Projects\\HelloWorld\u0020Android\u0020Content
		SccProjectUniqueName28 = ContentBuilderDummies\\HelloWorld\u0020Contentbuilder\u0020Android\\HelloWorld\u0020Contentbuilder\u0020Android.csproj
		SccProjectTopLevelParentUniqueName28 = Farseer\u0020Physics\u0020Engine.sln
		SccProjectName28 = ContentBuilderDummies/HelloWorld\u0020Contentbuilder\u0020Android
		SccLocalPath28 = ContentBuilderDummies\\HelloWorld\u0020Contentbuilder\u0020Android
		SccProjectUniqueName29 = Content\u0020Projects\\DebugView\u0020Android\u0020Content\\DebugView\u0020Android\u0020Content.contentproj
		SccProjectTopLevelParentUniqueName29 = Farseer\u0020Physics\u0020Engine.sln
		SccProjectName29 = Content\u0020Projects/DebugView\u0020Android\u0020Content
		SccLocalPath29 = Content\u0020Projects\\DebugView\u0020Android\u0020Content
		SccProjectUniqueName30 = Content\u0020Projects\\Samples\u0020Android\u0020Content\\Samples\u0020Android\u0020Content.contentproj
		SccProjectTopLevelParentUniqueName30 = Farseer\u0020Physics\u0020Engine.sln
		SccProjectName30 = Content\u0020Projects/Samples\u0020Android\u0020Content
		SccLocalPath30 = Content\u0020Projects\\Samples\u0020Android\u0020Content
		SccProjectUniqueName31 = Content\u0020Projects\\Testbed\u0020Android\u0020Content\\TestBed\u0020Android\u0020Content.contentproj
		SccProjectTopLevelParentUniqueName31 = Farseer\u0020Physics\u0020Engine.sln
		SccProjectName31 = Content\u0020Projects/Testbed\u0020Android\u0020Content
		SccLocalPath31 = Content\u0020Projects\\Testbed\u0020Android\u0020Content
		SccProjectUniqueName32 = ContentBuilderDummies\\Testbed\u0020Contentbuilder\u0020Android\\Testbed\u0020Contentbuilder\u0020Android.csproj
		SccProjectTopLevelParentUniqueName32 = Farseer\u0020Physics\u0020Engine.sln
		SccProjectName32 = ContentBuilderDummies/Testbed\u0020Contentbuilder\u0020Android
		SccLocalPath32 = ContentBuilderDummies\\Testbed\u0020Contentbuilder\u0020Android
		SccProjectUniqueName33 = ContentBuilderDummies\\DebugView\u0020Contentbuilder\u0020Android\\DebugView\u0020Contentbuilder\u0020Android.csproj
		SccProjectTopLevelParentUniqueName33 = Farseer\u0020Physics\u0020Engine.sln
		SccProjectName33 = ContentBuilderDummies/DebugView\u0020Contentbuilder\u0020Android
		SccLocalPath33 = ContentBuilderDummies\\DebugView\u0020Contentbuilder\u0020Android
		SccProjectUniqueName34 = DebugViews\\DebugView\u0020XNA\\DebugView\u0020Android.csproj
		SccProjectTopLevelParentUniqueName34 = Farseer\u0020Physics\u0020Engine.sln
		SccProjectName34 = DebugViews/DebugView\u0020XNA
		SccLocalPath34 = DebugViews\\DebugView\u0020XNA
	EndGlobalSection
	GlobalSection(SolutionConfigurationPlatforms) = preSolution
		Debug|Any CPU = Debug|Any CPU
		Debug|Mixed Platforms = Debug|Mixed Platforms
		Debug|Windows Phone = Debug|Windows Phone
		Debug|x86 = Debug|x86
		Debug|Xbox 360 = Debug|Xbox 360
		Release|Any CPU = Release|Any CPU
		Release|Mixed Platforms = Release|Mixed Platforms
		Release|Windows Phone = Release|Windows Phone
		Release|x86 = Release|x86
		Release|Xbox 360 = Release|Xbox 360
	EndGlobalSection
	GlobalSection(ProjectConfigurationPlatforms) = postSolution
		{A4610E4C-DD34-428B-BABB-779CA0B5993A}.Debug|Any CPU.ActiveCfg = Debug|Any CPU
		{A4610E4C-DD34-428B-BABB-779CA0B5993A}.Debug|Any CPU.Build.0 = Debug|Any CPU
		{A4610E4C-DD34-428B-BABB-779CA0B5993A}.Debug|Mixed Platforms.ActiveCfg = Debug|Any CPU
		{A4610E4C-DD34-428B-BABB-779CA0B5993A}.Debug|Mixed Platforms.Build.0 = Debug|Any CPU
		{A4610E4C-DD34-428B-BABB-779CA0B5993A}.Debug|Windows Phone.ActiveCfg = Debug|Any CPU
		{A4610E4C-DD34-428B-BABB-779CA0B5993A}.Debug|x86.ActiveCfg = Debug|Any CPU
		{A4610E4C-DD34-428B-BABB-779CA0B5993A}.Debug|Xbox 360.ActiveCfg = Debug|Any CPU
		{A4610E4C-DD34-428B-BABB-779CA0B5993A}.Release|Any CPU.ActiveCfg = Release|Any CPU
		{A4610E4C-DD34-428B-BABB-779CA0B5993A}.Release|Any CPU.Build.0 = Release|Any CPU
		{A4610E4C-DD34-428B-BABB-779CA0B5993A}.Release|Mixed Platforms.ActiveCfg = Release|Any CPU
		{A4610E4C-DD34-428B-BABB-779CA0B5993A}.Release|Mixed Platforms.Build.0 = Release|Any CPU
		{A4610E4C-DD34-428B-BABB-779CA0B5993A}.Release|Windows Phone.ActiveCfg = Release|Any CPU
		{A4610E4C-DD34-428B-BABB-779CA0B5993A}.Release|x86.ActiveCfg = Release|Any CPU
		{A4610E4C-DD34-428B-BABB-779CA0B5993A}.Release|Xbox 360.ActiveCfg = Release|Any CPU
		{0A850700-1ABB-4288-A391-6726B90EBEB9}.Debug|Any CPU.ActiveCfg = Debug|x86
		{0A850700-1ABB-4288-A391-6726B90EBEB9}.Debug|Mixed Platforms.ActiveCfg = Debug|x86
		{0A850700-1ABB-4288-A391-6726B90EBEB9}.Debug|Mixed Platforms.Build.0 = Debug|x86
		{0A850700-1ABB-4288-A391-6726B90EBEB9}.Debug|Windows Phone.ActiveCfg = Debug|x86
		{0A850700-1ABB-4288-A391-6726B90EBEB9}.Debug|Windows Phone.Build.0 = Debug|x86
		{0A850700-1ABB-4288-A391-6726B90EBEB9}.Debug|x86.ActiveCfg = Debug|x86
		{0A850700-1ABB-4288-A391-6726B90EBEB9}.Debug|x86.Build.0 = Debug|x86
		{0A850700-1ABB-4288-A391-6726B90EBEB9}.Debug|Xbox 360.ActiveCfg = Debug|x86
		{0A850700-1ABB-4288-A391-6726B90EBEB9}.Debug|Xbox 360.Build.0 = Debug|x86
		{0A850700-1ABB-4288-A391-6726B90EBEB9}.Release|Any CPU.ActiveCfg = Release|x86
		{0A850700-1ABB-4288-A391-6726B90EBEB9}.Release|Mixed Platforms.ActiveCfg = Release|x86
		{0A850700-1ABB-4288-A391-6726B90EBEB9}.Release|Mixed Platforms.Build.0 = Release|x86
		{0A850700-1ABB-4288-A391-6726B90EBEB9}.Release|Windows Phone.ActiveCfg = Release|x86
		{0A850700-1ABB-4288-A391-6726B90EBEB9}.Release|Windows Phone.Build.0 = Release|x86
		{0A850700-1ABB-4288-A391-6726B90EBEB9}.Release|x86.ActiveCfg = Release|x86
		{0A850700-1ABB-4288-A391-6726B90EBEB9}.Release|x86.Build.0 = Release|x86
		{0A850700-1ABB-4288-A391-6726B90EBEB9}.Release|Xbox 360.ActiveCfg = Release|x86
		{0A850700-1ABB-4288-A391-6726B90EBEB9}.Release|Xbox 360.Build.0 = Release|x86
		{786DC838-D746-4107-93FF-19A902A78CFC}.Debug|Any CPU.ActiveCfg = Debug|Any CPU
		{786DC838-D746-4107-93FF-19A902A78CFC}.Debug|Any CPU.Build.0 = Debug|Any CPU
		{786DC838-D746-4107-93FF-19A902A78CFC}.Debug|Mixed Platforms.ActiveCfg = Debug|Any CPU
		{786DC838-D746-4107-93FF-19A902A78CFC}.Debug|Mixed Platforms.Build.0 = Debug|Any CPU
		{786DC838-D746-4107-93FF-19A902A78CFC}.Debug|Windows Phone.ActiveCfg = Debug|Any CPU
		{786DC838-D746-4107-93FF-19A902A78CFC}.Debug|x86.ActiveCfg = Debug|Any CPU
		{786DC838-D746-4107-93FF-19A902A78CFC}.Debug|Xbox 360.ActiveCfg = Debug|Any CPU
		{786DC838-D746-4107-93FF-19A902A78CFC}.Release|Any CPU.ActiveCfg = Release|Any CPU
		{786DC838-D746-4107-93FF-19A902A78CFC}.Release|Any CPU.Build.0 = Release|Any CPU
		{786DC838-D746-4107-93FF-19A902A78CFC}.Release|Mixed Platforms.ActiveCfg = Release|Any CPU
		{786DC838-D746-4107-93FF-19A902A78CFC}.Release|Mixed Platforms.Build.0 = Release|Any CPU
		{786DC838-D746-4107-93FF-19A902A78CFC}.Release|Windows Phone.ActiveCfg = Release|Any CPU
		{786DC838-D746-4107-93FF-19A902A78CFC}.Release|x86.ActiveCfg = Release|Any CPU
		{786DC838-D746-4107-93FF-19A902A78CFC}.Release|Xbox 360.ActiveCfg = Release|Any CPU
		{448C63FB-8177-4CC6-B2AD-1D44031B3C2E}.Debug|Any CPU.ActiveCfg = Debug|Xbox 360
		{448C63FB-8177-4CC6-B2AD-1D44031B3C2E}.Debug|Mixed Platforms.ActiveCfg = Debug|Xbox 360
		{448C63FB-8177-4CC6-B2AD-1D44031B3C2E}.Debug|Mixed Platforms.Build.0 = Debug|Xbox 360
		{448C63FB-8177-4CC6-B2AD-1D44031B3C2E}.Debug|Windows Phone.ActiveCfg = Debug|Xbox 360
		{448C63FB-8177-4CC6-B2AD-1D44031B3C2E}.Debug|Windows Phone.Build.0 = Debug|Xbox 360
		{448C63FB-8177-4CC6-B2AD-1D44031B3C2E}.Debug|x86.ActiveCfg = Debug|Xbox 360
		{448C63FB-8177-4CC6-B2AD-1D44031B3C2E}.Debug|Xbox 360.ActiveCfg = Debug|Xbox 360
		{448C63FB-8177-4CC6-B2AD-1D44031B3C2E}.Debug|Xbox 360.Build.0 = Debug|Xbox 360
		{448C63FB-8177-4CC6-B2AD-1D44031B3C2E}.Release|Any CPU.ActiveCfg = Release|Xbox 360
		{448C63FB-8177-4CC6-B2AD-1D44031B3C2E}.Release|Mixed Platforms.ActiveCfg = Release|Xbox 360
		{448C63FB-8177-4CC6-B2AD-1D44031B3C2E}.Release|Mixed Platforms.Build.0 = Release|Xbox 360
		{448C63FB-8177-4CC6-B2AD-1D44031B3C2E}.Release|Windows Phone.ActiveCfg = Release|Xbox 360
		{448C63FB-8177-4CC6-B2AD-1D44031B3C2E}.Release|Windows Phone.Build.0 = Release|Xbox 360
		{448C63FB-8177-4CC6-B2AD-1D44031B3C2E}.Release|x86.ActiveCfg = Release|Xbox 360
		{448C63FB-8177-4CC6-B2AD-1D44031B3C2E}.Release|Xbox 360.ActiveCfg = Release|Xbox 360
		{448C63FB-8177-4CC6-B2AD-1D44031B3C2E}.Release|Xbox 360.Build.0 = Release|Xbox 360
		{4DA8DC0C-EC1E-4C31-8B00-9C0DB87C5D0A}.Debug|Any CPU.ActiveCfg = Debug|Windows Phone
		{4DA8DC0C-EC1E-4C31-8B00-9C0DB87C5D0A}.Debug|Mixed Platforms.ActiveCfg = Debug|Windows Phone
		{4DA8DC0C-EC1E-4C31-8B00-9C0DB87C5D0A}.Debug|Mixed Platforms.Build.0 = Debug|Windows Phone
		{4DA8DC0C-EC1E-4C31-8B00-9C0DB87C5D0A}.Debug|Windows Phone.ActiveCfg = Debug|Windows Phone
		{4DA8DC0C-EC1E-4C31-8B00-9C0DB87C5D0A}.Debug|Windows Phone.Build.0 = Debug|Windows Phone
		{4DA8DC0C-EC1E-4C31-8B00-9C0DB87C5D0A}.Debug|x86.ActiveCfg = Debug|Windows Phone
		{4DA8DC0C-EC1E-4C31-8B00-9C0DB87C5D0A}.Debug|x86.Build.0 = Debug|Windows Phone
		{4DA8DC0C-EC1E-4C31-8B00-9C0DB87C5D0A}.Debug|Xbox 360.ActiveCfg = Debug|Windows Phone
		{4DA8DC0C-EC1E-4C31-8B00-9C0DB87C5D0A}.Debug|Xbox 360.Build.0 = Debug|Windows Phone
		{4DA8DC0C-EC1E-4C31-8B00-9C0DB87C5D0A}.Release|Any CPU.ActiveCfg = Release|Windows Phone
		{4DA8DC0C-EC1E-4C31-8B00-9C0DB87C5D0A}.Release|Mixed Platforms.ActiveCfg = Release|Windows Phone
		{4DA8DC0C-EC1E-4C31-8B00-9C0DB87C5D0A}.Release|Mixed Platforms.Build.0 = Release|Windows Phone
		{4DA8DC0C-EC1E-4C31-8B00-9C0DB87C5D0A}.Release|Windows Phone.ActiveCfg = Release|Windows Phone
		{4DA8DC0C-EC1E-4C31-8B00-9C0DB87C5D0A}.Release|Windows Phone.Build.0 = Release|Windows Phone
		{4DA8DC0C-EC1E-4C31-8B00-9C0DB87C5D0A}.Release|x86.ActiveCfg = Release|Windows Phone
		{4DA8DC0C-EC1E-4C31-8B00-9C0DB87C5D0A}.Release|x86.Build.0 = Release|Windows Phone
		{4DA8DC0C-EC1E-4C31-8B00-9C0DB87C5D0A}.Release|Xbox 360.ActiveCfg = Release|Windows Phone
		{4DA8DC0C-EC1E-4C31-8B00-9C0DB87C5D0A}.Release|Xbox 360.Build.0 = Release|Windows Phone
		{8428E429-4098-4EA4-B2BC-C54BA06B8516}.Debug|Any CPU.ActiveCfg = Debug|Any CPU
		{8428E429-4098-4EA4-B2BC-C54BA06B8516}.Debug|Any CPU.Build.0 = Debug|Any CPU
		{8428E429-4098-4EA4-B2BC-C54BA06B8516}.Debug|Mixed Platforms.ActiveCfg = Debug|Any CPU
		{8428E429-4098-4EA4-B2BC-C54BA06B8516}.Debug|Mixed Platforms.Build.0 = Debug|Any CPU
		{8428E429-4098-4EA4-B2BC-C54BA06B8516}.Debug|Windows Phone.ActiveCfg = Debug|Any CPU
		{8428E429-4098-4EA4-B2BC-C54BA06B8516}.Debug|x86.ActiveCfg = Debug|Any CPU
		{8428E429-4098-4EA4-B2BC-C54BA06B8516}.Debug|Xbox 360.ActiveCfg = Debug|Any CPU
		{8428E429-4098-4EA4-B2BC-C54BA06B8516}.Release|Any CPU.ActiveCfg = Release|Any CPU
		{8428E429-4098-4EA4-B2BC-C54BA06B8516}.Release|Any CPU.Build.0 = Release|Any CPU
		{8428E429-4098-4EA4-B2BC-C54BA06B8516}.Release|Mixed Platforms.ActiveCfg = Release|Any CPU
		{8428E429-4098-4EA4-B2BC-C54BA06B8516}.Release|Mixed Platforms.Build.0 = Release|Any CPU
		{8428E429-4098-4EA4-B2BC-C54BA06B8516}.Release|Windows Phone.ActiveCfg = Release|Any CPU
		{8428E429-4098-4EA4-B2BC-C54BA06B8516}.Release|x86.ActiveCfg = Release|Any CPU
		{8428E429-4098-4EA4-B2BC-C54BA06B8516}.Release|Xbox 360.ActiveCfg = Release|Any CPU
		{77CA64E6-113F-4AB1-B8CF-B213343BD0DB}.Debug|Any CPU.ActiveCfg = Debug|Any CPU
		{77CA64E6-113F-4AB1-B8CF-B213343BD0DB}.Debug|Any CPU.Build.0 = Debug|Any CPU
		{77CA64E6-113F-4AB1-B8CF-B213343BD0DB}.Debug|Mixed Platforms.ActiveCfg = Debug|Any CPU
		{77CA64E6-113F-4AB1-B8CF-B213343BD0DB}.Debug|Mixed Platforms.Build.0 = Debug|Any CPU
		{77CA64E6-113F-4AB1-B8CF-B213343BD0DB}.Debug|Windows Phone.ActiveCfg = Debug|Any CPU
		{77CA64E6-113F-4AB1-B8CF-B213343BD0DB}.Debug|x86.ActiveCfg = Debug|Any CPU
		{77CA64E6-113F-4AB1-B8CF-B213343BD0DB}.Debug|Xbox 360.ActiveCfg = Debug|Any CPU
		{77CA64E6-113F-4AB1-B8CF-B213343BD0DB}.Release|Any CPU.ActiveCfg = Release|Any CPU
		{77CA64E6-113F-4AB1-B8CF-B213343BD0DB}.Release|Any CPU.Build.0 = Release|Any CPU
		{77CA64E6-113F-4AB1-B8CF-B213343BD0DB}.Release|Mixed Platforms.ActiveCfg = Release|Any CPU
		{77CA64E6-113F-4AB1-B8CF-B213343BD0DB}.Release|Mixed Platforms.Build.0 = Release|Any CPU
		{77CA64E6-113F-4AB1-B8CF-B213343BD0DB}.Release|Windows Phone.ActiveCfg = Release|Any CPU
		{77CA64E6-113F-4AB1-B8CF-B213343BD0DB}.Release|x86.ActiveCfg = Release|Any CPU
		{77CA64E6-113F-4AB1-B8CF-B213343BD0DB}.Release|Xbox 360.ActiveCfg = Release|Any CPU
		{9C81D9B2-2691-440F-8A7C-AD2A4206D5F2}.Debug|Any CPU.ActiveCfg = Debug|Windows Phone
		{9C81D9B2-2691-440F-8A7C-AD2A4206D5F2}.Debug|Mixed Platforms.ActiveCfg = Debug|Windows Phone
		{9C81D9B2-2691-440F-8A7C-AD2A4206D5F2}.Debug|Mixed Platforms.Build.0 = Debug|Windows Phone
		{9C81D9B2-2691-440F-8A7C-AD2A4206D5F2}.Debug|Windows Phone.ActiveCfg = Debug|Windows Phone
		{9C81D9B2-2691-440F-8A7C-AD2A4206D5F2}.Debug|Windows Phone.Build.0 = Debug|Windows Phone
		{9C81D9B2-2691-440F-8A7C-AD2A4206D5F2}.Debug|Windows Phone.Deploy.0 = Debug|Windows Phone
		{9C81D9B2-2691-440F-8A7C-AD2A4206D5F2}.Debug|x86.ActiveCfg = Debug|Windows Phone
		{9C81D9B2-2691-440F-8A7C-AD2A4206D5F2}.Debug|x86.Build.0 = Debug|Windows Phone
		{9C81D9B2-2691-440F-8A7C-AD2A4206D5F2}.Debug|Xbox 360.ActiveCfg = Debug|Windows Phone
		{9C81D9B2-2691-440F-8A7C-AD2A4206D5F2}.Debug|Xbox 360.Build.0 = Debug|Windows Phone
		{9C81D9B2-2691-440F-8A7C-AD2A4206D5F2}.Release|Any CPU.ActiveCfg = Release|Windows Phone
		{9C81D9B2-2691-440F-8A7C-AD2A4206D5F2}.Release|Mixed Platforms.ActiveCfg = Release|Windows Phone
		{9C81D9B2-2691-440F-8A7C-AD2A4206D5F2}.Release|Mixed Platforms.Build.0 = Release|Windows Phone
		{9C81D9B2-2691-440F-8A7C-AD2A4206D5F2}.Release|Mixed Platforms.Deploy.0 = Release|Windows Phone
		{9C81D9B2-2691-440F-8A7C-AD2A4206D5F2}.Release|Windows Phone.ActiveCfg = Release|Windows Phone
		{9C81D9B2-2691-440F-8A7C-AD2A4206D5F2}.Release|Windows Phone.Build.0 = Release|Windows Phone
		{9C81D9B2-2691-440F-8A7C-AD2A4206D5F2}.Release|Windows Phone.Deploy.0 = Release|Windows Phone
		{9C81D9B2-2691-440F-8A7C-AD2A4206D5F2}.Release|x86.ActiveCfg = Release|Windows Phone
		{9C81D9B2-2691-440F-8A7C-AD2A4206D5F2}.Release|x86.Build.0 = Release|Windows Phone
		{9C81D9B2-2691-440F-8A7C-AD2A4206D5F2}.Release|Xbox 360.ActiveCfg = Release|Windows Phone
		{9C81D9B2-2691-440F-8A7C-AD2A4206D5F2}.Release|Xbox 360.Build.0 = Release|Windows Phone
		{F658A60D-5941-4CBE-8EC1-8AE20E93F60E}.Debug|Any CPU.ActiveCfg = Debug|Windows Phone
		{F658A60D-5941-4CBE-8EC1-8AE20E93F60E}.Debug|Mixed Platforms.ActiveCfg = Debug|Windows Phone
		{F658A60D-5941-4CBE-8EC1-8AE20E93F60E}.Debug|Mixed Platforms.Build.0 = Debug|Windows Phone
		{F658A60D-5941-4CBE-8EC1-8AE20E93F60E}.Debug|Windows Phone.ActiveCfg = Debug|Windows Phone
		{F658A60D-5941-4CBE-8EC1-8AE20E93F60E}.Debug|Windows Phone.Build.0 = Debug|Windows Phone
		{F658A60D-5941-4CBE-8EC1-8AE20E93F60E}.Debug|x86.ActiveCfg = Debug|Windows Phone
		{F658A60D-5941-4CBE-8EC1-8AE20E93F60E}.Debug|x86.Build.0 = Debug|Windows Phone
		{F658A60D-5941-4CBE-8EC1-8AE20E93F60E}.Debug|Xbox 360.ActiveCfg = Debug|Windows Phone
		{F658A60D-5941-4CBE-8EC1-8AE20E93F60E}.Debug|Xbox 360.Build.0 = Debug|Windows Phone
		{F658A60D-5941-4CBE-8EC1-8AE20E93F60E}.Release|Any CPU.ActiveCfg = Release|Windows Phone
		{F658A60D-5941-4CBE-8EC1-8AE20E93F60E}.Release|Mixed Platforms.ActiveCfg = Release|Windows Phone
		{F658A60D-5941-4CBE-8EC1-8AE20E93F60E}.Release|Mixed Platforms.Build.0 = Release|Windows Phone
		{F658A60D-5941-4CBE-8EC1-8AE20E93F60E}.Release|Windows Phone.ActiveCfg = Release|Windows Phone
		{F658A60D-5941-4CBE-8EC1-8AE20E93F60E}.Release|Windows Phone.Build.0 = Release|Windows Phone
		{F658A60D-5941-4CBE-8EC1-8AE20E93F60E}.Release|x86.ActiveCfg = Release|Windows Phone
		{F658A60D-5941-4CBE-8EC1-8AE20E93F60E}.Release|x86.Build.0 = Release|Windows Phone
		{F658A60D-5941-4CBE-8EC1-8AE20E93F60E}.Release|Xbox 360.ActiveCfg = Release|Windows Phone
		{F658A60D-5941-4CBE-8EC1-8AE20E93F60E}.Release|Xbox 360.Build.0 = Release|Windows Phone
		{4897A388-8A29-4D6E-A737-50B82A46B543}.Debug|Any CPU.ActiveCfg = Debug|Xbox 360
		{4897A388-8A29-4D6E-A737-50B82A46B543}.Debug|Mixed Platforms.ActiveCfg = Debug|Xbox 360
		{4897A388-8A29-4D6E-A737-50B82A46B543}.Debug|Mixed Platforms.Build.0 = Debug|Xbox 360
		{4897A388-8A29-4D6E-A737-50B82A46B543}.Debug|Windows Phone.ActiveCfg = Debug|Xbox 360
		{4897A388-8A29-4D6E-A737-50B82A46B543}.Debug|x86.ActiveCfg = Debug|Xbox 360
		{4897A388-8A29-4D6E-A737-50B82A46B543}.Debug|Xbox 360.ActiveCfg = Debug|Xbox 360
		{4897A388-8A29-4D6E-A737-50B82A46B543}.Debug|Xbox 360.Build.0 = Debug|Xbox 360
		{4897A388-8A29-4D6E-A737-50B82A46B543}.Release|Any CPU.ActiveCfg = Release|Xbox 360
		{4897A388-8A29-4D6E-A737-50B82A46B543}.Release|Mixed Platforms.ActiveCfg = Release|Xbox 360
		{4897A388-8A29-4D6E-A737-50B82A46B543}.Release|Mixed Platforms.Build.0 = Release|Xbox 360
		{4897A388-8A29-4D6E-A737-50B82A46B543}.Release|Windows Phone.ActiveCfg = Release|Xbox 360
		{4897A388-8A29-4D6E-A737-50B82A46B543}.Release|x86.ActiveCfg = Release|Xbox 360
		{4897A388-8A29-4D6E-A737-50B82A46B543}.Release|Xbox 360.ActiveCfg = Release|Xbox 360
		{4897A388-8A29-4D6E-A737-50B82A46B543}.Release|Xbox 360.Build.0 = Release|Xbox 360
		{09E76189-4AAE-4EDD-8605-B7C1982978FA}.Debug|Any CPU.ActiveCfg = Debug|Xbox 360
		{09E76189-4AAE-4EDD-8605-B7C1982978FA}.Debug|Mixed Platforms.ActiveCfg = Debug|Xbox 360
		{09E76189-4AAE-4EDD-8605-B7C1982978FA}.Debug|Mixed Platforms.Build.0 = Debug|Xbox 360
		{09E76189-4AAE-4EDD-8605-B7C1982978FA}.Debug|Windows Phone.ActiveCfg = Debug|Xbox 360
		{09E76189-4AAE-4EDD-8605-B7C1982978FA}.Debug|x86.ActiveCfg = Debug|Xbox 360
		{09E76189-4AAE-4EDD-8605-B7C1982978FA}.Debug|Xbox 360.ActiveCfg = Debug|Xbox 360
		{09E76189-4AAE-4EDD-8605-B7C1982978FA}.Debug|Xbox 360.Build.0 = Debug|Xbox 360
		{09E76189-4AAE-4EDD-8605-B7C1982978FA}.Debug|Xbox 360.Deploy.0 = Debug|Xbox 360
		{09E76189-4AAE-4EDD-8605-B7C1982978FA}.Release|Any CPU.ActiveCfg = Release|Xbox 360
		{09E76189-4AAE-4EDD-8605-B7C1982978FA}.Release|Mixed Platforms.ActiveCfg = Release|Xbox 360
		{09E76189-4AAE-4EDD-8605-B7C1982978FA}.Release|Mixed Platforms.Build.0 = Release|Xbox 360
		{09E76189-4AAE-4EDD-8605-B7C1982978FA}.Release|Mixed Platforms.Deploy.0 = Release|Xbox 360
		{09E76189-4AAE-4EDD-8605-B7C1982978FA}.Release|Windows Phone.ActiveCfg = Release|Xbox 360
		{09E76189-4AAE-4EDD-8605-B7C1982978FA}.Release|x86.ActiveCfg = Release|Xbox 360
		{09E76189-4AAE-4EDD-8605-B7C1982978FA}.Release|Xbox 360.ActiveCfg = Release|Xbox 360
		{09E76189-4AAE-4EDD-8605-B7C1982978FA}.Release|Xbox 360.Build.0 = Release|Xbox 360
		{09E76189-4AAE-4EDD-8605-B7C1982978FA}.Release|Xbox 360.Deploy.0 = Release|Xbox 360
		{A4072A54-0737-484C-B8EB-471985F2E8AB}.Debug|Any CPU.ActiveCfg = Debug|Xbox 360
		{A4072A54-0737-484C-B8EB-471985F2E8AB}.Debug|Mixed Platforms.ActiveCfg = Debug|Xbox 360
		{A4072A54-0737-484C-B8EB-471985F2E8AB}.Debug|Mixed Platforms.Build.0 = Debug|Xbox 360
		{A4072A54-0737-484C-B8EB-471985F2E8AB}.Debug|Windows Phone.ActiveCfg = Debug|Xbox 360
		{A4072A54-0737-484C-B8EB-471985F2E8AB}.Debug|x86.ActiveCfg = Debug|Xbox 360
		{A4072A54-0737-484C-B8EB-471985F2E8AB}.Debug|Xbox 360.ActiveCfg = Debug|Xbox 360
		{A4072A54-0737-484C-B8EB-471985F2E8AB}.Debug|Xbox 360.Build.0 = Debug|Xbox 360
		{A4072A54-0737-484C-B8EB-471985F2E8AB}.Debug|Xbox 360.Deploy.0 = Debug|Xbox 360
		{A4072A54-0737-484C-B8EB-471985F2E8AB}.Release|Any CPU.ActiveCfg = Release|Xbox 360
		{A4072A54-0737-484C-B8EB-471985F2E8AB}.Release|Mixed Platforms.ActiveCfg = Release|Xbox 360
		{A4072A54-0737-484C-B8EB-471985F2E8AB}.Release|Mixed Platforms.Build.0 = Release|Xbox 360
		{A4072A54-0737-484C-B8EB-471985F2E8AB}.Release|Mixed Platforms.Deploy.0 = Release|Xbox 360
		{A4072A54-0737-484C-B8EB-471985F2E8AB}.Release|Windows Phone.ActiveCfg = Release|Xbox 360
		{A4072A54-0737-484C-B8EB-471985F2E8AB}.Release|x86.ActiveCfg = Release|Xbox 360
		{A4072A54-0737-484C-B8EB-471985F2E8AB}.Release|Xbox 360.ActiveCfg = Release|Xbox 360
		{A4072A54-0737-484C-B8EB-471985F2E8AB}.Release|Xbox 360.Build.0 = Release|Xbox 360
		{A4072A54-0737-484C-B8EB-471985F2E8AB}.Release|Xbox 360.Deploy.0 = Release|Xbox 360
		{DF267FF7-7A01-4EAA-A5D1-CC81D8CEEFD2}.Debug|Any CPU.ActiveCfg = Debug|Windows Phone
		{DF267FF7-7A01-4EAA-A5D1-CC81D8CEEFD2}.Debug|Mixed Platforms.ActiveCfg = Debug|Windows Phone
		{DF267FF7-7A01-4EAA-A5D1-CC81D8CEEFD2}.Debug|Mixed Platforms.Build.0 = Debug|Windows Phone
		{DF267FF7-7A01-4EAA-A5D1-CC81D8CEEFD2}.Debug|Mixed Platforms.Deploy.0 = Debug|Windows Phone
		{DF267FF7-7A01-4EAA-A5D1-CC81D8CEEFD2}.Debug|Windows Phone.ActiveCfg = Debug|Windows Phone
		{DF267FF7-7A01-4EAA-A5D1-CC81D8CEEFD2}.Debug|Windows Phone.Build.0 = Debug|Windows Phone
		{DF267FF7-7A01-4EAA-A5D1-CC81D8CEEFD2}.Debug|Windows Phone.Deploy.0 = Debug|Windows Phone
		{DF267FF7-7A01-4EAA-A5D1-CC81D8CEEFD2}.Debug|x86.ActiveCfg = Debug|Windows Phone
		{DF267FF7-7A01-4EAA-A5D1-CC81D8CEEFD2}.Debug|Xbox 360.ActiveCfg = Debug|Windows Phone
		{DF267FF7-7A01-4EAA-A5D1-CC81D8CEEFD2}.Release|Any CPU.ActiveCfg = Release|Windows Phone
		{DF267FF7-7A01-4EAA-A5D1-CC81D8CEEFD2}.Release|Mixed Platforms.ActiveCfg = Release|Windows Phone
		{DF267FF7-7A01-4EAA-A5D1-CC81D8CEEFD2}.Release|Mixed Platforms.Build.0 = Release|Windows Phone
		{DF267FF7-7A01-4EAA-A5D1-CC81D8CEEFD2}.Release|Mixed Platforms.Deploy.0 = Release|Windows Phone
		{DF267FF7-7A01-4EAA-A5D1-CC81D8CEEFD2}.Release|Windows Phone.ActiveCfg = Release|Windows Phone
		{DF267FF7-7A01-4EAA-A5D1-CC81D8CEEFD2}.Release|Windows Phone.Build.0 = Release|Windows Phone
		{DF267FF7-7A01-4EAA-A5D1-CC81D8CEEFD2}.Release|Windows Phone.Deploy.0 = Release|Windows Phone
		{DF267FF7-7A01-4EAA-A5D1-CC81D8CEEFD2}.Release|x86.ActiveCfg = Release|Windows Phone
		{DF267FF7-7A01-4EAA-A5D1-CC81D8CEEFD2}.Release|Xbox 360.ActiveCfg = Release|Windows Phone
		{299B2C66-6731-4FC6-8E2D-F08BBE2F999C}.Debug|Any CPU.ActiveCfg = Debug|x86
		{299B2C66-6731-4FC6-8E2D-F08BBE2F999C}.Debug|Mixed Platforms.ActiveCfg = Debug|x86
		{299B2C66-6731-4FC6-8E2D-F08BBE2F999C}.Debug|Mixed Platforms.Build.0 = Debug|x86
		{299B2C66-6731-4FC6-8E2D-F08BBE2F999C}.Debug|Windows Phone.ActiveCfg = Debug|x86
		{299B2C66-6731-4FC6-8E2D-F08BBE2F999C}.Debug|Windows Phone.Build.0 = Debug|x86
		{299B2C66-6731-4FC6-8E2D-F08BBE2F999C}.Debug|x86.ActiveCfg = Debug|x86
		{299B2C66-6731-4FC6-8E2D-F08BBE2F999C}.Debug|x86.Build.0 = Debug|x86
		{299B2C66-6731-4FC6-8E2D-F08BBE2F999C}.Debug|Xbox 360.ActiveCfg = Debug|x86
		{299B2C66-6731-4FC6-8E2D-F08BBE2F999C}.Debug|Xbox 360.Build.0 = Debug|x86
		{299B2C66-6731-4FC6-8E2D-F08BBE2F999C}.Release|Any CPU.ActiveCfg = Release|x86
		{299B2C66-6731-4FC6-8E2D-F08BBE2F999C}.Release|Mixed Platforms.ActiveCfg = Release|x86
		{299B2C66-6731-4FC6-8E2D-F08BBE2F999C}.Release|Mixed Platforms.Build.0 = Release|x86
		{299B2C66-6731-4FC6-8E2D-F08BBE2F999C}.Release|Windows Phone.ActiveCfg = Release|x86
		{299B2C66-6731-4FC6-8E2D-F08BBE2F999C}.Release|Windows Phone.Build.0 = Release|x86
		{299B2C66-6731-4FC6-8E2D-F08BBE2F999C}.Release|x86.ActiveCfg = Release|x86
		{299B2C66-6731-4FC6-8E2D-F08BBE2F999C}.Release|x86.Build.0 = Release|x86
		{299B2C66-6731-4FC6-8E2D-F08BBE2F999C}.Release|Xbox 360.ActiveCfg = Release|x86
		{299B2C66-6731-4FC6-8E2D-F08BBE2F999C}.Release|Xbox 360.Build.0 = Release|x86
		{1681ADA2-B2F3-4157-A603-82C742379856}.Debug|Any CPU.ActiveCfg = Debug|x86
		{1681ADA2-B2F3-4157-A603-82C742379856}.Debug|Mixed Platforms.ActiveCfg = Debug|x86
		{1681ADA2-B2F3-4157-A603-82C742379856}.Debug|Mixed Platforms.Build.0 = Debug|x86
		{1681ADA2-B2F3-4157-A603-82C742379856}.Debug|Windows Phone.ActiveCfg = Debug|x86
		{1681ADA2-B2F3-4157-A603-82C742379856}.Debug|x86.ActiveCfg = Debug|x86
		{1681ADA2-B2F3-4157-A603-82C742379856}.Debug|x86.Build.0 = Debug|x86
		{1681ADA2-B2F3-4157-A603-82C742379856}.Debug|Xbox 360.ActiveCfg = Debug|x86
		{1681ADA2-B2F3-4157-A603-82C742379856}.Release|Any CPU.ActiveCfg = Release|x86
		{1681ADA2-B2F3-4157-A603-82C742379856}.Release|Mixed Platforms.ActiveCfg = Release|x86
		{1681ADA2-B2F3-4157-A603-82C742379856}.Release|Mixed Platforms.Build.0 = Release|x86
		{1681ADA2-B2F3-4157-A603-82C742379856}.Release|Windows Phone.ActiveCfg = Release|x86
		{1681ADA2-B2F3-4157-A603-82C742379856}.Release|x86.ActiveCfg = Release|x86
		{1681ADA2-B2F3-4157-A603-82C742379856}.Release|x86.Build.0 = Release|x86
		{1681ADA2-B2F3-4157-A603-82C742379856}.Release|Xbox 360.ActiveCfg = Release|x86
		{FC7845FA-13FE-4FF8-822A-A577F3F59B00}.Debug|Any CPU.ActiveCfg = Debug|x86
		{FC7845FA-13FE-4FF8-822A-A577F3F59B00}.Debug|Mixed Platforms.ActiveCfg = Debug|x86
		{FC7845FA-13FE-4FF8-822A-A577F3F59B00}.Debug|Mixed Platforms.Build.0 = Debug|x86
		{FC7845FA-13FE-4FF8-822A-A577F3F59B00}.Debug|Windows Phone.ActiveCfg = Debug|x86
		{FC7845FA-13FE-4FF8-822A-A577F3F59B00}.Debug|Windows Phone.Build.0 = Debug|x86
		{FC7845FA-13FE-4FF8-822A-A577F3F59B00}.Debug|x86.ActiveCfg = Debug|x86
		{FC7845FA-13FE-4FF8-822A-A577F3F59B00}.Debug|x86.Build.0 = Debug|x86
		{FC7845FA-13FE-4FF8-822A-A577F3F59B00}.Debug|Xbox 360.ActiveCfg = Debug|x86
		{FC7845FA-13FE-4FF8-822A-A577F3F59B00}.Debug|Xbox 360.Build.0 = Debug|x86
		{FC7845FA-13FE-4FF8-822A-A577F3F59B00}.Release|Any CPU.ActiveCfg = Release|x86
		{FC7845FA-13FE-4FF8-822A-A577F3F59B00}.Release|Mixed Platforms.ActiveCfg = Release|x86
		{FC7845FA-13FE-4FF8-822A-A577F3F59B00}.Release|Mixed Platforms.Build.0 = Release|x86
		{FC7845FA-13FE-4FF8-822A-A577F3F59B00}.Release|Windows Phone.ActiveCfg = Release|x86
		{FC7845FA-13FE-4FF8-822A-A577F3F59B00}.Release|Windows Phone.Build.0 = Release|x86
		{FC7845FA-13FE-4FF8-822A-A577F3F59B00}.Release|x86.ActiveCfg = Release|x86
		{FC7845FA-13FE-4FF8-822A-A577F3F59B00}.Release|x86.Build.0 = Release|x86
		{FC7845FA-13FE-4FF8-822A-A577F3F59B00}.Release|Xbox 360.ActiveCfg = Release|x86
		{FC7845FA-13FE-4FF8-822A-A577F3F59B00}.Release|Xbox 360.Build.0 = Release|x86
		{6AC89BBA-31DB-462D-ACD0-3E828594939E}.Debug|Any CPU.ActiveCfg = Debug|x86
		{6AC89BBA-31DB-462D-ACD0-3E828594939E}.Debug|Mixed Platforms.ActiveCfg = Debug|x86
		{6AC89BBA-31DB-462D-ACD0-3E828594939E}.Debug|Mixed Platforms.Build.0 = Debug|x86
		{6AC89BBA-31DB-462D-ACD0-3E828594939E}.Debug|Windows Phone.ActiveCfg = Debug|x86
		{6AC89BBA-31DB-462D-ACD0-3E828594939E}.Debug|Windows Phone.Build.0 = Debug|x86
		{6AC89BBA-31DB-462D-ACD0-3E828594939E}.Debug|x86.ActiveCfg = Debug|x86
		{6AC89BBA-31DB-462D-ACD0-3E828594939E}.Debug|x86.Build.0 = Debug|x86
		{6AC89BBA-31DB-462D-ACD0-3E828594939E}.Debug|Xbox 360.ActiveCfg = Debug|x86
		{6AC89BBA-31DB-462D-ACD0-3E828594939E}.Debug|Xbox 360.Build.0 = Debug|x86
		{6AC89BBA-31DB-462D-ACD0-3E828594939E}.Release|Any CPU.ActiveCfg = Release|x86
		{6AC89BBA-31DB-462D-ACD0-3E828594939E}.Release|Mixed Platforms.ActiveCfg = Release|x86
		{6AC89BBA-31DB-462D-ACD0-3E828594939E}.Release|Mixed Platforms.Build.0 = Release|x86
		{6AC89BBA-31DB-462D-ACD0-3E828594939E}.Release|Windows Phone.ActiveCfg = Release|x86
		{6AC89BBA-31DB-462D-ACD0-3E828594939E}.Release|Windows Phone.Build.0 = Release|x86
		{6AC89BBA-31DB-462D-ACD0-3E828594939E}.Release|x86.ActiveCfg = Release|x86
		{6AC89BBA-31DB-462D-ACD0-3E828594939E}.Release|x86.Build.0 = Release|x86
		{6AC89BBA-31DB-462D-ACD0-3E828594939E}.Release|Xbox 360.ActiveCfg = Release|x86
		{6AC89BBA-31DB-462D-ACD0-3E828594939E}.Release|Xbox 360.Build.0 = Release|x86
		{6C766835-4E89-49D9-AE7F-273DF4226CFE}.Debug|Any CPU.ActiveCfg = Debug|Xbox 360
		{6C766835-4E89-49D9-AE7F-273DF4226CFE}.Debug|Mixed Platforms.ActiveCfg = Debug|Xbox 360
		{6C766835-4E89-49D9-AE7F-273DF4226CFE}.Debug|Mixed Platforms.Build.0 = Debug|Xbox 360
		{6C766835-4E89-49D9-AE7F-273DF4226CFE}.Debug|Windows Phone.ActiveCfg = Debug|Xbox 360
		{6C766835-4E89-49D9-AE7F-273DF4226CFE}.Debug|x86.ActiveCfg = Debug|Xbox 360
		{6C766835-4E89-49D9-AE7F-273DF4226CFE}.Debug|Xbox 360.ActiveCfg = Debug|Xbox 360
		{6C766835-4E89-49D9-AE7F-273DF4226CFE}.Debug|Xbox 360.Build.0 = Debug|Xbox 360
		{6C766835-4E89-49D9-AE7F-273DF4226CFE}.Debug|Xbox 360.Deploy.0 = Debug|Xbox 360
		{6C766835-4E89-49D9-AE7F-273DF4226CFE}.Release|Any CPU.ActiveCfg = Release|Xbox 360
		{6C766835-4E89-49D9-AE7F-273DF4226CFE}.Release|Mixed Platforms.ActiveCfg = Release|Xbox 360
		{6C766835-4E89-49D9-AE7F-273DF4226CFE}.Release|Mixed Platforms.Build.0 = Release|Xbox 360
		{6C766835-4E89-49D9-AE7F-273DF4226CFE}.Release|Mixed Platforms.Deploy.0 = Release|Xbox 360
		{6C766835-4E89-49D9-AE7F-273DF4226CFE}.Release|Windows Phone.ActiveCfg = Release|Xbox 360
		{6C766835-4E89-49D9-AE7F-273DF4226CFE}.Release|x86.ActiveCfg = Release|Xbox 360
		{6C766835-4E89-49D9-AE7F-273DF4226CFE}.Release|Xbox 360.ActiveCfg = Release|Xbox 360
		{6C766835-4E89-49D9-AE7F-273DF4226CFE}.Release|Xbox 360.Build.0 = Release|Xbox 360
		{6C766835-4E89-49D9-AE7F-273DF4226CFE}.Release|Xbox 360.Deploy.0 = Release|Xbox 360
		{49A684AB-E568-4B9A-8D84-E18BCB3BE3D3}.Debug|Any CPU.ActiveCfg = Debug|Windows Phone
		{49A684AB-E568-4B9A-8D84-E18BCB3BE3D3}.Debug|Mixed Platforms.ActiveCfg = Debug|Windows Phone
		{49A684AB-E568-4B9A-8D84-E18BCB3BE3D3}.Debug|Mixed Platforms.Build.0 = Debug|Windows Phone
		{49A684AB-E568-4B9A-8D84-E18BCB3BE3D3}.Debug|Windows Phone.ActiveCfg = Debug|Windows Phone
		{49A684AB-E568-4B9A-8D84-E18BCB3BE3D3}.Debug|Windows Phone.Build.0 = Debug|Windows Phone
		{49A684AB-E568-4B9A-8D84-E18BCB3BE3D3}.Debug|Windows Phone.Deploy.0 = Debug|Windows Phone
		{49A684AB-E568-4B9A-8D84-E18BCB3BE3D3}.Debug|x86.ActiveCfg = Debug|Windows Phone
		{49A684AB-E568-4B9A-8D84-E18BCB3BE3D3}.Debug|Xbox 360.ActiveCfg = Debug|Windows Phone
		{49A684AB-E568-4B9A-8D84-E18BCB3BE3D3}.Release|Any CPU.ActiveCfg = Release|Windows Phone
		{49A684AB-E568-4B9A-8D84-E18BCB3BE3D3}.Release|Mixed Platforms.ActiveCfg = Release|Windows Phone
		{49A684AB-E568-4B9A-8D84-E18BCB3BE3D3}.Release|Mixed Platforms.Build.0 = Release|Windows Phone
		{49A684AB-E568-4B9A-8D84-E18BCB3BE3D3}.Release|Mixed Platforms.Deploy.0 = Release|Windows Phone
		{49A684AB-E568-4B9A-8D84-E18BCB3BE3D3}.Release|Windows Phone.ActiveCfg = Release|Windows Phone
		{49A684AB-E568-4B9A-8D84-E18BCB3BE3D3}.Release|Windows Phone.Build.0 = Release|Windows Phone
		{49A684AB-E568-4B9A-8D84-E18BCB3BE3D3}.Release|Windows Phone.Deploy.0 = Release|Windows Phone
		{49A684AB-E568-4B9A-8D84-E18BCB3BE3D3}.Release|x86.ActiveCfg = Release|Windows Phone
		{49A684AB-E568-4B9A-8D84-E18BCB3BE3D3}.Release|Xbox 360.ActiveCfg = Release|Windows Phone
		{98EF2E0C-FE42-4B61-8F9D-214437C05A5D}.Debug|Any CPU.ActiveCfg = Debug|Any CPU
		{98EF2E0C-FE42-4B61-8F9D-214437C05A5D}.Debug|Any CPU.Build.0 = Debug|Any CPU
		{98EF2E0C-FE42-4B61-8F9D-214437C05A5D}.Debug|Mixed Platforms.ActiveCfg = Debug|Any CPU
		{98EF2E0C-FE42-4B61-8F9D-214437C05A5D}.Debug|Mixed Platforms.Build.0 = Debug|Any CPU
		{98EF2E0C-FE42-4B61-8F9D-214437C05A5D}.Debug|Windows Phone.ActiveCfg = Debug|Any CPU
		{98EF2E0C-FE42-4B61-8F9D-214437C05A5D}.Debug|x86.ActiveCfg = Debug|Any CPU
		{98EF2E0C-FE42-4B61-8F9D-214437C05A5D}.Debug|Xbox 360.ActiveCfg = Debug|Any CPU
		{98EF2E0C-FE42-4B61-8F9D-214437C05A5D}.Release|Any CPU.ActiveCfg = Release|Any CPU
		{98EF2E0C-FE42-4B61-8F9D-214437C05A5D}.Release|Any CPU.Build.0 = Release|Any CPU
		{98EF2E0C-FE42-4B61-8F9D-214437C05A5D}.Release|Mixed Platforms.ActiveCfg = Release|Any CPU
		{98EF2E0C-FE42-4B61-8F9D-214437C05A5D}.Release|Mixed Platforms.Build.0 = Release|Any CPU
		{98EF2E0C-FE42-4B61-8F9D-214437C05A5D}.Release|Windows Phone.ActiveCfg = Release|Any CPU
		{98EF2E0C-FE42-4B61-8F9D-214437C05A5D}.Release|x86.ActiveCfg = Release|Any CPU
		{98EF2E0C-FE42-4B61-8F9D-214437C05A5D}.Release|Xbox 360.ActiveCfg = Release|Any CPU
		{1436B1E1-FEBB-49BB-9C87-DEB27B0DB803}.Debug|Any CPU.ActiveCfg = Debug|Any CPU
		{1436B1E1-FEBB-49BB-9C87-DEB27B0DB803}.Debug|Any CPU.Build.0 = Debug|Any CPU
		{1436B1E1-FEBB-49BB-9C87-DEB27B0DB803}.Debug|Any CPU.Deploy.0 = Debug|Any CPU
		{1436B1E1-FEBB-49BB-9C87-DEB27B0DB803}.Debug|Mixed Platforms.ActiveCfg = Debug|Any CPU
		{1436B1E1-FEBB-49BB-9C87-DEB27B0DB803}.Debug|Mixed Platforms.Build.0 = Debug|Any CPU
		{1436B1E1-FEBB-49BB-9C87-DEB27B0DB803}.Debug|Mixed Platforms.Deploy.0 = Debug|Any CPU
		{1436B1E1-FEBB-49BB-9C87-DEB27B0DB803}.Debug|Windows Phone.ActiveCfg = Debug|Any CPU
		{1436B1E1-FEBB-49BB-9C87-DEB27B0DB803}.Debug|x86.ActiveCfg = Debug|Any CPU
		{1436B1E1-FEBB-49BB-9C87-DEB27B0DB803}.Debug|Xbox 360.ActiveCfg = Debug|Any CPU
		{1436B1E1-FEBB-49BB-9C87-DEB27B0DB803}.Release|Any CPU.ActiveCfg = Release|Any CPU
		{1436B1E1-FEBB-49BB-9C87-DEB27B0DB803}.Release|Any CPU.Build.0 = Release|Any CPU
		{1436B1E1-FEBB-49BB-9C87-DEB27B0DB803}.Release|Any CPU.Deploy.0 = Release|Any CPU
		{1436B1E1-FEBB-49BB-9C87-DEB27B0DB803}.Release|Mixed Platforms.ActiveCfg = Release|Any CPU
		{1436B1E1-FEBB-49BB-9C87-DEB27B0DB803}.Release|Mixed Platforms.Build.0 = Release|Any CPU
		{1436B1E1-FEBB-49BB-9C87-DEB27B0DB803}.Release|Mixed Platforms.Deploy.0 = Release|Any CPU
		{1436B1E1-FEBB-49BB-9C87-DEB27B0DB803}.Release|Windows Phone.ActiveCfg = Release|Any CPU
		{1436B1E1-FEBB-49BB-9C87-DEB27B0DB803}.Release|x86.ActiveCfg = Release|Any CPU
		{1436B1E1-FEBB-49BB-9C87-DEB27B0DB803}.Release|Xbox 360.ActiveCfg = Release|Any CPU
		{A26BDB32-09A7-4CF1-9C0B-E79EB2DEC59A}.Debug|Any CPU.ActiveCfg = Debug|Any CPU
		{A26BDB32-09A7-4CF1-9C0B-E79EB2DEC59A}.Debug|Any CPU.Build.0 = Debug|Any CPU
		{A26BDB32-09A7-4CF1-9C0B-E79EB2DEC59A}.Debug|Mixed Platforms.ActiveCfg = Debug|Any CPU
		{A26BDB32-09A7-4CF1-9C0B-E79EB2DEC59A}.Debug|Mixed Platforms.Build.0 = Debug|Any CPU
		{A26BDB32-09A7-4CF1-9C0B-E79EB2DEC59A}.Debug|Windows Phone.ActiveCfg = Debug|Any CPU
		{A26BDB32-09A7-4CF1-9C0B-E79EB2DEC59A}.Debug|x86.ActiveCfg = Debug|Any CPU
		{A26BDB32-09A7-4CF1-9C0B-E79EB2DEC59A}.Debug|Xbox 360.ActiveCfg = Debug|Any CPU
		{A26BDB32-09A7-4CF1-9C0B-E79EB2DEC59A}.Release|Any CPU.ActiveCfg = Release|Any CPU
		{A26BDB32-09A7-4CF1-9C0B-E79EB2DEC59A}.Release|Any CPU.Build.0 = Release|Any CPU
		{A26BDB32-09A7-4CF1-9C0B-E79EB2DEC59A}.Release|Mixed Platforms.ActiveCfg = Release|Any CPU
		{A26BDB32-09A7-4CF1-9C0B-E79EB2DEC59A}.Release|Mixed Platforms.Build.0 = Release|Any CPU
		{A26BDB32-09A7-4CF1-9C0B-E79EB2DEC59A}.Release|Windows Phone.ActiveCfg = Release|Any CPU
		{A26BDB32-09A7-4CF1-9C0B-E79EB2DEC59A}.Release|x86.ActiveCfg = Release|Any CPU
		{A26BDB32-09A7-4CF1-9C0B-E79EB2DEC59A}.Release|Xbox 360.ActiveCfg = Release|Any CPU
		{98651B97-0611-45ED-9FD1-B856C865129C}.Debug|Any CPU.ActiveCfg = Debug|Any CPU
		{98651B97-0611-45ED-9FD1-B856C865129C}.Debug|Any CPU.Build.0 = Debug|Any CPU
		{98651B97-0611-45ED-9FD1-B856C865129C}.Debug|Any CPU.Deploy.0 = Debug|Any CPU
		{98651B97-0611-45ED-9FD1-B856C865129C}.Debug|Mixed Platforms.ActiveCfg = Debug|Any CPU
		{98651B97-0611-45ED-9FD1-B856C865129C}.Debug|Mixed Platforms.Build.0 = Debug|Any CPU
		{98651B97-0611-45ED-9FD1-B856C865129C}.Debug|Mixed Platforms.Deploy.0 = Debug|Any CPU
		{98651B97-0611-45ED-9FD1-B856C865129C}.Debug|Windows Phone.ActiveCfg = Debug|Any CPU
		{98651B97-0611-45ED-9FD1-B856C865129C}.Debug|x86.ActiveCfg = Debug|Any CPU
		{98651B97-0611-45ED-9FD1-B856C865129C}.Debug|Xbox 360.ActiveCfg = Debug|Any CPU
		{98651B97-0611-45ED-9FD1-B856C865129C}.Release|Any CPU.ActiveCfg = Release|Any CPU
		{98651B97-0611-45ED-9FD1-B856C865129C}.Release|Any CPU.Build.0 = Release|Any CPU
		{98651B97-0611-45ED-9FD1-B856C865129C}.Release|Any CPU.Deploy.0 = Release|Any CPU
		{98651B97-0611-45ED-9FD1-B856C865129C}.Release|Mixed Platforms.ActiveCfg = Release|Any CPU
		{98651B97-0611-45ED-9FD1-B856C865129C}.Release|Mixed Platforms.Build.0 = Release|Any CPU
		{98651B97-0611-45ED-9FD1-B856C865129C}.Release|Mixed Platforms.Deploy.0 = Release|Any CPU
		{98651B97-0611-45ED-9FD1-B856C865129C}.Release|Windows Phone.ActiveCfg = Release|Any CPU
		{98651B97-0611-45ED-9FD1-B856C865129C}.Release|x86.ActiveCfg = Release|Any CPU
		{98651B97-0611-45ED-9FD1-B856C865129C}.Release|Xbox 360.ActiveCfg = Release|Any CPU
		{167313B1-2745-4A12-91D3-FE070DBD9222}.Debug|Any CPU.ActiveCfg = Debug|x86
		{167313B1-2745-4A12-91D3-FE070DBD9222}.Debug|Mixed Platforms.ActiveCfg = Debug|x86
		{167313B1-2745-4A12-91D3-FE070DBD9222}.Debug|Mixed Platforms.Build.0 = Debug|x86
		{167313B1-2745-4A12-91D3-FE070DBD9222}.Debug|Windows Phone.ActiveCfg = Debug|x86
		{167313B1-2745-4A12-91D3-FE070DBD9222}.Debug|x86.ActiveCfg = Debug|x86
		{167313B1-2745-4A12-91D3-FE070DBD9222}.Debug|x86.Build.0 = Debug|x86
		{167313B1-2745-4A12-91D3-FE070DBD9222}.Debug|Xbox 360.ActiveCfg = Debug|x86
		{167313B1-2745-4A12-91D3-FE070DBD9222}.Release|Any CPU.ActiveCfg = Release|x86
		{167313B1-2745-4A12-91D3-FE070DBD9222}.Release|Mixed Platforms.ActiveCfg = Release|x86
		{167313B1-2745-4A12-91D3-FE070DBD9222}.Release|Mixed Platforms.Build.0 = Release|x86
		{167313B1-2745-4A12-91D3-FE070DBD9222}.Release|Windows Phone.ActiveCfg = Release|x86
		{167313B1-2745-4A12-91D3-FE070DBD9222}.Release|x86.ActiveCfg = Release|x86
		{167313B1-2745-4A12-91D3-FE070DBD9222}.Release|x86.Build.0 = Release|x86
		{167313B1-2745-4A12-91D3-FE070DBD9222}.Release|Xbox 360.ActiveCfg = Release|x86
		{D638C1E4-96EC-4EAF-93EA-74366B7429E1}.Debug|Any CPU.ActiveCfg = Debug|x86
		{D638C1E4-96EC-4EAF-93EA-74366B7429E1}.Debug|Mixed Platforms.ActiveCfg = Debug|x86
		{D638C1E4-96EC-4EAF-93EA-74366B7429E1}.Debug|Mixed Platforms.Build.0 = Debug|x86
		{D638C1E4-96EC-4EAF-93EA-74366B7429E1}.Debug|Windows Phone.ActiveCfg = Debug|x86
		{D638C1E4-96EC-4EAF-93EA-74366B7429E1}.Debug|x86.ActiveCfg = Debug|x86
		{D638C1E4-96EC-4EAF-93EA-74366B7429E1}.Debug|x86.Build.0 = Debug|x86
		{D638C1E4-96EC-4EAF-93EA-74366B7429E1}.Debug|Xbox 360.ActiveCfg = Debug|x86
		{D638C1E4-96EC-4EAF-93EA-74366B7429E1}.Release|Any CPU.ActiveCfg = Release|x86
		{D638C1E4-96EC-4EAF-93EA-74366B7429E1}.Release|Mixed Platforms.ActiveCfg = Release|x86
		{D638C1E4-96EC-4EAF-93EA-74366B7429E1}.Release|Mixed Platforms.Build.0 = Release|x86
		{D638C1E4-96EC-4EAF-93EA-74366B7429E1}.Release|Windows Phone.ActiveCfg = Release|x86
		{D638C1E4-96EC-4EAF-93EA-74366B7429E1}.Release|x86.ActiveCfg = Release|x86
		{D638C1E4-96EC-4EAF-93EA-74366B7429E1}.Release|x86.Build.0 = Release|x86
		{D638C1E4-96EC-4EAF-93EA-74366B7429E1}.Release|Xbox 360.ActiveCfg = Release|x86
		{AC26EDE1-2A42-4A57-BEEE-9603FCAC9317}.Debug|Any CPU.ActiveCfg = Debug|Any CPU
		{AC26EDE1-2A42-4A57-BEEE-9603FCAC9317}.Debug|Mixed Platforms.ActiveCfg = Debug|Any CPU
		{AC26EDE1-2A42-4A57-BEEE-9603FCAC9317}.Debug|Windows Phone.ActiveCfg = Debug|Any CPU
		{AC26EDE1-2A42-4A57-BEEE-9603FCAC9317}.Debug|x86.ActiveCfg = Debug|Any CPU
		{AC26EDE1-2A42-4A57-BEEE-9603FCAC9317}.Debug|Xbox 360.ActiveCfg = Debug|Any CPU
		{AC26EDE1-2A42-4A57-BEEE-9603FCAC9317}.Release|Any CPU.ActiveCfg = Debug|Any CPU
		{AC26EDE1-2A42-4A57-BEEE-9603FCAC9317}.Release|Mixed Platforms.ActiveCfg = Debug|Any CPU
		{AC26EDE1-2A42-4A57-BEEE-9603FCAC9317}.Release|Windows Phone.ActiveCfg = Debug|Any CPU
		{AC26EDE1-2A42-4A57-BEEE-9603FCAC9317}.Release|x86.ActiveCfg = Debug|Any CPU
		{AC26EDE1-2A42-4A57-BEEE-9603FCAC9317}.Release|Xbox 360.ActiveCfg = Debug|Any CPU
		{1999498C-698A-41C7-8C90-DD4D3B353D5B}.Debug|Any CPU.ActiveCfg = Debug|x86
		{1999498C-698A-41C7-8C90-DD4D3B353D5B}.Debug|Mixed Platforms.ActiveCfg = Debug|x86
		{1999498C-698A-41C7-8C90-DD4D3B353D5B}.Debug|Windows Phone.ActiveCfg = Debug|x86
		{1999498C-698A-41C7-8C90-DD4D3B353D5B}.Debug|x86.ActiveCfg = Debug|x86
		{1999498C-698A-41C7-8C90-DD4D3B353D5B}.Debug|Xbox 360.ActiveCfg = Debug|x86
		{1999498C-698A-41C7-8C90-DD4D3B353D5B}.Release|Any CPU.ActiveCfg = Release|x86
		{1999498C-698A-41C7-8C90-DD4D3B353D5B}.Release|Mixed Platforms.ActiveCfg = Release|x86
		{1999498C-698A-41C7-8C90-DD4D3B353D5B}.Release|Windows Phone.ActiveCfg = Release|x86
		{1999498C-698A-41C7-8C90-DD4D3B353D5B}.Release|x86.ActiveCfg = Release|x86
		{1999498C-698A-41C7-8C90-DD4D3B353D5B}.Release|Xbox 360.ActiveCfg = Release|x86
		{C8D1B1FB-E7FA-4BCF-BC8A-4D5D93429F67}.Debug|Any CPU.ActiveCfg = Debug|x86
		{C8D1B1FB-E7FA-4BCF-BC8A-4D5D93429F67}.Debug|Mixed Platforms.ActiveCfg = Debug|x86
		{C8D1B1FB-E7FA-4BCF-BC8A-4D5D93429F67}.Debug|Windows Phone.ActiveCfg = Debug|x86
		{C8D1B1FB-E7FA-4BCF-BC8A-4D5D93429F67}.Debug|x86.ActiveCfg = Debug|x86
		{C8D1B1FB-E7FA-4BCF-BC8A-4D5D93429F67}.Debug|Xbox 360.ActiveCfg = Debug|x86
		{C8D1B1FB-E7FA-4BCF-BC8A-4D5D93429F67}.Release|Any CPU.ActiveCfg = Release|x86
		{C8D1B1FB-E7FA-4BCF-BC8A-4D5D93429F67}.Release|Mixed Platforms.ActiveCfg = Release|x86
		{C8D1B1FB-E7FA-4BCF-BC8A-4D5D93429F67}.Release|Windows Phone.ActiveCfg = Release|x86
		{C8D1B1FB-E7FA-4BCF-BC8A-4D5D93429F67}.Release|x86.ActiveCfg = Release|x86
		{C8D1B1FB-E7FA-4BCF-BC8A-4D5D93429F67}.Release|Xbox 360.ActiveCfg = Release|x86
		{301F9A16-7581-4461-A369-D59064FB740E}.Debug|Any CPU.ActiveCfg = Debug|Any CPU
		{301F9A16-7581-4461-A369-D59064FB740E}.Debug|Mixed Platforms.ActiveCfg = Debug|Any CPU
		{301F9A16-7581-4461-A369-D59064FB740E}.Debug|Windows Phone.ActiveCfg = Debug|Any CPU
		{301F9A16-7581-4461-A369-D59064FB740E}.Debug|x86.ActiveCfg = Debug|Any CPU
		{301F9A16-7581-4461-A369-D59064FB740E}.Debug|Xbox 360.ActiveCfg = Debug|Any CPU
		{301F9A16-7581-4461-A369-D59064FB740E}.Release|Any CPU.ActiveCfg = Debug|Any CPU
		{301F9A16-7581-4461-A369-D59064FB740E}.Release|Mixed Platforms.ActiveCfg = Debug|Any CPU
		{301F9A16-7581-4461-A369-D59064FB740E}.Release|Windows Phone.ActiveCfg = Debug|Any CPU
		{301F9A16-7581-4461-A369-D59064FB740E}.Release|x86.ActiveCfg = Debug|Any CPU
		{301F9A16-7581-4461-A369-D59064FB740E}.Release|Xbox 360.ActiveCfg = Debug|Any CPU
		{CB9A9743-3010-4950-8BDF-42496ABA17D8}.Debug|Any CPU.ActiveCfg = Debug|Any CPU
		{CB9A9743-3010-4950-8BDF-42496ABA17D8}.Debug|Mixed Platforms.ActiveCfg = Debug|Any CPU
		{CB9A9743-3010-4950-8BDF-42496ABA17D8}.Debug|Windows Phone.ActiveCfg = Debug|Any CPU
		{CB9A9743-3010-4950-8BDF-42496ABA17D8}.Debug|x86.ActiveCfg = Debug|Any CPU
		{CB9A9743-3010-4950-8BDF-42496ABA17D8}.Debug|Xbox 360.ActiveCfg = Debug|Any CPU
		{CB9A9743-3010-4950-8BDF-42496ABA17D8}.Release|Any CPU.ActiveCfg = Debug|Any CPU
		{CB9A9743-3010-4950-8BDF-42496ABA17D8}.Release|Mixed Platforms.ActiveCfg = Debug|Any CPU
		{CB9A9743-3010-4950-8BDF-42496ABA17D8}.Release|Windows Phone.ActiveCfg = Debug|Any CPU
		{CB9A9743-3010-4950-8BDF-42496ABA17D8}.Release|x86.ActiveCfg = Debug|Any CPU
		{CB9A9743-3010-4950-8BDF-42496ABA17D8}.Release|Xbox 360.ActiveCfg = Debug|Any CPU
		{7E5CAE15-8D78-41C2-83C0-A135F3D2FF79}.Debug|Any CPU.ActiveCfg = Debug|x86
		{7E5CAE15-8D78-41C2-83C0-A135F3D2FF79}.Debug|Mixed Platforms.ActiveCfg = Debug|x86
		{7E5CAE15-8D78-41C2-83C0-A135F3D2FF79}.Debug|Windows Phone.ActiveCfg = Debug|x86
		{7E5CAE15-8D78-41C2-83C0-A135F3D2FF79}.Debug|x86.ActiveCfg = Debug|x86
		{7E5CAE15-8D78-41C2-83C0-A135F3D2FF79}.Debug|Xbox 360.ActiveCfg = Debug|x86
		{7E5CAE15-8D78-41C2-83C0-A135F3D2FF79}.Release|Any CPU.ActiveCfg = Release|x86
		{7E5CAE15-8D78-41C2-83C0-A135F3D2FF79}.Release|Mixed Platforms.ActiveCfg = Release|x86
		{7E5CAE15-8D78-41C2-83C0-A135F3D2FF79}.Release|Windows Phone.ActiveCfg = Release|x86
		{7E5CAE15-8D78-41C2-83C0-A135F3D2FF79}.Release|x86.ActiveCfg = Release|x86
		{7E5CAE15-8D78-41C2-83C0-A135F3D2FF79}.Release|Xbox 360.ActiveCfg = Release|x86
		{28464806-3BFC-4FE2-99F0-4D6868F939A9}.Debug|Any CPU.ActiveCfg = Debug|x86
		{28464806-3BFC-4FE2-99F0-4D6868F939A9}.Debug|Mixed Platforms.ActiveCfg = Debug|x86
		{28464806-3BFC-4FE2-99F0-4D6868F939A9}.Debug|Windows Phone.ActiveCfg = Debug|x86
		{28464806-3BFC-4FE2-99F0-4D6868F939A9}.Debug|x86.ActiveCfg = Debug|x86
		{28464806-3BFC-4FE2-99F0-4D6868F939A9}.Debug|Xbox 360.ActiveCfg = Debug|x86
		{28464806-3BFC-4FE2-99F0-4D6868F939A9}.Release|Any CPU.ActiveCfg = Release|x86
		{28464806-3BFC-4FE2-99F0-4D6868F939A9}.Release|Mixed Platforms.ActiveCfg = Release|x86
		{28464806-3BFC-4FE2-99F0-4D6868F939A9}.Release|Windows Phone.ActiveCfg = Release|x86
		{28464806-3BFC-4FE2-99F0-4D6868F939A9}.Release|x86.ActiveCfg = Release|x86
		{28464806-3BFC-4FE2-99F0-4D6868F939A9}.Release|Xbox 360.ActiveCfg = Release|x86
		{94DF2EC1-BCC5-4F8C-A8BA-95A1C29C9FC8}.Debug|Any CPU.ActiveCfg = Debug|Any CPU
		{94DF2EC1-BCC5-4F8C-A8BA-95A1C29C9FC8}.Debug|Mixed Platforms.ActiveCfg = Debug|Any CPU
		{94DF2EC1-BCC5-4F8C-A8BA-95A1C29C9FC8}.Debug|Windows Phone.ActiveCfg = Debug|Any CPU
		{94DF2EC1-BCC5-4F8C-A8BA-95A1C29C9FC8}.Debug|x86.ActiveCfg = Debug|Any CPU
		{94DF2EC1-BCC5-4F8C-A8BA-95A1C29C9FC8}.Debug|Xbox 360.ActiveCfg = Debug|Any CPU
		{94DF2EC1-BCC5-4F8C-A8BA-95A1C29C9FC8}.Release|Any CPU.ActiveCfg = Debug|Any CPU
		{94DF2EC1-BCC5-4F8C-A8BA-95A1C29C9FC8}.Release|Mixed Platforms.ActiveCfg = Debug|Any CPU
		{94DF2EC1-BCC5-4F8C-A8BA-95A1C29C9FC8}.Release|Windows Phone.ActiveCfg = Debug|Any CPU
		{94DF2EC1-BCC5-4F8C-A8BA-95A1C29C9FC8}.Release|x86.ActiveCfg = Debug|Any CPU
		{94DF2EC1-BCC5-4F8C-A8BA-95A1C29C9FC8}.Release|Xbox 360.ActiveCfg = Debug|Any CPU
		{350C233C-BA1A-48E9-80B1-745F4662D77C}.Debug|Any CPU.ActiveCfg = Debug|x86
		{350C233C-BA1A-48E9-80B1-745F4662D77C}.Debug|Mixed Platforms.ActiveCfg = Debug|x86
		{350C233C-BA1A-48E9-80B1-745F4662D77C}.Debug|Mixed Platforms.Build.0 = Debug|x86
		{350C233C-BA1A-48E9-80B1-745F4662D77C}.Debug|Windows Phone.ActiveCfg = Debug|x86
		{350C233C-BA1A-48E9-80B1-745F4662D77C}.Debug|x86.ActiveCfg = Debug|x86
		{350C233C-BA1A-48E9-80B1-745F4662D77C}.Debug|x86.Build.0 = Debug|x86
		{350C233C-BA1A-48E9-80B1-745F4662D77C}.Debug|Xbox 360.ActiveCfg = Debug|x86
		{350C233C-BA1A-48E9-80B1-745F4662D77C}.Release|Any CPU.ActiveCfg = Release|x86
		{350C233C-BA1A-48E9-80B1-745F4662D77C}.Release|Mixed Platforms.ActiveCfg = Release|x86
		{350C233C-BA1A-48E9-80B1-745F4662D77C}.Release|Mixed Platforms.Build.0 = Release|x86
		{350C233C-BA1A-48E9-80B1-745F4662D77C}.Release|Windows Phone.ActiveCfg = Release|x86
		{350C233C-BA1A-48E9-80B1-745F4662D77C}.Release|x86.ActiveCfg = Release|x86
		{350C233C-BA1A-48E9-80B1-745F4662D77C}.Release|x86.Build.0 = Release|x86
		{350C233C-BA1A-48E9-80B1-745F4662D77C}.Release|Xbox 360.ActiveCfg = Release|x86
	EndGlobalSection
	GlobalSection(SolutionProperties) = preSolution
		HideSolutionNode = FALSE
	EndGlobalSection
	GlobalSection(NestedProjects) = preSolution
		{0A850700-1ABB-4288-A391-6726B90EBEB9} = {E662B67C-5BEC-409D-9564-A82CBC1A0120}
		{299B2C66-6731-4FC6-8E2D-F08BBE2F999C} = {E662B67C-5BEC-409D-9564-A82CBC1A0120}
		{1681ADA2-B2F3-4157-A603-82C742379856} = {E662B67C-5BEC-409D-9564-A82CBC1A0120}
		{FC7845FA-13FE-4FF8-822A-A577F3F59B00} = {E662B67C-5BEC-409D-9564-A82CBC1A0120}
		{6AC89BBA-31DB-462D-ACD0-3E828594939E} = {E662B67C-5BEC-409D-9564-A82CBC1A0120}
		{786DC838-D746-4107-93FF-19A902A78CFC} = {35ED807D-3AE9-49F3-896A-B349D21700C6}
		{77CA64E6-113F-4AB1-B8CF-B213343BD0DB} = {35ED807D-3AE9-49F3-896A-B349D21700C6}
		{98EF2E0C-FE42-4B61-8F9D-214437C05A5D} = {35ED807D-3AE9-49F3-896A-B349D21700C6}
		{448C63FB-8177-4CC6-B2AD-1D44031B3C2E} = {7330C8AF-2535-4F23-9A0A-87050B245C68}
		{4897A388-8A29-4D6E-A737-50B82A46B543} = {7330C8AF-2535-4F23-9A0A-87050B245C68}
		{09E76189-4AAE-4EDD-8605-B7C1982978FA} = {7330C8AF-2535-4F23-9A0A-87050B245C68}
		{A4072A54-0737-484C-B8EB-471985F2E8AB} = {7330C8AF-2535-4F23-9A0A-87050B245C68}
		{6C766835-4E89-49D9-AE7F-273DF4226CFE} = {7330C8AF-2535-4F23-9A0A-87050B245C68}
		{4DA8DC0C-EC1E-4C31-8B00-9C0DB87C5D0A} = {4688ACC4-88F5-41A8-B243-19332B69FDC9}
		{9C81D9B2-2691-440F-8A7C-AD2A4206D5F2} = {4688ACC4-88F5-41A8-B243-19332B69FDC9}
		{F658A60D-5941-4CBE-8EC1-8AE20E93F60E} = {4688ACC4-88F5-41A8-B243-19332B69FDC9}
		{DF267FF7-7A01-4EAA-A5D1-CC81D8CEEFD2} = {4688ACC4-88F5-41A8-B243-19332B69FDC9}
		{49A684AB-E568-4B9A-8D84-E18BCB3BE3D3} = {4688ACC4-88F5-41A8-B243-19332B69FDC9}
		{8428E429-4098-4EA4-B2BC-C54BA06B8516} = {2E890ABB-C646-42F9-9845-DD951944EDD7}
		{1436B1E1-FEBB-49BB-9C87-DEB27B0DB803} = {2E890ABB-C646-42F9-9845-DD951944EDD7}
		{A26BDB32-09A7-4CF1-9C0B-E79EB2DEC59A} = {2E890ABB-C646-42F9-9845-DD951944EDD7}
		{98651B97-0611-45ED-9FD1-B856C865129C} = {2E890ABB-C646-42F9-9845-DD951944EDD7}
		{167313B1-2745-4A12-91D3-FE070DBD9222} = {2E890ABB-C646-42F9-9845-DD951944EDD7}
		{D638C1E4-96EC-4EAF-93EA-74366B7429E1} = {2E890ABB-C646-42F9-9845-DD951944EDD7}
		{350C233C-BA1A-48E9-80B1-745F4662D77C} = {2E890ABB-C646-42F9-9845-DD951944EDD7}
		{AC26EDE1-2A42-4A57-BEEE-9603FCAC9317} = {B6FEA09E-379E-46CF-8A2C-C5CC900BF8FE}
		{1999498C-698A-41C7-8C90-DD4D3B353D5B} = {B6FEA09E-379E-46CF-8A2C-C5CC900BF8FE}
		{C8D1B1FB-E7FA-4BCF-BC8A-4D5D93429F67} = {B6FEA09E-379E-46CF-8A2C-C5CC900BF8FE}
		{301F9A16-7581-4461-A369-D59064FB740E} = {B6FEA09E-379E-46CF-8A2C-C5CC900BF8FE}
		{CB9A9743-3010-4950-8BDF-42496ABA17D8} = {B6FEA09E-379E-46CF-8A2C-C5CC900BF8FE}
		{7E5CAE15-8D78-41C2-83C0-A135F3D2FF79} = {B6FEA09E-379E-46CF-8A2C-C5CC900BF8FE}
		{28464806-3BFC-4FE2-99F0-4D6868F939A9} = {B6FEA09E-379E-46CF-8A2C-C5CC900BF8FE}
		{94DF2EC1-BCC5-4F8C-A8BA-95A1C29C9FC8} = {B6FEA09E-379E-46CF-8A2C-C5CC900BF8FE}
	EndGlobalSection
EndGlobal
