Microsoft Visual Studio Solution File, Format Version 12.00
# Visual Studio 15
VisualStudioVersion = 15.0.26403.0
MinimumVisualStudioVersion = 15.0.26124.0
Project("{9A19103F-16F7-4668-BE54-9A1E7A4F7556}") = "VelcroPhysics.MonoGame", "SourceFiles\VelcroPhysics.MonoGame.csproj", "{9ACED9B4-08B5-4541-AB69-7E0DA798F489}"
EndProject
Project("{FAE04EC0-301F-11D3-BF4B-00C04F79EFBC}") = "HelloWorld", "Samples\HelloWorld\HelloWorld.csproj", "{B7D9A788-8259-47E2-A7E9-52FB37DA8AF6}"
EndProject
Project("{2150E333-8FDC-42A3-9474-1A3956D46DE8}") = "Samples", "Samples", "{D0514F04-3F36-4C34-9204-455CCD68A939}"
EndProject
Project("{FAE04EC0-301F-11D3-BF4B-00C04F79EFBC}") = "Testbed", "Samples\Testbed\Testbed.csproj", "{7A80C882-DBE7-4DC9-B0F9-6C42B1202B40}"
EndProject
Project("{2150E333-8FDC-42A3-9474-1A3956D46DE8}") = "DebugViews", "DebugViews", "{A18F89F3-3ED3-4026-BBD5-2449FCAA4BF4}"
EndProject
Project("{9A19103F-16F7-4668-BE54-9A1E7A4F7556}") = "DebugView", "DebugView\DebugView.csproj", "{C2CF6D08-283B-4621-B147-ED67F05BCDFC}"
EndProject
Project("{2150E333-8FDC-42A3-9474-1A3956D46DE8}") = "ContentPipelines", "ContentPipelines", "{CC2879B7-766A-46C5-A7B6-973D93FBEBD6}"
EndProject
Project("{FAE04EC0-301F-11D3-BF4B-00C04F79EFBC}") = "SVGImport", "ContentPipeline\SVGImport\SVGImport.csproj", "{2E48CA68-BC53-4B93-8A19-A7B738CDB62A}"
EndProject
Project("{9A19103F-16F7-4668-BE54-9A1E7A4F7556}") = "TextureTessellation", "ContentPipeline\TextureTessellation\TextureTessellation.csproj", "{6EE8349B-EA85-414D-B79D-B4B7B39B16A7}"
EndProject
Project("{FAE04EC0-301F-11D3-BF4B-00C04F79EFBC}") = "Samples", "Samples\Samples\Samples.csproj", "{D4856F74-C825-412D-87FB-3C4A74D1B619}"
	ProjectSection(ProjectDependencies) = postProject
		{6EE8349B-EA85-414D-B79D-B4B7B39B16A7} = {6EE8349B-EA85-414D-B79D-B4B7B39B16A7}
	EndProjectSection
EndProject
Global
	GlobalSection(SolutionConfigurationPlatforms) = preSolution
		Debug|Any CPU = Debug|Any CPU
		Debug|ARM = Debug|ARM
		Debug|x64 = Debug|x64
		Debug|x86 = Debug|x86
		Release|Any CPU = Release|Any CPU
		Release|ARM = Release|ARM
		Release|x64 = Release|x64
		Release|x86 = Release|x86
	EndGlobalSection
	GlobalSection(ProjectConfigurationPlatforms) = postSolution
		{9ACED9B4-08B5-4541-AB69-7E0DA798F489}.Debug|Any CPU.ActiveCfg = Debug|Any CPU
		{9ACED9B4-08B5-4541-AB69-7E0DA798F489}.Debug|Any CPU.Build.0 = Debug|Any CPU
		{9ACED9B4-08B5-4541-AB69-7E0DA798F489}.Debug|ARM.ActiveCfg = Debug|Any CPU
		{9ACED9B4-08B5-4541-AB69-7E0DA798F489}.Debug|ARM.Build.0 = Debug|Any CPU
		{9ACED9B4-08B5-4541-AB69-7E0DA798F489}.Debug|x64.ActiveCfg = Debug|Any CPU
		{9ACED9B4-08B5-4541-AB69-7E0DA798F489}.Debug|x64.Build.0 = Debug|Any CPU
		{9ACED9B4-08B5-4541-AB69-7E0DA798F489}.Debug|x86.ActiveCfg = Debug|Any CPU
		{9ACED9B4-08B5-4541-AB69-7E0DA798F489}.Debug|x86.Build.0 = Debug|Any CPU
		{9ACED9B4-08B5-4541-AB69-7E0DA798F489}.Release|Any CPU.ActiveCfg = Release|Any CPU
		{9ACED9B4-08B5-4541-AB69-7E0DA798F489}.Release|Any CPU.Build.0 = Release|Any CPU
		{9ACED9B4-08B5-4541-AB69-7E0DA798F489}.Release|ARM.ActiveCfg = Release|Any CPU
		{9ACED9B4-08B5-4541-AB69-7E0DA798F489}.Release|ARM.Build.0 = Release|Any CPU
		{9ACED9B4-08B5-4541-AB69-7E0DA798F489}.Release|x64.ActiveCfg = Release|Any CPU
		{9ACED9B4-08B5-4541-AB69-7E0DA798F489}.Release|x64.Build.0 = Release|Any CPU
		{9ACED9B4-08B5-4541-AB69-7E0DA798F489}.Release|x86.ActiveCfg = Release|Any CPU
		{9ACED9B4-08B5-4541-AB69-7E0DA798F489}.Release|x86.Build.0 = Release|Any CPU
		{B7D9A788-8259-47E2-A7E9-52FB37DA8AF6}.Debug|Any CPU.ActiveCfg = Debug|x86
		{B7D9A788-8259-47E2-A7E9-52FB37DA8AF6}.Debug|ARM.ActiveCfg = Debug|x86
		{B7D9A788-8259-47E2-A7E9-52FB37DA8AF6}.Debug|x64.ActiveCfg = Debug|x86
		{B7D9A788-8259-47E2-A7E9-52FB37DA8AF6}.Debug|x86.ActiveCfg = Debug|x86
		{B7D9A788-8259-47E2-A7E9-52FB37DA8AF6}.Debug|x86.Build.0 = Debug|x86
		{B7D9A788-8259-47E2-A7E9-52FB37DA8AF6}.Release|Any CPU.ActiveCfg = Release|x86
		{B7D9A788-8259-47E2-A7E9-52FB37DA8AF6}.Release|ARM.ActiveCfg = Release|x86
		{B7D9A788-8259-47E2-A7E9-52FB37DA8AF6}.Release|x64.ActiveCfg = Release|x86
		{B7D9A788-8259-47E2-A7E9-52FB37DA8AF6}.Release|x86.ActiveCfg = Release|x86
		{B7D9A788-8259-47E2-A7E9-52FB37DA8AF6}.Release|x86.Build.0 = Release|x86
		{7A80C882-DBE7-4DC9-B0F9-6C42B1202B40}.Debug|Any CPU.ActiveCfg = Debug|Any CPU
		{7A80C882-DBE7-4DC9-B0F9-6C42B1202B40}.Debug|Any CPU.Build.0 = Debug|Any CPU
		{7A80C882-DBE7-4DC9-B0F9-6C42B1202B40}.Debug|ARM.ActiveCfg = Debug|Any CPU
		{7A80C882-DBE7-4DC9-B0F9-6C42B1202B40}.Debug|ARM.Build.0 = Debug|Any CPU
		{7A80C882-DBE7-4DC9-B0F9-6C42B1202B40}.Debug|x64.ActiveCfg = Debug|Any CPU
		{7A80C882-DBE7-4DC9-B0F9-6C42B1202B40}.Debug|x64.Build.0 = Debug|Any CPU
		{7A80C882-DBE7-4DC9-B0F9-6C42B1202B40}.Debug|x86.ActiveCfg = Debug|Any CPU
		{7A80C882-DBE7-4DC9-B0F9-6C42B1202B40}.Debug|x86.Build.0 = Debug|Any CPU
		{7A80C882-DBE7-4DC9-B0F9-6C42B1202B40}.Release|Any CPU.ActiveCfg = Release|Any CPU
		{7A80C882-DBE7-4DC9-B0F9-6C42B1202B40}.Release|Any CPU.Build.0 = Release|Any CPU
		{7A80C882-DBE7-4DC9-B0F9-6C42B1202B40}.Release|ARM.ActiveCfg = Release|Any CPU
		{7A80C882-DBE7-4DC9-B0F9-6C42B1202B40}.Release|ARM.Build.0 = Release|Any CPU
		{7A80C882-DBE7-4DC9-B0F9-6C42B1202B40}.Release|x64.ActiveCfg = Release|Any CPU
		{7A80C882-DBE7-4DC9-B0F9-6C42B1202B40}.Release|x64.Build.0 = Release|Any CPU
		{7A80C882-DBE7-4DC9-B0F9-6C42B1202B40}.Release|x86.ActiveCfg = Release|Any CPU
		{7A80C882-DBE7-4DC9-B0F9-6C42B1202B40}.Release|x86.Build.0 = Release|Any CPU
		{C2CF6D08-283B-4621-B147-ED67F05BCDFC}.Debug|Any CPU.ActiveCfg = Debug|Any CPU
		{C2CF6D08-283B-4621-B147-ED67F05BCDFC}.Debug|Any CPU.Build.0 = Debug|Any CPU
		{C2CF6D08-283B-4621-B147-ED67F05BCDFC}.Debug|ARM.ActiveCfg = Debug|Any CPU
		{C2CF6D08-283B-4621-B147-ED67F05BCDFC}.Debug|ARM.Build.0 = Debug|Any CPU
		{C2CF6D08-283B-4621-B147-ED67F05BCDFC}.Debug|x64.ActiveCfg = Debug|Any CPU
		{C2CF6D08-283B-4621-B147-ED67F05BCDFC}.Debug|x64.Build.0 = Debug|Any CPU
		{C2CF6D08-283B-4621-B147-ED67F05BCDFC}.Debug|x86.ActiveCfg = Debug|Any CPU
		{C2CF6D08-283B-4621-B147-ED67F05BCDFC}.Debug|x86.Build.0 = Debug|Any CPU
		{C2CF6D08-283B-4621-B147-ED67F05BCDFC}.Release|Any CPU.ActiveCfg = Release|Any CPU
		{C2CF6D08-283B-4621-B147-ED67F05BCDFC}.Release|Any CPU.Build.0 = Release|Any CPU
		{C2CF6D08-283B-4621-B147-ED67F05BCDFC}.Release|ARM.ActiveCfg = Release|Any CPU
		{C2CF6D08-283B-4621-B147-ED67F05BCDFC}.Release|ARM.Build.0 = Release|Any CPU
		{C2CF6D08-283B-4621-B147-ED67F05BCDFC}.Release|x64.ActiveCfg = Release|Any CPU
		{C2CF6D08-283B-4621-B147-ED67F05BCDFC}.Release|x64.Build.0 = Release|Any CPU
		{C2CF6D08-283B-4621-B147-ED67F05BCDFC}.Release|x86.ActiveCfg = Release|Any CPU
		{C2CF6D08-283B-4621-B147-ED67F05BCDFC}.Release|x86.Build.0 = Release|Any CPU
		{2E48CA68-BC53-4B93-8A19-A7B738CDB62A}.Debug|Any CPU.ActiveCfg = Debug|Any CPU
		{2E48CA68-BC53-4B93-8A19-A7B738CDB62A}.Debug|Any CPU.Build.0 = Debug|Any CPU
		{2E48CA68-BC53-4B93-8A19-A7B738CDB62A}.Debug|ARM.ActiveCfg = Debug|Any CPU
		{2E48CA68-BC53-4B93-8A19-A7B738CDB62A}.Debug|ARM.Build.0 = Debug|Any CPU
		{2E48CA68-BC53-4B93-8A19-A7B738CDB62A}.Debug|x64.ActiveCfg = Debug|Any CPU
		{2E48CA68-BC53-4B93-8A19-A7B738CDB62A}.Debug|x64.Build.0 = Debug|Any CPU
		{2E48CA68-BC53-4B93-8A19-A7B738CDB62A}.Debug|x86.ActiveCfg = Debug|Any CPU
		{2E48CA68-BC53-4B93-8A19-A7B738CDB62A}.Debug|x86.Build.0 = Debug|Any CPU
		{2E48CA68-BC53-4B93-8A19-A7B738CDB62A}.Release|Any CPU.ActiveCfg = Release|Any CPU
		{2E48CA68-BC53-4B93-8A19-A7B738CDB62A}.Release|Any CPU.Build.0 = Release|Any CPU
		{2E48CA68-BC53-4B93-8A19-A7B738CDB62A}.Release|ARM.ActiveCfg = Release|Any CPU
		{2E48CA68-BC53-4B93-8A19-A7B738CDB62A}.Release|ARM.Build.0 = Release|Any CPU
		{2E48CA68-BC53-4B93-8A19-A7B738CDB62A}.Release|x64.ActiveCfg = Release|Any CPU
		{2E48CA68-BC53-4B93-8A19-A7B738CDB62A}.Release|x64.Build.0 = Release|Any CPU
		{2E48CA68-BC53-4B93-8A19-A7B738CDB62A}.Release|x86.ActiveCfg = Release|Any CPU
		{2E48CA68-BC53-4B93-8A19-A7B738CDB62A}.Release|x86.Build.0 = Release|Any CPU
		{6EE8349B-EA85-414D-B79D-B4B7B39B16A7}.Debug|Any CPU.ActiveCfg = Debug|Any CPU
		{6EE8349B-EA85-414D-B79D-B4B7B39B16A7}.Debug|Any CPU.Build.0 = Debug|Any CPU
		{6EE8349B-EA85-414D-B79D-B4B7B39B16A7}.Debug|ARM.ActiveCfg = Debug|Any CPU
		{6EE8349B-EA85-414D-B79D-B4B7B39B16A7}.Debug|ARM.Build.0 = Debug|Any CPU
		{6EE8349B-EA85-414D-B79D-B4B7B39B16A7}.Debug|x64.ActiveCfg = Debug|Any CPU
		{6EE8349B-EA85-414D-B79D-B4B7B39B16A7}.Debug|x64.Build.0 = Debug|Any CPU
		{6EE8349B-EA85-414D-B79D-B4B7B39B16A7}.Debug|x86.ActiveCfg = Debug|Any CPU
		{6EE8349B-EA85-414D-B79D-B4B7B39B16A7}.Debug|x86.Build.0 = Debug|Any CPU
		{6EE8349B-EA85-414D-B79D-B4B7B39B16A7}.Release|Any CPU.ActiveCfg = Release|Any CPU
		{6EE8349B-EA85-414D-B79D-B4B7B39B16A7}.Release|Any CPU.Build.0 = Release|Any CPU
		{6EE8349B-EA85-414D-B79D-B4B7B39B16A7}.Release|ARM.ActiveCfg = Release|Any CPU
		{6EE8349B-EA85-414D-B79D-B4B7B39B16A7}.Release|ARM.Build.0 = Release|Any CPU
		{6EE8349B-EA85-414D-B79D-B4B7B39B16A7}.Release|x64.ActiveCfg = Release|Any CPU
		{6EE8349B-EA85-414D-B79D-B4B7B39B16A7}.Release|x64.Build.0 = Release|Any CPU
		{6EE8349B-EA85-414D-B79D-B4B7B39B16A7}.Release|x86.ActiveCfg = Release|Any CPU
		{6EE8349B-EA85-414D-B79D-B4B7B39B16A7}.Release|x86.Build.0 = Release|Any CPU
		{D4856F74-C825-412D-87FB-3C4A74D1B619}.Debug|Any CPU.ActiveCfg = Debug|Any CPU
		{D4856F74-C825-412D-87FB-3C4A74D1B619}.Debug|Any CPU.Build.0 = Debug|Any CPU
		{D4856F74-C825-412D-87FB-3C4A74D1B619}.Debug|ARM.ActiveCfg = Debug|Any CPU
		{D4856F74-C825-412D-87FB-3C4A74D1B619}.Debug|ARM.Build.0 = Debug|Any CPU
		{D4856F74-C825-412D-87FB-3C4A74D1B619}.Debug|x64.ActiveCfg = Debug|Any CPU
		{D4856F74-C825-412D-87FB-3C4A74D1B619}.Debug|x64.Build.0 = Debug|Any CPU
		{D4856F74-C825-412D-87FB-3C4A74D1B619}.Debug|x86.ActiveCfg = Debug|Any CPU
		{D4856F74-C825-412D-87FB-3C4A74D1B619}.Debug|x86.Build.0 = Debug|Any CPU
		{D4856F74-C825-412D-87FB-3C4A74D1B619}.Release|Any CPU.ActiveCfg = Release|Any CPU
		{D4856F74-C825-412D-87FB-3C4A74D1B619}.Release|Any CPU.Build.0 = Release|Any CPU
		{D4856F74-C825-412D-87FB-3C4A74D1B619}.Release|ARM.ActiveCfg = Release|Any CPU
		{D4856F74-C825-412D-87FB-3C4A74D1B619}.Release|ARM.Build.0 = Release|Any CPU
		{D4856F74-C825-412D-87FB-3C4A74D1B619}.Release|x64.ActiveCfg = Release|Any CPU
		{D4856F74-C825-412D-87FB-3C4A74D1B619}.Release|x64.Build.0 = Release|Any CPU
		{D4856F74-C825-412D-87FB-3C4A74D1B619}.Release|x86.ActiveCfg = Release|Any CPU
		{D4856F74-C825-412D-87FB-3C4A74D1B619}.Release|x86.Build.0 = Release|Any CPU
	EndGlobalSection
	GlobalSection(SolutionProperties) = preSolution
		HideSolutionNode = FALSE
	EndGlobalSection
	GlobalSection(NestedProjects) = preSolution
		{B7D9A788-8259-47E2-A7E9-52FB37DA8AF6} = {D0514F04-3F36-4C34-9204-455CCD68A939}
		{7A80C882-DBE7-4DC9-B0F9-6C42B1202B40} = {D0514F04-3F36-4C34-9204-455CCD68A939}
		{C2CF6D08-283B-4621-B147-ED67F05BCDFC} = {A18F89F3-3ED3-4026-BBD5-2449FCAA4BF4}
		{2E48CA68-BC53-4B93-8A19-A7B738CDB62A} = {CC2879B7-766A-46C5-A7B6-973D93FBEBD6}
		{6EE8349B-EA85-414D-B79D-B4B7B39B16A7} = {CC2879B7-766A-46C5-A7B6-973D93FBEBD6}
		{D4856F74-C825-412D-87FB-3C4A74D1B619} = {D0514F04-3F36-4C34-9204-455CCD68A939}
	EndGlobalSection
EndGlobal
