
Microsoft Visual Studio Solution File, Format Version 11.00
# Visual Studio 2010
Project("{FAE04EC0-301F-11D3-BF4B-00C04F79EFBC}") = "Farseer Physics XNA", "..\Branches\XNA\Farseer Physics XNA.csproj", "{0A850700-1ABB-4288-A391-6726B90EBEB9}"
EndProject
Project("{FAE04EC0-301F-11D3-BF4B-00C04F79EFBC}") = "DebugView XNA", "..\DebugViews\DebugViewXNA\DebugView XNA.csproj", "{FC7845FA-13FE-4FF8-822A-A577F3F59B00}"
EndProject
Project("{FAE04EC0-301F-11D3-BF4B-00C04F79EFBC}") = "TestBed XNA", "TestbedXNA\TestBed XNA.csproj", "{299B2C66-6731-4FC6-8E2D-F08BBE2F999C}"
EndProject
Project("{FAE04EC0-301F-11D3-BF4B-00C04F79EFBC}") = "DemoBase XNA", "DemoBaseXNA\DemoBase XNA.csproj", "{46487979-1F6B-4F55-A377-3D80BCB248CE}"
EndProject
Project("{FAE04EC0-301F-11D3-BF4B-00C04F79EFBC}") = "SimpleSamples XNA", "SimpleSamplesXNA\SimpleSamples XNA.csproj", "{12A1D5C7-34BF-4D26-B77D-A05B32F67B6E}"
EndProject
Project("{FAE04EC0-301F-11D3-BF4B-00C04F79EFBC}") = "AdvancedSamples XNA", "AdvancedSamplesXNA\AdvancedSamples XNA.csproj", "{97B14E03-8D1A-4AE3-8661-29006DDFB92D}"
EndProject
Project("{FAE04EC0-301F-11D3-BF4B-00C04F79EFBC}") = "HelloWorld XNA", "HelloWorldXNA\HelloWorld XNA.csproj", "{888F3EFD-A11A-4F24-988C-3791299CB35A}"
EndProject
Project("{FAE04EC0-301F-11D3-BF4B-00C04F79EFBC}") = "Farseer Physics", "..\Branches\Class\Farseer Physics.csproj", "{A4610E4C-DD34-428B-BABB-779CA0B5993A}"
EndProject
Project("{FAE04EC0-301F-11D3-BF4B-00C04F79EFBC}") = "DebugView XNA Content", "..\DebugViews\DebugViewXNA\Content\DebugView XNA Content.contentproj", "{AC26EDE1-2A42-4A57-BEEE-9603FCAC9317}"
EndProject
Project("{FAE04EC0-301F-11D3-BF4B-00C04F79EFBC}") = "TestBed XNA Content", "TestbedXNA\Content\TestBed XNA Content.contentproj", "{301F9A16-7581-4461-A369-D59064FB740E}"
EndProject
Project("{FAE04EC0-301F-11D3-BF4B-00C04F79EFBC}") = "DemoBase XNA Content", "DemoBaseXNA\Content\DemoBase XNA Content.contentproj", "{9E6F45A4-EA9B-4568-A48F-090CAAD036F6}"
EndProject
Project("{FAE04EC0-301F-11D3-BF4B-00C04F79EFBC}") = "AdvancedSamples XNA Content", "AdvancedSamplesXNA\Content\AdvancedSamples XNA Content.contentproj", "{1FCC5A90-3EDE-4A8B-B7DB-58E406D9B926}"
EndProject
Project("{FAE04EC0-301F-11D3-BF4B-00C04F79EFBC}") = "Farseer Physics Silverlight", "..\Branches\Silverlight\Farseer Physics Silverlight.csproj", "{786DC838-D746-4107-93FF-19A902A78CFC}"
EndProject
Project("{FAE04EC0-301F-11D3-BF4B-00C04F79EFBC}") = "DemoBase Silverlight", "DemoBaseSilverlight\DemoBase Silverlight.csproj", "{322609A9-0094-4B4E-B083-D8A30CF33107}"
EndProject
Project("{FAE04EC0-301F-11D3-BF4B-00C04F79EFBC}") = "SimpleSamples Silverlight", "SimpleSamplesSilverlight\SimpleSamples Silverlight.csproj", "{77CA64E6-113F-4AB1-B8CF-B213343BD0DB}"
EndProject
Project("{FAE04EC0-301F-11D3-BF4B-00C04F79EFBC}") = "DebugView Silverlight", "..\DebugViews\DebugViewSilverlight\DebugView Silverlight.csproj", "{98EF2E0C-FE42-4B61-8F9D-214437C05A5D}"
EndProject
Project("{FAE04EC0-301F-11D3-BF4B-00C04F79EFBC}") = "Farseer Physics Xbox360", "..\Branches\Xbox360\Farseer Physics Xbox360.csproj", "{68C00837-1D4D-4335-9AD3-26D7E17E233B}"
EndProject
Project("{FAE04EC0-301F-11D3-BF4B-00C04F79EFBC}") = "Farseer Physics WP7", "..\Branches\WP7\Farseer Physics WP7.csproj", "{FB9FD837-9D1C-4878-B5F6-E79A44F46E7E}"
EndProject
Project("{FAE04EC0-301F-11D3-BF4B-00C04F79EFBC}") = "DebugView XNA Xbox360", "..\DebugViews\DebugViewXNA\DebugView XNA Xbox360.csproj", "{4897A388-8A29-4D6E-A737-50B82A46B543}"
EndProject
Project("{FAE04EC0-301F-11D3-BF4B-00C04F79EFBC}") = "DemoBase XNA Xbox360", "DemoBaseXNA\DemoBase XNA Xbox360.csproj", "{A9F68C04-21C6-44C5-95D8-C1C35A018082}"
EndProject
Project("{FAE04EC0-301F-11D3-BF4B-00C04F79EFBC}") = "SimpleSamples XNA Xbox360", "SimpleSamplesXNA\SimpleSamples XNA Xbox360.csproj", "{3A026840-758A-47E1-8C24-F6631F557C1D}"
EndProject
Project("{FAE04EC0-301F-11D3-BF4B-00C04F79EFBC}") = "DebugView XNA WP7", "..\DebugViews\DebugViewXNA\DebugView XNA WP7.csproj", "{F658A60D-5941-4CBE-8EC1-8AE20E93F60E}"
EndProject
Project("{FAE04EC0-301F-11D3-BF4B-00C04F79EFBC}") = "DemoBase XNA WP7", "DemoBaseXNA\DemoBase XNA WP7.csproj", "{C79C1992-FF0E-4A84-AB58-EFCE00586C4C}"
EndProject
Project("{FAE04EC0-301F-11D3-BF4B-00C04F79EFBC}") = "SimpleSamples XNA WP7", "SimpleSamplesXNA\SimpleSamples XNA WP7.csproj", "{11024289-A5CE-459D-AD32-F907D6BE8622}"
EndProject
Global
	GlobalSection(TeamFoundationVersionControl) = preSolution
		SccNumberOfProjects = 25
		SccEnterpriseProvider = {4CA58AB2-18FA-4F8D-95D4-32DDF27D184C}
		SccTeamFoundationServer = https://tfs.codeplex.com/tfs/tfs01
		SccLocalPath0 = .
		SccProjectUniqueName1 = AdvancedSamplesXNA\\AdvancedSamples\u0020XNA.csproj
		SccProjectName1 = AdvancedSamplesXNA
		SccLocalPath1 = AdvancedSamplesXNA
		SccProjectUniqueName2 = ..\\DebugViews\\DebugViewXNA\\DebugView\u0020XNA.csproj
		SccProjectName2 = ../DebugViews/DebugViewXNA
		SccLocalPath2 = ..\\DebugViews\\DebugViewXNA
		SccProjectUniqueName3 = DemoBaseXNA\\DemoBase\u0020XNA.csproj
		SccProjectName3 = DemoBaseXNA
		SccLocalPath3 = DemoBaseXNA
		SccProjectUniqueName4 = ..\\Branches\\Class\\Farseer\u0020Physics.csproj
		SccProjectName4 = ../Branches/Class
		SccLocalPath4 = ..\\Branches\\Class
		SccProjectUniqueName5 = ..\\Branches\\XNA\\Farseer\u0020Physics\u0020XNA.csproj
		SccProjectName5 = ../Branches/XNA
		SccLocalPath5 = ..\\Branches\\XNA
		SccProjectUniqueName6 = HelloWorldXNA\\HelloWorld\u0020XNA.csproj
		SccProjectName6 = HelloWorldXNA
		SccLocalPath6 = HelloWorldXNA
		SccProjectUniqueName7 = TestbedXNA\\TestBed\u0020XNA.csproj
		SccProjectName7 = TestbedXNA
		SccLocalPath7 = TestbedXNA
		SccProjectUniqueName8 = SimpleSamplesXNA\\SimpleSamples\u0020XNA.csproj
		SccProjectName8 = SimpleSamplesXNA
		SccLocalPath8 = SimpleSamplesXNA
		SccProjectUniqueName9 = ..\\DebugViews\\DebugViewXNA\\Content\\DebugView\u0020XNA\u0020Content.contentproj
		SccProjectName9 = ../DebugViews/DebugViewXNA/Content
		SccLocalPath9 = ..\\DebugViews\\DebugViewXNA\\Content
		SccProjectUniqueName10 = TestbedXNA\\Content\\TestBed\u0020XNA\u0020Content.contentproj
		SccProjectName10 = TestbedXNA/Content
		SccLocalPath10 = TestbedXNA\\Content
		SccProjectUniqueName11 = DemoBaseXNA\\Content\\DemoBase\u0020XNA\u0020Content.contentproj
		SccProjectName11 = DemoBaseXNA/Content
		SccLocalPath11 = DemoBaseXNA\\Content
		SccProjectUniqueName12 = AdvancedSamplesXNA\\Content\\AdvancedSamples\u0020XNA\u0020Content.contentproj
		SccProjectName12 = AdvancedSamplesXNA/Content
		SccLocalPath12 = AdvancedSamplesXNA\\Content
		SccProjectUniqueName13 = ..\\Branches\\Silverlight\\Farseer\u0020Physics\u0020Silverlight.csproj
		SccProjectName13 = ../Branches/Silverlight
		SccLocalPath13 = ..\\Branches\\Silverlight
		SccProjectUniqueName14 = DemoBaseSilverlight\\DemoBase\u0020Silverlight.csproj
		SccProjectName14 = DemoBaseSilverlight
		SccLocalPath14 = DemoBaseSilverlight
		SccProjectUniqueName15 = SimpleSamplesSilverlight\\SimpleSamples\u0020Silverlight.csproj
		SccProjectName15 = SimpleSamplesSilverlight
		SccLocalPath15 = SimpleSamplesSilverlight
		SccProjectUniqueName16 = ..\\DebugViews\\DebugViewSilverlight\\DebugView\u0020Silverlight.csproj
		SccProjectName16 = ../DebugViews/DebugViewSilverlight
		SccLocalPath16 = ..\\DebugViews\\DebugViewSilverlight
		SccProjectUniqueName17 = ..\\Branches\\Xbox360\\Farseer\u0020Physics\u0020Xbox360.csproj
		SccProjectName17 = ../Branches/Xbox360
		SccLocalPath17 = ..\\Branches\\Xbox360
		SccProjectUniqueName18 = ..\\Branches\\WP7\\Farseer\u0020Physics\u0020WP7.csproj
		SccProjectName18 = ../Branches/WP7
		SccLocalPath18 = ..\\Branches\\WP7
		SccProjectUniqueName19 = SimpleSamplesXNA\\SimpleSamples\u0020XNA\u0020Xbox360.csproj
		SccProjectName19 = SimpleSamplesXNA
		SccLocalPath19 = SimpleSamplesXNA
		SccProjectUniqueName20 = ..\\DebugViews\\DebugViewXNA\\DebugView\u0020XNA\u0020Xbox360.csproj
		SccProjectName20 = ../DebugViews/DebugViewXNA
		SccLocalPath20 = ..\\DebugViews\\DebugViewXNA
		SccProjectUniqueName21 = DemoBaseXNA\\DemoBase\u0020XNA\u0020Xbox360.csproj
		SccProjectName21 = DemoBaseXNA
		SccLocalPath21 = DemoBaseXNA
		SccProjectUniqueName22 = ..\\DebugViews\\DebugViewXNA\\DebugView\u0020XNA\u0020WP7.csproj
		SccProjectName22 = ../DebugViews/DebugViewXNA
		SccLocalPath22 = ..\\DebugViews\\DebugViewXNA
		SccProjectUniqueName23 = DemoBaseXNA\\DemoBase\u0020XNA\u0020WP7.csproj
		SccProjectName23 = DemoBaseXNA
		SccLocalPath23 = DemoBaseXNA
		SccProjectUniqueName24 = SimpleSamplesXNA\\SimpleSamples\u0020XNA\u0020WP7.csproj
		SccProjectName24 = SimpleSamplesXNA
		SccLocalPath24 = SimpleSamplesXNA
	EndGlobalSection
	GlobalSection(SolutionConfigurationPlatforms) = preSolution
		Debug|Any CPU = Debug|Any CPU
		Debug|Mixed Platforms = Debug|Mixed Platforms
		Debug|Windows Phone = Debug|Windows Phone
		Debug|x86 = Debug|x86
		Debug|Xbox 360 = Debug|Xbox 360
		Release|Any CPU = Release|Any CPU
		Release|Mixed Platforms = Release|Mixed Platforms
		Release|Windows Phone = Release|Windows Phone
		Release|x86 = Release|x86
		Release|Xbox 360 = Release|Xbox 360
	EndGlobalSection
	GlobalSection(ProjectConfigurationPlatforms) = postSolution
		{0A850700-1ABB-4288-A391-6726B90EBEB9}.Debug|Any CPU.ActiveCfg = Debug|x86
		{0A850700-1ABB-4288-A391-6726B90EBEB9}.Debug|Mixed Platforms.ActiveCfg = Debug|x86
		{0A850700-1ABB-4288-A391-6726B90EBEB9}.Debug|Mixed Platforms.Build.0 = Debug|x86
		{0A850700-1ABB-4288-A391-6726B90EBEB9}.Debug|Windows Phone.ActiveCfg = Debug|x86
		{0A850700-1ABB-4288-A391-6726B90EBEB9}.Debug|Windows Phone.Build.0 = Debug|x86
		{0A850700-1ABB-4288-A391-6726B90EBEB9}.Debug|x86.ActiveCfg = Debug|x86
		{0A850700-1ABB-4288-A391-6726B90EBEB9}.Debug|x86.Build.0 = Debug|x86
		{0A850700-1ABB-4288-A391-6726B90EBEB9}.Debug|Xbox 360.ActiveCfg = Debug|x86
		{0A850700-1ABB-4288-A391-6726B90EBEB9}.Debug|Xbox 360.Build.0 = Debug|x86
		{0A850700-1ABB-4288-A391-6726B90EBEB9}.Release|Any CPU.ActiveCfg = Release|x86
		{0A850700-1ABB-4288-A391-6726B90EBEB9}.Release|Mixed Platforms.ActiveCfg = Release|x86
		{0A850700-1ABB-4288-A391-6726B90EBEB9}.Release|Mixed Platforms.Build.0 = Release|x86
		{0A850700-1ABB-4288-A391-6726B90EBEB9}.Release|Windows Phone.ActiveCfg = Release|x86
		{0A850700-1ABB-4288-A391-6726B90EBEB9}.Release|Windows Phone.Build.0 = Release|x86
		{0A850700-1ABB-4288-A391-6726B90EBEB9}.Release|x86.ActiveCfg = Release|x86
		{0A850700-1ABB-4288-A391-6726B90EBEB9}.Release|x86.Build.0 = Release|x86
		{0A850700-1ABB-4288-A391-6726B90EBEB9}.Release|Xbox 360.ActiveCfg = Release|x86
		{0A850700-1ABB-4288-A391-6726B90EBEB9}.Release|Xbox 360.Build.0 = Release|x86
		{FC7845FA-13FE-4FF8-822A-A577F3F59B00}.Debug|Any CPU.ActiveCfg = Debug|x86
		{FC7845FA-13FE-4FF8-822A-A577F3F59B00}.Debug|Mixed Platforms.ActiveCfg = Debug|x86
		{FC7845FA-13FE-4FF8-822A-A577F3F59B00}.Debug|Mixed Platforms.Build.0 = Debug|x86
		{FC7845FA-13FE-4FF8-822A-A577F3F59B00}.Debug|Windows Phone.ActiveCfg = Debug|x86
		{FC7845FA-13FE-4FF8-822A-A577F3F59B00}.Debug|Windows Phone.Build.0 = Debug|x86
		{FC7845FA-13FE-4FF8-822A-A577F3F59B00}.Debug|x86.ActiveCfg = Debug|x86
		{FC7845FA-13FE-4FF8-822A-A577F3F59B00}.Debug|x86.Build.0 = Debug|x86
		{FC7845FA-13FE-4FF8-822A-A577F3F59B00}.Debug|Xbox 360.ActiveCfg = Debug|x86
		{FC7845FA-13FE-4FF8-822A-A577F3F59B00}.Debug|Xbox 360.Build.0 = Debug|x86
		{FC7845FA-13FE-4FF8-822A-A577F3F59B00}.Release|Any CPU.ActiveCfg = Release|x86
		{FC7845FA-13FE-4FF8-822A-A577F3F59B00}.Release|Mixed Platforms.ActiveCfg = Release|x86
		{FC7845FA-13FE-4FF8-822A-A577F3F59B00}.Release|Mixed Platforms.Build.0 = Release|x86
		{FC7845FA-13FE-4FF8-822A-A577F3F59B00}.Release|Windows Phone.ActiveCfg = Release|x86
		{FC7845FA-13FE-4FF8-822A-A577F3F59B00}.Release|Windows Phone.Build.0 = Release|x86
		{FC7845FA-13FE-4FF8-822A-A577F3F59B00}.Release|x86.ActiveCfg = Release|x86
		{FC7845FA-13FE-4FF8-822A-A577F3F59B00}.Release|x86.Build.0 = Release|x86
		{FC7845FA-13FE-4FF8-822A-A577F3F59B00}.Release|Xbox 360.ActiveCfg = Release|x86
		{FC7845FA-13FE-4FF8-822A-A577F3F59B00}.Release|Xbox 360.Build.0 = Release|x86
		{299B2C66-6731-4FC6-8E2D-F08BBE2F999C}.Debug|Any CPU.ActiveCfg = Debug|x86
		{299B2C66-6731-4FC6-8E2D-F08BBE2F999C}.Debug|Mixed Platforms.ActiveCfg = Debug|x86
		{299B2C66-6731-4FC6-8E2D-F08BBE2F999C}.Debug|Mixed Platforms.Build.0 = Debug|x86
		{299B2C66-6731-4FC6-8E2D-F08BBE2F999C}.Debug|Windows Phone.ActiveCfg = Debug|x86
		{299B2C66-6731-4FC6-8E2D-F08BBE2F999C}.Debug|Windows Phone.Build.0 = Debug|x86
		{299B2C66-6731-4FC6-8E2D-F08BBE2F999C}.Debug|x86.ActiveCfg = Debug|x86
		{299B2C66-6731-4FC6-8E2D-F08BBE2F999C}.Debug|x86.Build.0 = Debug|x86
		{299B2C66-6731-4FC6-8E2D-F08BBE2F999C}.Debug|Xbox 360.ActiveCfg = Debug|x86
		{299B2C66-6731-4FC6-8E2D-F08BBE2F999C}.Debug|Xbox 360.Build.0 = Debug|x86
		{299B2C66-6731-4FC6-8E2D-F08BBE2F999C}.Release|Any CPU.ActiveCfg = Release|x86
		{299B2C66-6731-4FC6-8E2D-F08BBE2F999C}.Release|Mixed Platforms.ActiveCfg = Release|x86
		{299B2C66-6731-4FC6-8E2D-F08BBE2F999C}.Release|Mixed Platforms.Build.0 = Release|x86
		{299B2C66-6731-4FC6-8E2D-F08BBE2F999C}.Release|Windows Phone.ActiveCfg = Release|x86
		{299B2C66-6731-4FC6-8E2D-F08BBE2F999C}.Release|Windows Phone.Build.0 = Release|x86
		{299B2C66-6731-4FC6-8E2D-F08BBE2F999C}.Release|x86.ActiveCfg = Release|x86
		{299B2C66-6731-4FC6-8E2D-F08BBE2F999C}.Release|x86.Build.0 = Release|x86
		{299B2C66-6731-4FC6-8E2D-F08BBE2F999C}.Release|Xbox 360.ActiveCfg = Release|x86
		{299B2C66-6731-4FC6-8E2D-F08BBE2F999C}.Release|Xbox 360.Build.0 = Release|x86
		{46487979-1F6B-4F55-A377-3D80BCB248CE}.Debug|Any CPU.ActiveCfg = Debug|x86
		{46487979-1F6B-4F55-A377-3D80BCB248CE}.Debug|Mixed Platforms.ActiveCfg = Debug|x86
		{46487979-1F6B-4F55-A377-3D80BCB248CE}.Debug|Mixed Platforms.Build.0 = Debug|x86
		{46487979-1F6B-4F55-A377-3D80BCB248CE}.Debug|Windows Phone.ActiveCfg = Debug|x86
		{46487979-1F6B-4F55-A377-3D80BCB248CE}.Debug|Windows Phone.Build.0 = Debug|x86
		{46487979-1F6B-4F55-A377-3D80BCB248CE}.Debug|x86.ActiveCfg = Debug|x86
		{46487979-1F6B-4F55-A377-3D80BCB248CE}.Debug|x86.Build.0 = Debug|x86
		{46487979-1F6B-4F55-A377-3D80BCB248CE}.Debug|Xbox 360.ActiveCfg = Debug|x86
		{46487979-1F6B-4F55-A377-3D80BCB248CE}.Debug|Xbox 360.Build.0 = Debug|x86
		{46487979-1F6B-4F55-A377-3D80BCB248CE}.Release|Any CPU.ActiveCfg = Release|x86
		{46487979-1F6B-4F55-A377-3D80BCB248CE}.Release|Mixed Platforms.ActiveCfg = Release|x86
		{46487979-1F6B-4F55-A377-3D80BCB248CE}.Release|Mixed Platforms.Build.0 = Release|x86
		{46487979-1F6B-4F55-A377-3D80BCB248CE}.Release|Windows Phone.ActiveCfg = Release|x86
		{46487979-1F6B-4F55-A377-3D80BCB248CE}.Release|Windows Phone.Build.0 = Release|x86
		{46487979-1F6B-4F55-A377-3D80BCB248CE}.Release|x86.ActiveCfg = Release|x86
		{46487979-1F6B-4F55-A377-3D80BCB248CE}.Release|x86.Build.0 = Release|x86
		{46487979-1F6B-4F55-A377-3D80BCB248CE}.Release|Xbox 360.ActiveCfg = Release|x86
		{46487979-1F6B-4F55-A377-3D80BCB248CE}.Release|Xbox 360.Build.0 = Release|x86
		{12A1D5C7-34BF-4D26-B77D-A05B32F67B6E}.Debug|Any CPU.ActiveCfg = Debug|x86
		{12A1D5C7-34BF-4D26-B77D-A05B32F67B6E}.Debug|Mixed Platforms.ActiveCfg = Debug|x86
		{12A1D5C7-34BF-4D26-B77D-A05B32F67B6E}.Debug|Mixed Platforms.Build.0 = Debug|x86
		{12A1D5C7-34BF-4D26-B77D-A05B32F67B6E}.Debug|Windows Phone.ActiveCfg = Debug|x86
		{12A1D5C7-34BF-4D26-B77D-A05B32F67B6E}.Debug|Windows Phone.Build.0 = Debug|x86
		{12A1D5C7-34BF-4D26-B77D-A05B32F67B6E}.Debug|x86.ActiveCfg = Debug|x86
		{12A1D5C7-34BF-4D26-B77D-A05B32F67B6E}.Debug|x86.Build.0 = Debug|x86
		{12A1D5C7-34BF-4D26-B77D-A05B32F67B6E}.Debug|Xbox 360.ActiveCfg = Debug|x86
		{12A1D5C7-34BF-4D26-B77D-A05B32F67B6E}.Debug|Xbox 360.Build.0 = Debug|x86
		{12A1D5C7-34BF-4D26-B77D-A05B32F67B6E}.Release|Any CPU.ActiveCfg = Release|x86
		{12A1D5C7-34BF-4D26-B77D-A05B32F67B6E}.Release|Mixed Platforms.ActiveCfg = Release|x86
		{12A1D5C7-34BF-4D26-B77D-A05B32F67B6E}.Release|Mixed Platforms.Build.0 = Release|x86
		{12A1D5C7-34BF-4D26-B77D-A05B32F67B6E}.Release|Windows Phone.ActiveCfg = Release|x86
		{12A1D5C7-34BF-4D26-B77D-A05B32F67B6E}.Release|Windows Phone.Build.0 = Release|x86
		{12A1D5C7-34BF-4D26-B77D-A05B32F67B6E}.Release|x86.ActiveCfg = Release|x86
		{12A1D5C7-34BF-4D26-B77D-A05B32F67B6E}.Release|x86.Build.0 = Release|x86
		{12A1D5C7-34BF-4D26-B77D-A05B32F67B6E}.Release|Xbox 360.ActiveCfg = Release|x86
		{12A1D5C7-34BF-4D26-B77D-A05B32F67B6E}.Release|Xbox 360.Build.0 = Release|x86
		{97B14E03-8D1A-4AE3-8661-29006DDFB92D}.Debug|Any CPU.ActiveCfg = Debug|x86
		{97B14E03-8D1A-4AE3-8661-29006DDFB92D}.Debug|Mixed Platforms.ActiveCfg = Debug|x86
		{97B14E03-8D1A-4AE3-8661-29006DDFB92D}.Debug|Mixed Platforms.Build.0 = Debug|x86
		{97B14E03-8D1A-4AE3-8661-29006DDFB92D}.Debug|Windows Phone.ActiveCfg = Debug|x86
		{97B14E03-8D1A-4AE3-8661-29006DDFB92D}.Debug|Windows Phone.Build.0 = Debug|x86
		{97B14E03-8D1A-4AE3-8661-29006DDFB92D}.Debug|x86.ActiveCfg = Debug|x86
		{97B14E03-8D1A-4AE3-8661-29006DDFB92D}.Debug|x86.Build.0 = Debug|x86
		{97B14E03-8D1A-4AE3-8661-29006DDFB92D}.Debug|Xbox 360.ActiveCfg = Debug|x86
		{97B14E03-8D1A-4AE3-8661-29006DDFB92D}.Debug|Xbox 360.Build.0 = Debug|x86
		{97B14E03-8D1A-4AE3-8661-29006DDFB92D}.Release|Any CPU.ActiveCfg = Release|x86
		{97B14E03-8D1A-4AE3-8661-29006DDFB92D}.Release|Mixed Platforms.ActiveCfg = Release|x86
		{97B14E03-8D1A-4AE3-8661-29006DDFB92D}.Release|Mixed Platforms.Build.0 = Release|x86
		{97B14E03-8D1A-4AE3-8661-29006DDFB92D}.Release|Windows Phone.ActiveCfg = Release|x86
		{97B14E03-8D1A-4AE3-8661-29006DDFB92D}.Release|Windows Phone.Build.0 = Release|x86
		{97B14E03-8D1A-4AE3-8661-29006DDFB92D}.Release|x86.ActiveCfg = Release|x86
		{97B14E03-8D1A-4AE3-8661-29006DDFB92D}.Release|x86.Build.0 = Release|x86
		{97B14E03-8D1A-4AE3-8661-29006DDFB92D}.Release|Xbox 360.ActiveCfg = Release|x86
		{97B14E03-8D1A-4AE3-8661-29006DDFB92D}.Release|Xbox 360.Build.0 = Release|x86
		{888F3EFD-A11A-4F24-988C-3791299CB35A}.Debug|Any CPU.ActiveCfg = Debug|x86
		{888F3EFD-A11A-4F24-988C-3791299CB35A}.Debug|Mixed Platforms.ActiveCfg = Debug|x86
		{888F3EFD-A11A-4F24-988C-3791299CB35A}.Debug|Mixed Platforms.Build.0 = Debug|x86
		{888F3EFD-A11A-4F24-988C-3791299CB35A}.Debug|Windows Phone.ActiveCfg = Debug|x86
		{888F3EFD-A11A-4F24-988C-3791299CB35A}.Debug|Windows Phone.Build.0 = Debug|x86
		{888F3EFD-A11A-4F24-988C-3791299CB35A}.Debug|x86.ActiveCfg = Debug|x86
		{888F3EFD-A11A-4F24-988C-3791299CB35A}.Debug|x86.Build.0 = Debug|x86
		{888F3EFD-A11A-4F24-988C-3791299CB35A}.Debug|Xbox 360.ActiveCfg = Debug|x86
		{888F3EFD-A11A-4F24-988C-3791299CB35A}.Debug|Xbox 360.Build.0 = Debug|x86
		{888F3EFD-A11A-4F24-988C-3791299CB35A}.Release|Any CPU.ActiveCfg = Release|x86
		{888F3EFD-A11A-4F24-988C-3791299CB35A}.Release|Mixed Platforms.ActiveCfg = Release|x86
		{888F3EFD-A11A-4F24-988C-3791299CB35A}.Release|Mixed Platforms.Build.0 = Release|x86
		{888F3EFD-A11A-4F24-988C-3791299CB35A}.Release|Windows Phone.ActiveCfg = Release|x86
		{888F3EFD-A11A-4F24-988C-3791299CB35A}.Release|Windows Phone.Build.0 = Release|x86
		{888F3EFD-A11A-4F24-988C-3791299CB35A}.Release|x86.ActiveCfg = Release|x86
		{888F3EFD-A11A-4F24-988C-3791299CB35A}.Release|x86.Build.0 = Release|x86
		{888F3EFD-A11A-4F24-988C-3791299CB35A}.Release|Xbox 360.ActiveCfg = Release|x86
		{888F3EFD-A11A-4F24-988C-3791299CB35A}.Release|Xbox 360.Build.0 = Release|x86
		{A4610E4C-DD34-428B-BABB-779CA0B5993A}.Debug|Any CPU.ActiveCfg = Debug|Any CPU
		{A4610E4C-DD34-428B-BABB-779CA0B5993A}.Debug|Any CPU.Build.0 = Debug|Any CPU
		{A4610E4C-DD34-428B-BABB-779CA0B5993A}.Debug|Mixed Platforms.ActiveCfg = Debug|Any CPU
		{A4610E4C-DD34-428B-BABB-779CA0B5993A}.Debug|Mixed Platforms.Build.0 = Debug|Any CPU
		{A4610E4C-DD34-428B-BABB-779CA0B5993A}.Debug|Windows Phone.ActiveCfg = Debug|Any CPU
		{A4610E4C-DD34-428B-BABB-779CA0B5993A}.Debug|x86.ActiveCfg = Debug|Any CPU
		{A4610E4C-DD34-428B-BABB-779CA0B5993A}.Debug|x86.Build.0 = Debug|Any CPU
		{A4610E4C-DD34-428B-BABB-779CA0B5993A}.Debug|Xbox 360.ActiveCfg = Debug|Any CPU
		{A4610E4C-DD34-428B-BABB-779CA0B5993A}.Release|Any CPU.ActiveCfg = Release|Any CPU
		{A4610E4C-DD34-428B-BABB-779CA0B5993A}.Release|Any CPU.Build.0 = Release|Any CPU
		{A4610E4C-DD34-428B-BABB-779CA0B5993A}.Release|Mixed Platforms.ActiveCfg = Release|Any CPU
		{A4610E4C-DD34-428B-BABB-779CA0B5993A}.Release|Mixed Platforms.Build.0 = Release|Any CPU
		{A4610E4C-DD34-428B-BABB-779CA0B5993A}.Release|Windows Phone.ActiveCfg = Release|Any CPU
		{A4610E4C-DD34-428B-BABB-779CA0B5993A}.Release|x86.ActiveCfg = Release|Any CPU
		{A4610E4C-DD34-428B-BABB-779CA0B5993A}.Release|Xbox 360.ActiveCfg = Release|Any CPU
		{AC26EDE1-2A42-4A57-BEEE-9603FCAC9317}.Debug|Any CPU.ActiveCfg = Debug|Any CPU
		{AC26EDE1-2A42-4A57-BEEE-9603FCAC9317}.Debug|Mixed Platforms.ActiveCfg = Debug|Any CPU
		{AC26EDE1-2A42-4A57-BEEE-9603FCAC9317}.Debug|Windows Phone.ActiveCfg = Debug|Any CPU
		{AC26EDE1-2A42-4A57-BEEE-9603FCAC9317}.Debug|x86.ActiveCfg = Debug|Any CPU
		{AC26EDE1-2A42-4A57-BEEE-9603FCAC9317}.Debug|Xbox 360.ActiveCfg = Debug|Any CPU
		{AC26EDE1-2A42-4A57-BEEE-9603FCAC9317}.Release|Any CPU.ActiveCfg = Debug|Any CPU
		{AC26EDE1-2A42-4A57-BEEE-9603FCAC9317}.Release|Mixed Platforms.ActiveCfg = Debug|Any CPU
		{AC26EDE1-2A42-4A57-BEEE-9603FCAC9317}.Release|Windows Phone.ActiveCfg = Debug|Any CPU
		{AC26EDE1-2A42-4A57-BEEE-9603FCAC9317}.Release|x86.ActiveCfg = Debug|Any CPU
		{AC26EDE1-2A42-4A57-BEEE-9603FCAC9317}.Release|Xbox 360.ActiveCfg = Debug|Any CPU
		{301F9A16-7581-4461-A369-D59064FB740E}.Debug|Any CPU.ActiveCfg = Debug|Any CPU
		{301F9A16-7581-4461-A369-D59064FB740E}.Debug|Mixed Platforms.ActiveCfg = Debug|Any CPU
		{301F9A16-7581-4461-A369-D59064FB740E}.Debug|Windows Phone.ActiveCfg = Debug|Any CPU
		{301F9A16-7581-4461-A369-D59064FB740E}.Debug|x86.ActiveCfg = Debug|Any CPU
		{301F9A16-7581-4461-A369-D59064FB740E}.Debug|Xbox 360.ActiveCfg = Debug|Any CPU
		{301F9A16-7581-4461-A369-D59064FB740E}.Release|Any CPU.ActiveCfg = Debug|Any CPU
		{301F9A16-7581-4461-A369-D59064FB740E}.Release|Mixed Platforms.ActiveCfg = Debug|Any CPU
		{301F9A16-7581-4461-A369-D59064FB740E}.Release|Windows Phone.ActiveCfg = Debug|Any CPU
		{301F9A16-7581-4461-A369-D59064FB740E}.Release|x86.ActiveCfg = Debug|Any CPU
		{301F9A16-7581-4461-A369-D59064FB740E}.Release|Xbox 360.ActiveCfg = Debug|Any CPU
		{9E6F45A4-EA9B-4568-A48F-090CAAD036F6}.Debug|Any CPU.ActiveCfg = Debug|Any CPU
		{9E6F45A4-EA9B-4568-A48F-090CAAD036F6}.Debug|Mixed Platforms.ActiveCfg = Debug|Any CPU
		{9E6F45A4-EA9B-4568-A48F-090CAAD036F6}.Debug|Windows Phone.ActiveCfg = Debug|Any CPU
		{9E6F45A4-EA9B-4568-A48F-090CAAD036F6}.Debug|x86.ActiveCfg = Debug|Any CPU
		{9E6F45A4-EA9B-4568-A48F-090CAAD036F6}.Debug|Xbox 360.ActiveCfg = Debug|Any CPU
		{9E6F45A4-EA9B-4568-A48F-090CAAD036F6}.Release|Any CPU.ActiveCfg = Debug|Any CPU
		{9E6F45A4-EA9B-4568-A48F-090CAAD036F6}.Release|Mixed Platforms.ActiveCfg = Debug|Any CPU
		{9E6F45A4-EA9B-4568-A48F-090CAAD036F6}.Release|Windows Phone.ActiveCfg = Debug|Any CPU
		{9E6F45A4-EA9B-4568-A48F-090CAAD036F6}.Release|x86.ActiveCfg = Debug|Any CPU
		{9E6F45A4-EA9B-4568-A48F-090CAAD036F6}.Release|Xbox 360.ActiveCfg = Debug|Any CPU
		{1FCC5A90-3EDE-4A8B-B7DB-58E406D9B926}.Debug|Any CPU.ActiveCfg = Debug|Any CPU
		{1FCC5A90-3EDE-4A8B-B7DB-58E406D9B926}.Debug|Mixed Platforms.ActiveCfg = Debug|Any CPU
		{1FCC5A90-3EDE-4A8B-B7DB-58E406D9B926}.Debug|Windows Phone.ActiveCfg = Debug|Any CPU
		{1FCC5A90-3EDE-4A8B-B7DB-58E406D9B926}.Debug|x86.ActiveCfg = Debug|Any CPU
		{1FCC5A90-3EDE-4A8B-B7DB-58E406D9B926}.Debug|Xbox 360.ActiveCfg = Debug|Any CPU
		{1FCC5A90-3EDE-4A8B-B7DB-58E406D9B926}.Release|Any CPU.ActiveCfg = Debug|Any CPU
		{1FCC5A90-3EDE-4A8B-B7DB-58E406D9B926}.Release|Mixed Platforms.ActiveCfg = Debug|Any CPU
		{1FCC5A90-3EDE-4A8B-B7DB-58E406D9B926}.Release|Windows Phone.ActiveCfg = Debug|Any CPU
		{1FCC5A90-3EDE-4A8B-B7DB-58E406D9B926}.Release|x86.ActiveCfg = Debug|Any CPU
		{1FCC5A90-3EDE-4A8B-B7DB-58E406D9B926}.Release|Xbox 360.ActiveCfg = Debug|Any CPU
		{786DC838-D746-4107-93FF-19A902A78CFC}.Debug|Any CPU.ActiveCfg = Debug|Any CPU
		{786DC838-D746-4107-93FF-19A902A78CFC}.Debug|Any CPU.Build.0 = Debug|Any CPU
		{786DC838-D746-4107-93FF-19A902A78CFC}.Debug|Mixed Platforms.ActiveCfg = Debug|Any CPU
		{786DC838-D746-4107-93FF-19A902A78CFC}.Debug|Mixed Platforms.Build.0 = Debug|Any CPU
		{786DC838-D746-4107-93FF-19A902A78CFC}.Debug|Windows Phone.ActiveCfg = Debug|Any CPU
		{786DC838-D746-4107-93FF-19A902A78CFC}.Debug|x86.ActiveCfg = Debug|Any CPU
		{786DC838-D746-4107-93FF-19A902A78CFC}.Debug|x86.Build.0 = Debug|Any CPU
		{786DC838-D746-4107-93FF-19A902A78CFC}.Debug|Xbox 360.ActiveCfg = Debug|Any CPU
		{786DC838-D746-4107-93FF-19A902A78CFC}.Release|Any CPU.ActiveCfg = Release|Any CPU
		{786DC838-D746-4107-93FF-19A902A78CFC}.Release|Any CPU.Build.0 = Release|Any CPU
		{786DC838-D746-4107-93FF-19A902A78CFC}.Release|Mixed Platforms.ActiveCfg = Release|Any CPU
		{786DC838-D746-4107-93FF-19A902A78CFC}.Release|Mixed Platforms.Build.0 = Release|Any CPU
		{786DC838-D746-4107-93FF-19A902A78CFC}.Release|Windows Phone.ActiveCfg = Release|Any CPU
		{786DC838-D746-4107-93FF-19A902A78CFC}.Release|x86.ActiveCfg = Release|Any CPU
		{786DC838-D746-4107-93FF-19A902A78CFC}.Release|Xbox 360.ActiveCfg = Release|Any CPU
		{322609A9-0094-4B4E-B083-D8A30CF33107}.Debug|Any CPU.ActiveCfg = Debug|Any CPU
		{322609A9-0094-4B4E-B083-D8A30CF33107}.Debug|Any CPU.Build.0 = Debug|Any CPU
		{322609A9-0094-4B4E-B083-D8A30CF33107}.Debug|Mixed Platforms.ActiveCfg = Debug|Any CPU
		{322609A9-0094-4B4E-B083-D8A30CF33107}.Debug|Mixed Platforms.Build.0 = Debug|Any CPU
		{322609A9-0094-4B4E-B083-D8A30CF33107}.Debug|Windows Phone.ActiveCfg = Debug|Any CPU
		{322609A9-0094-4B4E-B083-D8A30CF33107}.Debug|x86.ActiveCfg = Debug|Any CPU
		{322609A9-0094-4B4E-B083-D8A30CF33107}.Debug|x86.Build.0 = Debug|Any CPU
		{322609A9-0094-4B4E-B083-D8A30CF33107}.Debug|Xbox 360.ActiveCfg = Debug|Any CPU
		{322609A9-0094-4B4E-B083-D8A30CF33107}.Release|Any CPU.ActiveCfg = Release|Any CPU
		{322609A9-0094-4B4E-B083-D8A30CF33107}.Release|Any CPU.Build.0 = Release|Any CPU
		{322609A9-0094-4B4E-B083-D8A30CF33107}.Release|Mixed Platforms.ActiveCfg = Release|Any CPU
		{322609A9-0094-4B4E-B083-D8A30CF33107}.Release|Mixed Platforms.Build.0 = Release|Any CPU
		{322609A9-0094-4B4E-B083-D8A30CF33107}.Release|Windows Phone.ActiveCfg = Release|Any CPU
		{322609A9-0094-4B4E-B083-D8A30CF33107}.Release|x86.ActiveCfg = Release|Any CPU
		{322609A9-0094-4B4E-B083-D8A30CF33107}.Release|Xbox 360.ActiveCfg = Release|Any CPU
		{77CA64E6-113F-4AB1-B8CF-B213343BD0DB}.Debug|Any CPU.ActiveCfg = Debug|Any CPU
		{77CA64E6-113F-4AB1-B8CF-B213343BD0DB}.Debug|Any CPU.Build.0 = Debug|Any CPU
		{77CA64E6-113F-4AB1-B8CF-B213343BD0DB}.Debug|Mixed Platforms.ActiveCfg = Debug|Any CPU
		{77CA64E6-113F-4AB1-B8CF-B213343BD0DB}.Debug|Mixed Platforms.Build.0 = Debug|Any CPU
		{77CA64E6-113F-4AB1-B8CF-B213343BD0DB}.Debug|Windows Phone.ActiveCfg = Debug|Any CPU
		{77CA64E6-113F-4AB1-B8CF-B213343BD0DB}.Debug|x86.ActiveCfg = Debug|Any CPU
		{77CA64E6-113F-4AB1-B8CF-B213343BD0DB}.Debug|x86.Build.0 = Debug|Any CPU
		{77CA64E6-113F-4AB1-B8CF-B213343BD0DB}.Debug|Xbox 360.ActiveCfg = Debug|Any CPU
		{77CA64E6-113F-4AB1-B8CF-B213343BD0DB}.Release|Any CPU.ActiveCfg = Release|Any CPU
		{77CA64E6-113F-4AB1-B8CF-B213343BD0DB}.Release|Any CPU.Build.0 = Release|Any CPU
		{77CA64E6-113F-4AB1-B8CF-B213343BD0DB}.Release|Mixed Platforms.ActiveCfg = Release|Any CPU
		{77CA64E6-113F-4AB1-B8CF-B213343BD0DB}.Release|Mixed Platforms.Build.0 = Release|Any CPU
		{77CA64E6-113F-4AB1-B8CF-B213343BD0DB}.Release|Windows Phone.ActiveCfg = Release|Any CPU
		{77CA64E6-113F-4AB1-B8CF-B213343BD0DB}.Release|x86.ActiveCfg = Release|Any CPU
		{77CA64E6-113F-4AB1-B8CF-B213343BD0DB}.Release|Xbox 360.ActiveCfg = Release|Any CPU
		{98EF2E0C-FE42-4B61-8F9D-214437C05A5D}.Debug|Any CPU.ActiveCfg = Debug|Any CPU
		{98EF2E0C-FE42-4B61-8F9D-214437C05A5D}.Debug|Any CPU.Build.0 = Debug|Any CPU
		{98EF2E0C-FE42-4B61-8F9D-214437C05A5D}.Debug|Mixed Platforms.ActiveCfg = Debug|Any CPU
		{98EF2E0C-FE42-4B61-8F9D-214437C05A5D}.Debug|Mixed Platforms.Build.0 = Debug|Any CPU
		{98EF2E0C-FE42-4B61-8F9D-214437C05A5D}.Debug|Windows Phone.ActiveCfg = Debug|Any CPU
		{98EF2E0C-FE42-4B61-8F9D-214437C05A5D}.Debug|x86.ActiveCfg = Debug|Any CPU
		{98EF2E0C-FE42-4B61-8F9D-214437C05A5D}.Debug|x86.Build.0 = Debug|Any CPU
		{98EF2E0C-FE42-4B61-8F9D-214437C05A5D}.Debug|Xbox 360.ActiveCfg = Debug|Any CPU
		{98EF2E0C-FE42-4B61-8F9D-214437C05A5D}.Release|Any CPU.ActiveCfg = Release|Any CPU
		{98EF2E0C-FE42-4B61-8F9D-214437C05A5D}.Release|Any CPU.Build.0 = Release|Any CPU
		{98EF2E0C-FE42-4B61-8F9D-214437C05A5D}.Release|Mixed Platforms.ActiveCfg = Release|Any CPU
		{98EF2E0C-FE42-4B61-8F9D-214437C05A5D}.Release|Mixed Platforms.Build.0 = Release|Any CPU
		{98EF2E0C-FE42-4B61-8F9D-214437C05A5D}.Release|Windows Phone.ActiveCfg = Release|Any CPU
		{98EF2E0C-FE42-4B61-8F9D-214437C05A5D}.Release|x86.ActiveCfg = Release|Any CPU
		{98EF2E0C-FE42-4B61-8F9D-214437C05A5D}.Release|Xbox 360.ActiveCfg = Release|Any CPU
		{68C00837-1D4D-4335-9AD3-26D7E17E233B}.Debug|Any CPU.ActiveCfg = Debug|Xbox 360
		{68C00837-1D4D-4335-9AD3-26D7E17E233B}.Debug|Mixed Platforms.ActiveCfg = Debug|Xbox 360
		{68C00837-1D4D-4335-9AD3-26D7E17E233B}.Debug|Mixed Platforms.Build.0 = Debug|Xbox 360
		{68C00837-1D4D-4335-9AD3-26D7E17E233B}.Debug|Windows Phone.ActiveCfg = Debug|Xbox 360
		{68C00837-1D4D-4335-9AD3-26D7E17E233B}.Debug|Windows Phone.Build.0 = Debug|Xbox 360
		{68C00837-1D4D-4335-9AD3-26D7E17E233B}.Debug|x86.ActiveCfg = Debug|Xbox 360
		{68C00837-1D4D-4335-9AD3-26D7E17E233B}.Debug|Xbox 360.ActiveCfg = Debug|Xbox 360
		{68C00837-1D4D-4335-9AD3-26D7E17E233B}.Debug|Xbox 360.Build.0 = Debug|Xbox 360
		{68C00837-1D4D-4335-9AD3-26D7E17E233B}.Release|Any CPU.ActiveCfg = Release|Xbox 360
		{68C00837-1D4D-4335-9AD3-26D7E17E233B}.Release|Mixed Platforms.ActiveCfg = Release|Xbox 360
		{68C00837-1D4D-4335-9AD3-26D7E17E233B}.Release|Mixed Platforms.Build.0 = Release|Xbox 360
		{68C00837-1D4D-4335-9AD3-26D7E17E233B}.Release|Windows Phone.ActiveCfg = Release|Xbox 360
		{68C00837-1D4D-4335-9AD3-26D7E17E233B}.Release|Windows Phone.Build.0 = Release|Xbox 360
		{68C00837-1D4D-4335-9AD3-26D7E17E233B}.Release|x86.ActiveCfg = Release|Xbox 360
		{68C00837-1D4D-4335-9AD3-26D7E17E233B}.Release|Xbox 360.ActiveCfg = Release|Xbox 360
		{68C00837-1D4D-4335-9AD3-26D7E17E233B}.Release|Xbox 360.Build.0 = Release|Xbox 360
		{FB9FD837-9D1C-4878-B5F6-E79A44F46E7E}.Debug|Any CPU.ActiveCfg = Debug|Windows Phone
		{FB9FD837-9D1C-4878-B5F6-E79A44F46E7E}.Debug|Mixed Platforms.ActiveCfg = Debug|Windows Phone
		{FB9FD837-9D1C-4878-B5F6-E79A44F46E7E}.Debug|Mixed Platforms.Build.0 = Debug|Windows Phone
		{FB9FD837-9D1C-4878-B5F6-E79A44F46E7E}.Debug|Windows Phone.ActiveCfg = Debug|Windows Phone
		{FB9FD837-9D1C-4878-B5F6-E79A44F46E7E}.Debug|Windows Phone.Build.0 = Debug|Windows Phone
		{FB9FD837-9D1C-4878-B5F6-E79A44F46E7E}.Debug|x86.ActiveCfg = Debug|Windows Phone
		{FB9FD837-9D1C-4878-B5F6-E79A44F46E7E}.Debug|Xbox 360.ActiveCfg = Debug|Windows Phone
		{FB9FD837-9D1C-4878-B5F6-E79A44F46E7E}.Release|Any CPU.ActiveCfg = Release|Windows Phone
		{FB9FD837-9D1C-4878-B5F6-E79A44F46E7E}.Release|Mixed Platforms.ActiveCfg = Release|Windows Phone
		{FB9FD837-9D1C-4878-B5F6-E79A44F46E7E}.Release|Mixed Platforms.Build.0 = Release|Windows Phone
		{FB9FD837-9D1C-4878-B5F6-E79A44F46E7E}.Release|Windows Phone.ActiveCfg = Release|Windows Phone
		{FB9FD837-9D1C-4878-B5F6-E79A44F46E7E}.Release|Windows Phone.Build.0 = Release|Windows Phone
		{FB9FD837-9D1C-4878-B5F6-E79A44F46E7E}.Release|x86.ActiveCfg = Release|Windows Phone
		{FB9FD837-9D1C-4878-B5F6-E79A44F46E7E}.Release|Xbox 360.ActiveCfg = Release|Windows Phone
		{4897A388-8A29-4D6E-A737-50B82A46B543}.Debug|Any CPU.ActiveCfg = Debug|Xbox 360
		{4897A388-8A29-4D6E-A737-50B82A46B543}.Debug|Mixed Platforms.ActiveCfg = Debug|Xbox 360
		{4897A388-8A29-4D6E-A737-50B82A46B543}.Debug|Mixed Platforms.Build.0 = Debug|Xbox 360
		{4897A388-8A29-4D6E-A737-50B82A46B543}.Debug|Windows Phone.ActiveCfg = Debug|Xbox 360
		{4897A388-8A29-4D6E-A737-50B82A46B543}.Debug|x86.ActiveCfg = Debug|Xbox 360
		{4897A388-8A29-4D6E-A737-50B82A46B543}.Debug|Xbox 360.ActiveCfg = Debug|Xbox 360
		{4897A388-8A29-4D6E-A737-50B82A46B543}.Debug|Xbox 360.Build.0 = Debug|Xbox 360
		{4897A388-8A29-4D6E-A737-50B82A46B543}.Release|Any CPU.ActiveCfg = Release|Xbox 360
		{4897A388-8A29-4D6E-A737-50B82A46B543}.Release|Mixed Platforms.ActiveCfg = Release|Xbox 360
		{4897A388-8A29-4D6E-A737-50B82A46B543}.Release|Mixed Platforms.Build.0 = Release|Xbox 360
		{4897A388-8A29-4D6E-A737-50B82A46B543}.Release|Windows Phone.ActiveCfg = Release|Xbox 360
		{4897A388-8A29-4D6E-A737-50B82A46B543}.Release|x86.ActiveCfg = Release|Xbox 360
		{4897A388-8A29-4D6E-A737-50B82A46B543}.Release|Xbox 360.ActiveCfg = Release|Xbox 360
		{4897A388-8A29-4D6E-A737-50B82A46B543}.Release|Xbox 360.Build.0 = Release|Xbox 360
		{A9F68C04-21C6-44C5-95D8-C1C35A018082}.Debug|Any CPU.ActiveCfg = Debug|Xbox 360
		{A9F68C04-21C6-44C5-95D8-C1C35A018082}.Debug|Mixed Platforms.ActiveCfg = Debug|Xbox 360
		{A9F68C04-21C6-44C5-95D8-C1C35A018082}.Debug|Mixed Platforms.Build.0 = Debug|Xbox 360
		{A9F68C04-21C6-44C5-95D8-C1C35A018082}.Debug|Windows Phone.ActiveCfg = Debug|Xbox 360
		{A9F68C04-21C6-44C5-95D8-C1C35A018082}.Debug|x86.ActiveCfg = Debug|Xbox 360
		{A9F68C04-21C6-44C5-95D8-C1C35A018082}.Debug|Xbox 360.ActiveCfg = Debug|Xbox 360
		{A9F68C04-21C6-44C5-95D8-C1C35A018082}.Debug|Xbox 360.Build.0 = Debug|Xbox 360
		{A9F68C04-21C6-44C5-95D8-C1C35A018082}.Release|Any CPU.ActiveCfg = Release|Xbox 360
		{A9F68C04-21C6-44C5-95D8-C1C35A018082}.Release|Mixed Platforms.ActiveCfg = Release|Xbox 360
		{A9F68C04-21C6-44C5-95D8-C1C35A018082}.Release|Mixed Platforms.Build.0 = Release|Xbox 360
		{A9F68C04-21C6-44C5-95D8-C1C35A018082}.Release|Windows Phone.ActiveCfg = Release|Xbox 360
		{A9F68C04-21C6-44C5-95D8-C1C35A018082}.Release|x86.ActiveCfg = Release|Xbox 360
		{A9F68C04-21C6-44C5-95D8-C1C35A018082}.Release|Xbox 360.ActiveCfg = Release|Xbox 360
		{A9F68C04-21C6-44C5-95D8-C1C35A018082}.Release|Xbox 360.Build.0 = Release|Xbox 360
		{3A026840-758A-47E1-8C24-F6631F557C1D}.Debug|Any CPU.ActiveCfg = Debug|Xbox 360
		{3A026840-758A-47E1-8C24-F6631F557C1D}.Debug|Mixed Platforms.ActiveCfg = Debug|Xbox 360
		{3A026840-758A-47E1-8C24-F6631F557C1D}.Debug|Mixed Platforms.Build.0 = Debug|Xbox 360
		{3A026840-758A-47E1-8C24-F6631F557C1D}.Debug|Windows Phone.ActiveCfg = Debug|Xbox 360
		{3A026840-758A-47E1-8C24-F6631F557C1D}.Debug|x86.ActiveCfg = Debug|Xbox 360
		{3A026840-758A-47E1-8C24-F6631F557C1D}.Debug|Xbox 360.ActiveCfg = Debug|Xbox 360
		{3A026840-758A-47E1-8C24-F6631F557C1D}.Debug|Xbox 360.Build.0 = Debug|Xbox 360
		{3A026840-758A-47E1-8C24-F6631F557C1D}.Release|Any CPU.ActiveCfg = Release|Xbox 360
		{3A026840-758A-47E1-8C24-F6631F557C1D}.Release|Mixed Platforms.ActiveCfg = Release|Xbox 360
		{3A026840-758A-47E1-8C24-F6631F557C1D}.Release|Mixed Platforms.Build.0 = Release|Xbox 360
		{3A026840-758A-47E1-8C24-F6631F557C1D}.Release|Mixed Platforms.Deploy.0 = Release|Xbox 360
		{3A026840-758A-47E1-8C24-F6631F557C1D}.Release|Windows Phone.ActiveCfg = Release|Xbox 360
		{3A026840-758A-47E1-8C24-F6631F557C1D}.Release|x86.ActiveCfg = Release|Xbox 360
		{3A026840-758A-47E1-8C24-F6631F557C1D}.Release|Xbox 360.ActiveCfg = Release|Xbox 360
		{3A026840-758A-47E1-8C24-F6631F557C1D}.Release|Xbox 360.Build.0 = Release|Xbox 360
		{3A026840-758A-47E1-8C24-F6631F557C1D}.Release|Xbox 360.Deploy.0 = Release|Xbox 360
		{F658A60D-5941-4CBE-8EC1-8AE20E93F60E}.Debug|Any CPU.ActiveCfg = Debug|Windows Phone
		{F658A60D-5941-4CBE-8EC1-8AE20E93F60E}.Debug|Mixed Platforms.ActiveCfg = Debug|Windows Phone
		{F658A60D-5941-4CBE-8EC1-8AE20E93F60E}.Debug|Mixed Platforms.Build.0 = Debug|Windows Phone
		{F658A60D-5941-4CBE-8EC1-8AE20E93F60E}.Debug|Windows Phone.ActiveCfg = Debug|Windows Phone
		{F658A60D-5941-4CBE-8EC1-8AE20E93F60E}.Debug|Windows Phone.Build.0 = Debug|Windows Phone
		{F658A60D-5941-4CBE-8EC1-8AE20E93F60E}.Debug|x86.ActiveCfg = Debug|Windows Phone
		{F658A60D-5941-4CBE-8EC1-8AE20E93F60E}.Debug|Xbox 360.ActiveCfg = Debug|Windows Phone
		{F658A60D-5941-4CBE-8EC1-8AE20E93F60E}.Release|Any CPU.ActiveCfg = Release|Windows Phone
		{F658A60D-5941-4CBE-8EC1-8AE20E93F60E}.Release|Mixed Platforms.ActiveCfg = Release|Windows Phone
		{F658A60D-5941-4CBE-8EC1-8AE20E93F60E}.Release|Mixed Platforms.Build.0 = Release|Windows Phone
		{F658A60D-5941-4CBE-8EC1-8AE20E93F60E}.Release|Windows Phone.ActiveCfg = Release|Windows Phone
		{F658A60D-5941-4CBE-8EC1-8AE20E93F60E}.Release|Windows Phone.Build.0 = Release|Windows Phone
		{F658A60D-5941-4CBE-8EC1-8AE20E93F60E}.Release|x86.ActiveCfg = Release|Windows Phone
		{F658A60D-5941-4CBE-8EC1-8AE20E93F60E}.Release|Xbox 360.ActiveCfg = Release|Windows Phone
		{C79C1992-FF0E-4A84-AB58-EFCE00586C4C}.Debug|Any CPU.ActiveCfg = Debug|Windows Phone
		{C79C1992-FF0E-4A84-AB58-EFCE00586C4C}.Debug|Mixed Platforms.ActiveCfg = Debug|Windows Phone
		{C79C1992-FF0E-4A84-AB58-EFCE00586C4C}.Debug|Mixed Platforms.Build.0 = Debug|Windows Phone
		{C79C1992-FF0E-4A84-AB58-EFCE00586C4C}.Debug|Windows Phone.ActiveCfg = Debug|Windows Phone
		{C79C1992-FF0E-4A84-AB58-EFCE00586C4C}.Debug|Windows Phone.Build.0 = Debug|Windows Phone
		{C79C1992-FF0E-4A84-AB58-EFCE00586C4C}.Debug|x86.ActiveCfg = Debug|Windows Phone
		{C79C1992-FF0E-4A84-AB58-EFCE00586C4C}.Debug|Xbox 360.ActiveCfg = Debug|Windows Phone
		{C79C1992-FF0E-4A84-AB58-EFCE00586C4C}.Release|Any CPU.ActiveCfg = Release|Windows Phone
		{C79C1992-FF0E-4A84-AB58-EFCE00586C4C}.Release|Mixed Platforms.ActiveCfg = Release|Windows Phone
		{C79C1992-FF0E-4A84-AB58-EFCE00586C4C}.Release|Mixed Platforms.Build.0 = Release|Windows Phone
		{C79C1992-FF0E-4A84-AB58-EFCE00586C4C}.Release|Windows Phone.ActiveCfg = Release|Windows Phone
		{C79C1992-FF0E-4A84-AB58-EFCE00586C4C}.Release|Windows Phone.Build.0 = Release|Windows Phone
		{C79C1992-FF0E-4A84-AB58-EFCE00586C4C}.Release|x86.ActiveCfg = Release|Windows Phone
		{C79C1992-FF0E-4A84-AB58-EFCE00586C4C}.Release|Xbox 360.ActiveCfg = Release|Windows Phone
		{11024289-A5CE-459D-AD32-F907D6BE8622}.Debug|Any CPU.ActiveCfg = Debug|Windows Phone
		{11024289-A5CE-459D-AD32-F907D6BE8622}.Debug|Mixed Platforms.ActiveCfg = Debug|Windows Phone
		{11024289-A5CE-459D-AD32-F907D6BE8622}.Debug|Mixed Platforms.Build.0 = Debug|Windows Phone
		{11024289-A5CE-459D-AD32-F907D6BE8622}.Debug|Windows Phone.ActiveCfg = Debug|Windows Phone
		{11024289-A5CE-459D-AD32-F907D6BE8622}.Debug|Windows Phone.Build.0 = Debug|Windows Phone
		{11024289-A5CE-459D-AD32-F907D6BE8622}.Debug|Windows Phone.Deploy.0 = Debug|Windows Phone
		{11024289-A5CE-459D-AD32-F907D6BE8622}.Debug|x86.ActiveCfg = Debug|Windows Phone
		{11024289-A5CE-459D-AD32-F907D6BE8622}.Debug|Xbox 360.ActiveCfg = Debug|Windows Phone
		{11024289-A5CE-459D-AD32-F907D6BE8622}.Release|Any CPU.ActiveCfg = Release|Windows Phone
		{11024289-A5CE-459D-AD32-F907D6BE8622}.Release|Mixed Platforms.ActiveCfg = Release|Windows Phone
		{11024289-A5CE-459D-AD32-F907D6BE8622}.Release|Mixed Platforms.Build.0 = Release|Windows Phone
		{11024289-A5CE-459D-AD32-F907D6BE8622}.Release|Mixed Platforms.Deploy.0 = Release|Windows Phone
		{11024289-A5CE-459D-AD32-F907D6BE8622}.Release|Windows Phone.ActiveCfg = Release|Windows Phone
		{11024289-A5CE-459D-AD32-F907D6BE8622}.Release|Windows Phone.Build.0 = Release|Windows Phone
		{11024289-A5CE-459D-AD32-F907D6BE8622}.Release|Windows Phone.Deploy.0 = Release|Windows Phone
		{11024289-A5CE-459D-AD32-F907D6BE8622}.Release|x86.ActiveCfg = Release|Windows Phone
		{11024289-A5CE-459D-AD32-F907D6BE8622}.Release|Xbox 360.ActiveCfg = Release|Windows Phone
	EndGlobalSection
	GlobalSection(SolutionProperties) = preSolution
		HideSolutionNode = FALSE
	EndGlobalSection
EndGlobal
