
Microsoft Visual Studio Solution File, Format Version 11.00
# Visual Studio 2010
Project("{FAE04EC0-301F-11D3-BF4B-00C04F79EFBC}") = "HelloWorld XNA", "HelloWorld XNA\HelloWorld XNA.csproj", "{6AC89BBA-31DB-462D-ACD0-3E828594939E}"
EndProject
Project("{FAE04EC0-301F-11D3-BF4B-00C04F79EFBC}") = "Farseer Physics XNA", "..\SourceFiles\Farseer Physics XNA.csproj", "{0A850700-1ABB-4288-A391-6726B90EBEB9}"
EndProject
Global
	GlobalSection(TeamFoundationVersionControl) = preSolution
		SccNumberOfProjects = 3
		SccEnterpriseProvider = {4CA58AB2-18FA-4F8D-95D4-32DDF27D184C}
		SccTeamFoundationServer = https://tfs.codeplex.com/tfs/tfs01
		SccProjectUniqueName0 = HelloWorld\u0020XNA\\HelloWorld\u0020XNA.csproj
		SccProjectName0 = HelloWorld\u0020XNA
		SccLocalPath0 = HelloWorld\u0020XNA
		SccProjectUniqueName1 = ..\\SourceFiles\\Farseer\u0020Physics\u0020XNA.csproj
		SccProjectName1 = ../SourceFiles
		SccLocalPath1 = ..\\SourceFiles
		SccLocalPath2 = .
	EndGlobalSection
	GlobalSection(SolutionConfigurationPlatforms) = preSolution
		Debug|x86 = Debug|x86
		Release|x86 = Release|x86
	EndGlobalSection
	GlobalSection(ProjectConfigurationPlatforms) = postSolution
		{6AC89BBA-31DB-462D-ACD0-3E828594939E}.Debug|x86.ActiveCfg = Debug|x86
		{6AC89BBA-31DB-462D-ACD0-3E828594939E}.Debug|x86.Build.0 = Debug|x86
		{6AC89BBA-31DB-462D-ACD0-3E828594939E}.Release|x86.ActiveCfg = Release|x86
		{6AC89BBA-31DB-462D-ACD0-3E828594939E}.Release|x86.Build.0 = Release|x86
		{0A850700-1ABB-4288-A391-6726B90EBEB9}.Debug|x86.ActiveCfg = Debug|x86
		{0A850700-1ABB-4288-A391-6726B90EBEB9}.Debug|x86.Build.0 = Debug|x86
		{0A850700-1ABB-4288-A391-6726B90EBEB9}.Release|x86.ActiveCfg = Release|x86
		{0A850700-1ABB-4288-A391-6726B90EBEB9}.Release|x86.Build.0 = Release|x86
	EndGlobalSection
	GlobalSection(SolutionProperties) = preSolution
		HideSolutionNode = FALSE
	EndGlobalSection
EndGlobal
