
Microsoft Visual Studio Solution File, Format Version 12.00
# Visual Studio 2010
Project("{FAE04EC0-301F-11D3-BF4B-00C04F79EFBC}") = "Samples Silverlight", "Samples Silverlight\Samples Silverlight.csproj", "{77CA64E6-113F-4AB1-B8CF-B213343BD0DB}"
EndProject
Project("{FAE04EC0-301F-11D3-BF4B-00C04F79EFBC}") = "DebugView Silverlight", "..\DebugViews\DebugView Silverlight\DebugView Silverlight.csproj", "{98EF2E0C-FE42-4B61-8F9D-214437C05A5D}"
EndProject
Project("{FAE04EC0-301F-11D3-BF4B-00C04F79EFBC}") = "Farseer Physics Silverlight", "..\SourceFiles\Farseer Physics Silverlight.csproj", "{786DC838-D746-4107-93FF-19A902A78CFC}"
EndProject
Global
	GlobalSection(TeamFoundationVersionControl) = preSolution
		SccNumberOfProjects = 4
		SccEnterpriseProvider = {4CA58AB2-18FA-4F8D-95D4-32DDF27D184C}
		SccTeamFoundationServer = https://tfs.codeplex.com/tfs/tfs01
		SccLocalPath0 = .
		SccProjectUniqueName1 = Samples\u0020Silverlight\\Samples\u0020Silverlight.csproj
		SccProjectName1 = Samples\u0020Silverlight
		SccLocalPath1 = Samples\u0020Silverlight
		SccProjectUniqueName2 = ..\\DebugViews\\DebugView\u0020Silverlight\\DebugView\u0020Silverlight.csproj
		SccProjectName2 = ../DebugViews/DebugView\u0020Silverlight
		SccLocalPath2 = ..\\DebugViews\\DebugView\u0020Silverlight
		SccProjectUniqueName3 = ..\\SourceFiles\\Farseer\u0020Physics\u0020Silverlight.csproj
		SccProjectName3 = ../SourceFiles
		SccLocalPath3 = ..\\SourceFiles
	EndGlobalSection
	GlobalSection(SolutionConfigurationPlatforms) = preSolution
		Debug|Any CPU = Debug|Any CPU
		Release|Any CPU = Release|Any CPU
	EndGlobalSection
	GlobalSection(ProjectConfigurationPlatforms) = postSolution
		{77CA64E6-113F-4AB1-B8CF-B213343BD0DB}.Debug|Any CPU.ActiveCfg = Debug|Any CPU
		{77CA64E6-113F-4AB1-B8CF-B213343BD0DB}.Debug|Any CPU.Build.0 = Debug|Any CPU
		{77CA64E6-113F-4AB1-B8CF-B213343BD0DB}.Release|Any CPU.ActiveCfg = Release|Any CPU
		{77CA64E6-113F-4AB1-B8CF-B213343BD0DB}.Release|Any CPU.Build.0 = Release|Any CPU
		{98EF2E0C-FE42-4B61-8F9D-214437C05A5D}.Debug|Any CPU.ActiveCfg = Debug|Any CPU
		{98EF2E0C-FE42-4B61-8F9D-214437C05A5D}.Debug|Any CPU.Build.0 = Debug|Any CPU
		{98EF2E0C-FE42-4B61-8F9D-214437C05A5D}.Release|Any CPU.ActiveCfg = Release|Any CPU
		{98EF2E0C-FE42-4B61-8F9D-214437C05A5D}.Release|Any CPU.Build.0 = Release|Any CPU
		{786DC838-D746-4107-93FF-19A902A78CFC}.Debug|Any CPU.ActiveCfg = Debug|Any CPU
		{786DC838-D746-4107-93FF-19A902A78CFC}.Debug|Any CPU.Build.0 = Debug|Any CPU
		{786DC838-D746-4107-93FF-19A902A78CFC}.Release|Any CPU.ActiveCfg = Release|Any CPU
		{786DC838-D746-4107-93FF-19A902A78CFC}.Release|Any CPU.Build.0 = Release|Any CPU
	EndGlobalSection
	GlobalSection(SolutionProperties) = preSolution
		HideSolutionNode = FALSE
	EndGlobalSection
EndGlobal
